
Microsoft Visual Studio Solution File, Format Version 12.00
# Visual Studio Version 16
VisualStudioVersion = 16.0.30114.105
MinimumVisualStudioVersion = 10.0.40219.1
Project("{FAE04EC0-301F-11D3-BF4B-00C04F79EFBC}") = "Penguin.Cms.Modules.Configuration.Local", "Penguin.Cms.Modules.Configuration.Local.csproj", "{0256D25D-9A52-433B-AC61-CCB2B06A8F3D}"
EndProject
Project("{FAE04EC0-301F-11D3-BF4B-00C04F79EFBC}") = "Penguin.Cms.Configuration.Local", "..\Penguin.Cms.Configuration\Penguin.Cms.Configuration.Local.csproj", "{027F6DE7-5325-4399-8727-F92C61E95A9E}"
EndProject
Project("{FAE04EC0-301F-11D3-BF4B-00C04F79EFBC}") = "Penguin.DependencyInjection.Abstractions.Local", "..\Penguin.DependencyInjection.Abstractions\Penguin.DependencyInjection.Abstractions.Local.csproj", "{4E9BFB64-B982-4C3B-8027-8CC49589B3F7}"
EndProject
Project("{FAE04EC0-301F-11D3-BF4B-00C04F79EFBC}") = "Penguin.Messaging.Persistence.Local", "..\Penguin.Messaging.Persistence\Penguin.Messaging.Persistence.Local.csproj", "{83C02994-15F3-48C7-96DF-BFAD4B94E19F}"
EndProject
Project("{FAE04EC0-301F-11D3-BF4B-00C04F79EFBC}") = "Penguin.Messaging.Abstractions.Local", "..\Penguin.Messaging.Abstractions\Penguin.Messaging.Abstractions.Local.csproj", "{3C136D95-8568-4E74-B1C9-09195578F36F}"
EndProject
Project("{FAE04EC0-301F-11D3-BF4B-00C04F79EFBC}") = "Penguin.Configuration.Local", "..\Penguin.Configuration\Penguin.Configuration.Local.csproj", "{7B35E643-98B6-4584-934B-592601C26AED}"
EndProject
Project("{FAE04EC0-301F-11D3-BF4B-00C04F79EFBC}") = "Penguin.Configuration.Abstractions.Local", "..\Penguin.Configuration.Abstractions\Penguin.Configuration.Abstractions.Local.csproj", "{96F1E7FD-EAD8-4FDA-97DF-9CB969603DF4}"
EndProject
Project("{FAE04EC0-301F-11D3-BF4B-00C04F79EFBC}") = "Penguin.Extensions.String.Local", "..\Penguin.Extensions.String\Penguin.Extensions.String.Local.csproj", "{0DFB2235-15C5-4F22-B641-D0ADFE12874F}"
EndProject
Project("{FAE04EC0-301F-11D3-BF4B-00C04F79EFBC}") = "Penguin.Cms.Entities.Local", "..\Penguin.Cms.Entities\Penguin.Cms.Entities.Local.csproj", "{B6B76CD3-49D8-410A-9E8C-16B77DF68E8C}"
EndProject
Project("{FAE04EC0-301F-11D3-BF4B-00C04F79EFBC}") = "Penguin.Persistence.Abstractions.Local", "..\Penguin.Persistence.Abstractions\Penguin.Persistence.Abstractions.Local.csproj", "{218E568A-7DA5-4705-AEBB-9B2B02867D5D}"
EndProject
Project("{FAE04EC0-301F-11D3-BF4B-00C04F79EFBC}") = "Penguin.Entities.Abstractions.Local", "..\Penguin.Entities.Abstractions\Penguin.Entities.Abstractions.Local.csproj", "{229CEDB4-0109-43CE-8AF5-66121414CA59}"
EndProject
Project("{FAE04EC0-301F-11D3-BF4B-00C04F79EFBC}") = "Penguin.Reflection.Extensions.Local", "..\Penguin.Reflection.Extensions\Penguin.Reflection.Extensions.Local.csproj", "{63C5A7A9-9EFC-406A-A3C8-DD13AEF818D3}"
EndProject
Project("{FAE04EC0-301F-11D3-BF4B-00C04F79EFBC}") = "Penguin.Reflection.Abstractions.Local", "..\Penguin.Reflection.Abstractions\Penguin.Reflection.Abstractions.Local.csproj", "{86B3882E-2160-48A7-A424-5E0BFBED51A8}"
EndProject
Project("{FAE04EC0-301F-11D3-BF4B-00C04F79EFBC}") = "Penguin.Cms.Modules.Dynamic.Local", "..\Penguin.Cms.Modules.Dynamic\Penguin.Cms.Modules.Dynamic.Local.csproj", "{7321F8A2-0C14-4B40-8099-130D5C271E87}"
EndProject
Project("{FAE04EC0-301F-11D3-BF4B-00C04F79EFBC}") = "Penguin.Shared.Objects.Local", "..\Penguin.Shared.Objects\Penguin.Shared.Objects.Local.csproj", "{3C3D1A2A-3D6C-4245-AFDC-92B4A446940A}"
EndProject
Project("{FAE04EC0-301F-11D3-BF4B-00C04F79EFBC}") = "Penguin.Cms.Errors.Local", "..\Penguin.Cms.Errors\Penguin.Cms.Errors.Local.csproj", "{B1DE6704-9172-4249-B41B-7FD0A0FBC110}"
EndProject
Project("{FAE04EC0-301F-11D3-BF4B-00C04F79EFBC}") = "Penguin.Auditing.Abstractions.Local", "..\Penguin.Auditing.Abstractions\Penguin.Auditing.Abstractions.Local.csproj", "{D1C7F5B0-8E1D-41F0-8A9B-DAC8F2097CD8}"
EndProject
Project("{FAE04EC0-301F-11D3-BF4B-00C04F79EFBC}") = "Penguin.Extensions.Exceptions.Local", "..\Penguin.Extensions.Exceptions\Penguin.Extensions.Exceptions.Local.csproj", "{3973172E-7EA8-4694-9B2D-C235B811E253}"
EndProject
Project("{FAE04EC0-301F-11D3-BF4B-00C04F79EFBC}") = "Penguin.Cms.Repositories.Local", "..\Penguin.Cms.Repositories\Penguin.Cms.Repositories.Local.csproj", "{8D0DD119-E57D-4414-A83B-2B2EB941415C}"
EndProject
Project("{FAE04EC0-301F-11D3-BF4B-00C04F79EFBC}") = "Penguin.Persistence.Repositories.Local", "..\Penguin.Persistence.Repositories\Penguin.Persistence.Repositories.Local.csproj", "{7B59EF76-B368-4812-AA14-E68E9F06F36D}"
EndProject
Project("{FAE04EC0-301F-11D3-BF4B-00C04F79EFBC}") = "Penguin.Messaging.Core.Local", "..\Penguin.Messaging.Core\Penguin.Messaging.Core.Local.csproj", "{286B041E-4EF2-411E-BA4A-B7E774FD57C5}"
EndProject
Project("{FAE04EC0-301F-11D3-BF4B-00C04F79EFBC}") = "Penguin.Debugging.Local", "..\Penguin.Debugging\Penguin.Debugging.Local.csproj", "{74A55AEC-3589-451E-9A3C-BA4CD0FBB5BC}"
EndProject
Project("{FAE04EC0-301F-11D3-BF4B-00C04F79EFBC}") = "Penguin.Reflection.Local", "..\Penguin.Reflection\Penguin.Reflection.Local.csproj", "{EEDB7BE0-F931-49BA-8C08-6BBFC014EA23}"
EndProject
Project("{FAE04EC0-301F-11D3-BF4B-00C04F79EFBC}") = "Penguin.Web.Dynamic.Local", "..\Penguin.Web.Dynamic\Penguin.Web.Dynamic.Local.csproj", "{6B186B76-8C4F-4096-A516-3EE0B690AB6B}"
EndProject
Project("{FAE04EC0-301F-11D3-BF4B-00C04F79EFBC}") = "Penguin.Extensions.Collections.Local", "..\Penguin.Extensions.Collections\Penguin.Extensions.Collections.Local.csproj", "{FE1CC2DD-1C60-428B-AB92-D1FE45777F22}"
EndProject
Project("{FAE04EC0-301F-11D3-BF4B-00C04F79EFBC}") = "Penguin.Reflection.Serialization.Local", "..\Penguin.Reflection.Serialization\Penguin.Reflection.Serialization.Local.csproj", "{91C13E07-FCEC-45FC-909F-6A966D82AD44}"
EndProject
Project("{FAE04EC0-301F-11D3-BF4B-00C04F79EFBC}") = "Penguin.Reflection.Serialization.Abstractions.Local", "..\Penguin.Reflection.Serialization.Abstractions\Penguin.Reflection.Serialization.Abstractions.Local.csproj", "{B907A81A-EB80-4A95-ACAA-B510C057AF0E}"
EndProject
Project("{FAE04EC0-301F-11D3-BF4B-00C04F79EFBC}") = "Penguin.Cms.Modules.Admin.Local", "..\Penguin.Cms.Modules.Admin\Penguin.Cms.Modules.Admin.Local.csproj", "{2F76E107-1AE3-44BA-AB09-DAFDD6D48F77}"
EndProject
Project("{FAE04EC0-301F-11D3-BF4B-00C04F79EFBC}") = "Penguin.Web.Security.Local", "..\Penguin.Web.Security\Penguin.Web.Security.Local.csproj", "{DD56E0FD-81B4-4EB9-AC6F-0A26B0526306}"
EndProject
Project("{FAE04EC0-301F-11D3-BF4B-00C04F79EFBC}") = "Penguin.Security.Abstractions.Local", "..\Penguin.Security.Abstractions\Penguin.Security.Abstractions.Local.csproj", "{1161D4D7-D662-4EE9-8CA0-84736E2F20F0}"
EndProject
Project("{FAE04EC0-301F-11D3-BF4B-00C04F79EFBC}") = "Penguin.Cms.Modules.Core.Local", "..\Penguin.Cms.Modules.Core\Penguin.Cms.Modules.Core.Local.csproj", "{D77774A4-0705-4FF7-8E84-B6584BEA7962}"
EndProject
Project("{FAE04EC0-301F-11D3-BF4B-00C04F79EFBC}") = "Penguin.Navigation.Abstractions.Local", "..\Penguin.Navigation.Abstractions\Penguin.Navigation.Abstractions.Local.csproj", "{AB4DED11-166E-4070-8AC2-BEF529E0534E}"
EndProject
Project("{FAE04EC0-301F-11D3-BF4B-00C04F79EFBC}") = "Penguin.Cms.Core.Local", "..\Penguin.Cms.Core\Penguin.Cms.Core.Local.csproj", "{6145E5CB-FA42-4860-A8D7-17869FF08728}"
EndProject
Project("{FAE04EC0-301F-11D3-BF4B-00C04F79EFBC}") = "Penguin.Cms.Abstractions.Local", "..\Penguin.Cms.Abstractions\Penguin.Cms.Abstractions.Local.csproj", "{9AC4E72F-3483-413E-894E-A3E04A28627D}"
EndProject
Project("{FAE04EC0-301F-11D3-BF4B-00C04F79EFBC}") = "Penguin.Cms.Web.Local", "..\Penguin.Cms.Web\Penguin.Cms.Web.Local.csproj", "{9CA42DD2-67C2-4D0C-BF4F-677FFA428B35}"
EndProject
Project("{FAE04EC0-301F-11D3-BF4B-00C04F79EFBC}") = "Penguin.Web.Mvc.Local", "..\Penguin.Web.Mvc\Penguin.Web.Mvc.Local.csproj", "{FCB3A5AF-A708-4A9C-87F2-A129378EE372}"
EndProject
Project("{FAE04EC0-301F-11D3-BF4B-00C04F79EFBC}") = "Penguin.Web.Mvc.Abstractions.Local", "..\Penguin.Web.Mvc.Abstractions\Penguin.Web.Mvc.Abstractions.Local.csproj", "{496EAB18-1165-4B15-B6EB-3283C5209FAF}"
EndProject
Project("{FAE04EC0-301F-11D3-BF4B-00C04F79EFBC}") = "Penguin.Templating.Abstractions.Local", "..\Penguin.Templating.Abstractions\Penguin.Templating.Abstractions.Local.csproj", "{8EC156FF-2538-4382-87BC-C73710127825}"
EndProject
Project("{FAE04EC0-301F-11D3-BF4B-00C04F79EFBC}") = "Penguin.Web.Abstractions.Local", "..\Penguin.Web.Abstractions\Penguin.Web.Abstractions.Local.csproj", "{4958797B-5850-44E1-A314-273581CD88C1}"
EndProject
Project("{FAE04EC0-301F-11D3-BF4B-00C04F79EFBC}") = "Penguin.Messaging.Application.Local", "..\Penguin.Messaging.Application\Penguin.Messaging.Application.Local.csproj", "{8E190596-EE3F-40A8-9A7B-363B4CAC8B27}"
EndProject
Project("{FAE04EC0-301F-11D3-BF4B-00C04F79EFBC}") = "Penguin.Testing.Local", "..\Penguin.Testing\Penguin.Testing.Local.csproj", "{368CE0FC-D3CA-4BD3-8F03-6269354F26A0}"
EndProject
Project("{FAE04EC0-301F-11D3-BF4B-00C04F79EFBC}") = "Penguin.Web.Errors.Local", "..\Penguin.Web.Errors\Penguin.Web.Errors.Local.csproj", "{D71CBE26-8BCF-43B5-BCEA-941D8428E7FD}"
EndProject
Project("{FAE04EC0-301F-11D3-BF4B-00C04F79EFBC}") = "Penguin.Files.Local", "..\Penguin.Files\Penguin.Files.Local.csproj", "{EEF93552-5BF3-436D-A4C1-9D54EC5E24D2}"
EndProject
Project("{FAE04EC0-301F-11D3-BF4B-00C04F79EFBC}") = "Penguin.Files.Abstractions.Local", "..\Penguin.Files.Abstractions\Penguin.Files.Abstractions.Local.csproj", "{ACC4E983-5A2F-4F45-A185-CD65E51B22E2}"
EndProject
Project("{FAE04EC0-301F-11D3-BF4B-00C04F79EFBC}") = "Penguin.Web.DependencyInjection.Local", "..\Penguin.Web.DependencyInjection\Penguin.Web.DependencyInjection.Local.csproj", "{31738A77-1251-4AA6-BDAC-F48F259C23FB}"
EndProject
Project("{FAE04EC0-301F-11D3-BF4B-00C04F79EFBC}") = "Penguin.Web.Testing.Local", "..\Penguin.Web.Testing\Penguin.Web.Testing.Local.csproj", "{C242B32B-1903-433D-A977-8972C9DEC639}"
EndProject
Project("{FAE04EC0-301F-11D3-BF4B-00C04F79EFBC}") = "Penguin.DependencyInjection.Local", "..\Penguin.DependencyInjection\Penguin.DependencyInjection.Local.csproj", "{EC6A41D5-27E6-44D5-B38E-8CE1060C2A86}"
EndProject
Project("{FAE04EC0-301F-11D3-BF4B-00C04F79EFBC}") = "Penguin.Reflection.Serialization.Extensions.Local", "..\Penguin.Reflection.Serialization.Extensions\Penguin.Reflection.Serialization.Extensions.Local.csproj", "{3736D986-60FA-473A-A89C-6750435A735D}"
EndProject
Project("{FAE04EC0-301F-11D3-BF4B-00C04F79EFBC}") = "Penguin.Persistence.Database.Local", "..\Penguin.Persistence.Database\Penguin.Persistence.Database.Local.csproj", "{7C5C653B-3352-41D6-BDB1-1A6565A672E3}"
EndProject
Project("{FAE04EC0-301F-11D3-BF4B-00C04F79EFBC}") = "Penguin.Threading.BackgroundWorker.Local", "..\Penguin.Threading.BackgroundWorker\Penguin.Threading.BackgroundWorker.Local.csproj", "{25E771FC-25A1-4600-B55A-873F335C9222}"
EndProject
Project("{FAE04EC0-301F-11D3-BF4B-00C04F79EFBC}") = "Penguin.Json.Local", "..\Penguin.Json\Penguin.Json.Local.csproj", "{C5350F9A-55AC-4D31-8C49-1C88C3028AF7}"
EndProject
Project("{FAE04EC0-301F-11D3-BF4B-00C04F79EFBC}") = "Penguin.SystemExtensions.Abstractions.Local", "..\Penguin.SystemExtensions.Abstractions\Penguin.SystemExtensions.Abstractions.Local.csproj", "{EA5FE340-8830-4698-883A-BC32ECFF80E9}"
EndProject
Project("{FAE04EC0-301F-11D3-BF4B-00C04F79EFBC}") = "Penguin.Json.Abstractions.Local", "..\Penguin.Json.Abstractions\Penguin.Json.Abstractions.Local.csproj", "{082B049E-66D8-4858-BE41-DD0CC9A83537}"
EndProject
Global
	GlobalSection(SolutionConfigurationPlatforms) = preSolution
		Debug|Any CPU = Debug|Any CPU
		Debug|x64 = Debug|x64
		Debug|x86 = Debug|x86
		Release|Any CPU = Release|Any CPU
		Release|x64 = Release|x64
		Release|x86 = Release|x86
	EndGlobalSection
	GlobalSection(SolutionProperties) = preSolution
		HideSolutionNode = FALSE
	EndGlobalSection
	GlobalSection(ProjectConfigurationPlatforms) = postSolution
		{0256D25D-9A52-433B-AC61-CCB2B06A8F3D}.Debug|Any CPU.ActiveCfg = Debug|Any CPU
		{0256D25D-9A52-433B-AC61-CCB2B06A8F3D}.Debug|Any CPU.Build.0 = Debug|Any CPU
		{0256D25D-9A52-433B-AC61-CCB2B06A8F3D}.Debug|x64.ActiveCfg = Debug|Any CPU
		{0256D25D-9A52-433B-AC61-CCB2B06A8F3D}.Debug|x64.Build.0 = Debug|Any CPU
		{0256D25D-9A52-433B-AC61-CCB2B06A8F3D}.Debug|x86.ActiveCfg = Debug|Any CPU
		{0256D25D-9A52-433B-AC61-CCB2B06A8F3D}.Debug|x86.Build.0 = Debug|Any CPU
		{0256D25D-9A52-433B-AC61-CCB2B06A8F3D}.Release|Any CPU.ActiveCfg = Release|Any CPU
		{0256D25D-9A52-433B-AC61-CCB2B06A8F3D}.Release|Any CPU.Build.0 = Release|Any CPU
		{0256D25D-9A52-433B-AC61-CCB2B06A8F3D}.Release|x64.ActiveCfg = Release|Any CPU
		{0256D25D-9A52-433B-AC61-CCB2B06A8F3D}.Release|x64.Build.0 = Release|Any CPU
		{0256D25D-9A52-433B-AC61-CCB2B06A8F3D}.Release|x86.ActiveCfg = Release|Any CPU
		{0256D25D-9A52-433B-AC61-CCB2B06A8F3D}.Release|x86.Build.0 = Release|Any CPU
		{027F6DE7-5325-4399-8727-F92C61E95A9E}.Debug|Any CPU.ActiveCfg = Debug|Any CPU
		{027F6DE7-5325-4399-8727-F92C61E95A9E}.Debug|Any CPU.Build.0 = Debug|Any CPU
		{027F6DE7-5325-4399-8727-F92C61E95A9E}.Debug|x64.ActiveCfg = Debug|Any CPU
		{027F6DE7-5325-4399-8727-F92C61E95A9E}.Debug|x64.Build.0 = Debug|Any CPU
		{027F6DE7-5325-4399-8727-F92C61E95A9E}.Debug|x86.ActiveCfg = Debug|Any CPU
		{027F6DE7-5325-4399-8727-F92C61E95A9E}.Debug|x86.Build.0 = Debug|Any CPU
		{027F6DE7-5325-4399-8727-F92C61E95A9E}.Release|Any CPU.ActiveCfg = Release|Any CPU
		{027F6DE7-5325-4399-8727-F92C61E95A9E}.Release|Any CPU.Build.0 = Release|Any CPU
		{027F6DE7-5325-4399-8727-F92C61E95A9E}.Release|x64.ActiveCfg = Release|Any CPU
		{027F6DE7-5325-4399-8727-F92C61E95A9E}.Release|x64.Build.0 = Release|Any CPU
		{027F6DE7-5325-4399-8727-F92C61E95A9E}.Release|x86.ActiveCfg = Release|Any CPU
		{027F6DE7-5325-4399-8727-F92C61E95A9E}.Release|x86.Build.0 = Release|Any CPU
		{4E9BFB64-B982-4C3B-8027-8CC49589B3F7}.Debug|Any CPU.ActiveCfg = Debug|Any CPU
		{4E9BFB64-B982-4C3B-8027-8CC49589B3F7}.Debug|Any CPU.Build.0 = Debug|Any CPU
		{4E9BFB64-B982-4C3B-8027-8CC49589B3F7}.Debug|x64.ActiveCfg = Debug|Any CPU
		{4E9BFB64-B982-4C3B-8027-8CC49589B3F7}.Debug|x64.Build.0 = Debug|Any CPU
		{4E9BFB64-B982-4C3B-8027-8CC49589B3F7}.Debug|x86.ActiveCfg = Debug|Any CPU
		{4E9BFB64-B982-4C3B-8027-8CC49589B3F7}.Debug|x86.Build.0 = Debug|Any CPU
		{4E9BFB64-B982-4C3B-8027-8CC49589B3F7}.Release|Any CPU.ActiveCfg = Release|Any CPU
		{4E9BFB64-B982-4C3B-8027-8CC49589B3F7}.Release|Any CPU.Build.0 = Release|Any CPU
		{4E9BFB64-B982-4C3B-8027-8CC49589B3F7}.Release|x64.ActiveCfg = Release|Any CPU
		{4E9BFB64-B982-4C3B-8027-8CC49589B3F7}.Release|x64.Build.0 = Release|Any CPU
		{4E9BFB64-B982-4C3B-8027-8CC49589B3F7}.Release|x86.ActiveCfg = Release|Any CPU
		{4E9BFB64-B982-4C3B-8027-8CC49589B3F7}.Release|x86.Build.0 = Release|Any CPU
		{83C02994-15F3-48C7-96DF-BFAD4B94E19F}.Debug|Any CPU.ActiveCfg = Debug|Any CPU
		{83C02994-15F3-48C7-96DF-BFAD4B94E19F}.Debug|Any CPU.Build.0 = Debug|Any CPU
		{83C02994-15F3-48C7-96DF-BFAD4B94E19F}.Debug|x64.ActiveCfg = Debug|Any CPU
		{83C02994-15F3-48C7-96DF-BFAD4B94E19F}.Debug|x64.Build.0 = Debug|Any CPU
		{83C02994-15F3-48C7-96DF-BFAD4B94E19F}.Debug|x86.ActiveCfg = Debug|Any CPU
		{83C02994-15F3-48C7-96DF-BFAD4B94E19F}.Debug|x86.Build.0 = Debug|Any CPU
		{83C02994-15F3-48C7-96DF-BFAD4B94E19F}.Release|Any CPU.ActiveCfg = Release|Any CPU
		{83C02994-15F3-48C7-96DF-BFAD4B94E19F}.Release|Any CPU.Build.0 = Release|Any CPU
		{83C02994-15F3-48C7-96DF-BFAD4B94E19F}.Release|x64.ActiveCfg = Release|Any CPU
		{83C02994-15F3-48C7-96DF-BFAD4B94E19F}.Release|x64.Build.0 = Release|Any CPU
		{83C02994-15F3-48C7-96DF-BFAD4B94E19F}.Release|x86.ActiveCfg = Release|Any CPU
		{83C02994-15F3-48C7-96DF-BFAD4B94E19F}.Release|x86.Build.0 = Release|Any CPU
		{3C136D95-8568-4E74-B1C9-09195578F36F}.Debug|Any CPU.ActiveCfg = Debug|Any CPU
		{3C136D95-8568-4E74-B1C9-09195578F36F}.Debug|Any CPU.Build.0 = Debug|Any CPU
		{3C136D95-8568-4E74-B1C9-09195578F36F}.Debug|x64.ActiveCfg = Debug|Any CPU
		{3C136D95-8568-4E74-B1C9-09195578F36F}.Debug|x64.Build.0 = Debug|Any CPU
		{3C136D95-8568-4E74-B1C9-09195578F36F}.Debug|x86.ActiveCfg = Debug|Any CPU
		{3C136D95-8568-4E74-B1C9-09195578F36F}.Debug|x86.Build.0 = Debug|Any CPU
		{3C136D95-8568-4E74-B1C9-09195578F36F}.Release|Any CPU.ActiveCfg = Release|Any CPU
		{3C136D95-8568-4E74-B1C9-09195578F36F}.Release|Any CPU.Build.0 = Release|Any CPU
		{3C136D95-8568-4E74-B1C9-09195578F36F}.Release|x64.ActiveCfg = Release|Any CPU
		{3C136D95-8568-4E74-B1C9-09195578F36F}.Release|x64.Build.0 = Release|Any CPU
		{3C136D95-8568-4E74-B1C9-09195578F36F}.Release|x86.ActiveCfg = Release|Any CPU
		{3C136D95-8568-4E74-B1C9-09195578F36F}.Release|x86.Build.0 = Release|Any CPU
		{7B35E643-98B6-4584-934B-592601C26AED}.Debug|Any CPU.ActiveCfg = Debug|Any CPU
		{7B35E643-98B6-4584-934B-592601C26AED}.Debug|Any CPU.Build.0 = Debug|Any CPU
		{7B35E643-98B6-4584-934B-592601C26AED}.Debug|x64.ActiveCfg = Debug|Any CPU
		{7B35E643-98B6-4584-934B-592601C26AED}.Debug|x64.Build.0 = Debug|Any CPU
		{7B35E643-98B6-4584-934B-592601C26AED}.Debug|x86.ActiveCfg = Debug|Any CPU
		{7B35E643-98B6-4584-934B-592601C26AED}.Debug|x86.Build.0 = Debug|Any CPU
		{7B35E643-98B6-4584-934B-592601C26AED}.Release|Any CPU.ActiveCfg = Release|Any CPU
		{7B35E643-98B6-4584-934B-592601C26AED}.Release|Any CPU.Build.0 = Release|Any CPU
		{7B35E643-98B6-4584-934B-592601C26AED}.Release|x64.ActiveCfg = Release|Any CPU
		{7B35E643-98B6-4584-934B-592601C26AED}.Release|x64.Build.0 = Release|Any CPU
		{7B35E643-98B6-4584-934B-592601C26AED}.Release|x86.ActiveCfg = Release|Any CPU
		{7B35E643-98B6-4584-934B-592601C26AED}.Release|x86.Build.0 = Release|Any CPU
		{96F1E7FD-EAD8-4FDA-97DF-9CB969603DF4}.Debug|Any CPU.ActiveCfg = Debug|Any CPU
		{96F1E7FD-EAD8-4FDA-97DF-9CB969603DF4}.Debug|Any CPU.Build.0 = Debug|Any CPU
		{96F1E7FD-EAD8-4FDA-97DF-9CB969603DF4}.Debug|x64.ActiveCfg = Debug|Any CPU
		{96F1E7FD-EAD8-4FDA-97DF-9CB969603DF4}.Debug|x64.Build.0 = Debug|Any CPU
		{96F1E7FD-EAD8-4FDA-97DF-9CB969603DF4}.Debug|x86.ActiveCfg = Debug|Any CPU
		{96F1E7FD-EAD8-4FDA-97DF-9CB969603DF4}.Debug|x86.Build.0 = Debug|Any CPU
		{96F1E7FD-EAD8-4FDA-97DF-9CB969603DF4}.Release|Any CPU.ActiveCfg = Release|Any CPU
		{96F1E7FD-EAD8-4FDA-97DF-9CB969603DF4}.Release|Any CPU.Build.0 = Release|Any CPU
		{96F1E7FD-EAD8-4FDA-97DF-9CB969603DF4}.Release|x64.ActiveCfg = Release|Any CPU
		{96F1E7FD-EAD8-4FDA-97DF-9CB969603DF4}.Release|x64.Build.0 = Release|Any CPU
		{96F1E7FD-EAD8-4FDA-97DF-9CB969603DF4}.Release|x86.ActiveCfg = Release|Any CPU
		{96F1E7FD-EAD8-4FDA-97DF-9CB969603DF4}.Release|x86.Build.0 = Release|Any CPU
		{0DFB2235-15C5-4F22-B641-D0ADFE12874F}.Debug|Any CPU.ActiveCfg = Debug|Any CPU
		{0DFB2235-15C5-4F22-B641-D0ADFE12874F}.Debug|Any CPU.Build.0 = Debug|Any CPU
		{0DFB2235-15C5-4F22-B641-D0ADFE12874F}.Debug|x64.ActiveCfg = Debug|Any CPU
		{0DFB2235-15C5-4F22-B641-D0ADFE12874F}.Debug|x64.Build.0 = Debug|Any CPU
		{0DFB2235-15C5-4F22-B641-D0ADFE12874F}.Debug|x86.ActiveCfg = Debug|Any CPU
		{0DFB2235-15C5-4F22-B641-D0ADFE12874F}.Debug|x86.Build.0 = Debug|Any CPU
		{0DFB2235-15C5-4F22-B641-D0ADFE12874F}.Release|Any CPU.ActiveCfg = Release|Any CPU
		{0DFB2235-15C5-4F22-B641-D0ADFE12874F}.Release|Any CPU.Build.0 = Release|Any CPU
		{0DFB2235-15C5-4F22-B641-D0ADFE12874F}.Release|x64.ActiveCfg = Release|Any CPU
		{0DFB2235-15C5-4F22-B641-D0ADFE12874F}.Release|x64.Build.0 = Release|Any CPU
		{0DFB2235-15C5-4F22-B641-D0ADFE12874F}.Release|x86.ActiveCfg = Release|Any CPU
		{0DFB2235-15C5-4F22-B641-D0ADFE12874F}.Release|x86.Build.0 = Release|Any CPU
		{B6B76CD3-49D8-410A-9E8C-16B77DF68E8C}.Debug|Any CPU.ActiveCfg = Debug|Any CPU
		{B6B76CD3-49D8-410A-9E8C-16B77DF68E8C}.Debug|Any CPU.Build.0 = Debug|Any CPU
		{B6B76CD3-49D8-410A-9E8C-16B77DF68E8C}.Debug|x64.ActiveCfg = Debug|Any CPU
		{B6B76CD3-49D8-410A-9E8C-16B77DF68E8C}.Debug|x64.Build.0 = Debug|Any CPU
		{B6B76CD3-49D8-410A-9E8C-16B77DF68E8C}.Debug|x86.ActiveCfg = Debug|Any CPU
		{B6B76CD3-49D8-410A-9E8C-16B77DF68E8C}.Debug|x86.Build.0 = Debug|Any CPU
		{B6B76CD3-49D8-410A-9E8C-16B77DF68E8C}.Release|Any CPU.ActiveCfg = Release|Any CPU
		{B6B76CD3-49D8-410A-9E8C-16B77DF68E8C}.Release|Any CPU.Build.0 = Release|Any CPU
		{B6B76CD3-49D8-410A-9E8C-16B77DF68E8C}.Release|x64.ActiveCfg = Release|Any CPU
		{B6B76CD3-49D8-410A-9E8C-16B77DF68E8C}.Release|x64.Build.0 = Release|Any CPU
		{B6B76CD3-49D8-410A-9E8C-16B77DF68E8C}.Release|x86.ActiveCfg = Release|Any CPU
		{B6B76CD3-49D8-410A-9E8C-16B77DF68E8C}.Release|x86.Build.0 = Release|Any CPU
		{218E568A-7DA5-4705-AEBB-9B2B02867D5D}.Debug|Any CPU.ActiveCfg = Debug|Any CPU
		{218E568A-7DA5-4705-AEBB-9B2B02867D5D}.Debug|Any CPU.Build.0 = Debug|Any CPU
		{218E568A-7DA5-4705-AEBB-9B2B02867D5D}.Debug|x64.ActiveCfg = Debug|Any CPU
		{218E568A-7DA5-4705-AEBB-9B2B02867D5D}.Debug|x64.Build.0 = Debug|Any CPU
		{218E568A-7DA5-4705-AEBB-9B2B02867D5D}.Debug|x86.ActiveCfg = Debug|Any CPU
		{218E568A-7DA5-4705-AEBB-9B2B02867D5D}.Debug|x86.Build.0 = Debug|Any CPU
		{218E568A-7DA5-4705-AEBB-9B2B02867D5D}.Release|Any CPU.ActiveCfg = Release|Any CPU
		{218E568A-7DA5-4705-AEBB-9B2B02867D5D}.Release|Any CPU.Build.0 = Release|Any CPU
		{218E568A-7DA5-4705-AEBB-9B2B02867D5D}.Release|x64.ActiveCfg = Release|Any CPU
		{218E568A-7DA5-4705-AEBB-9B2B02867D5D}.Release|x64.Build.0 = Release|Any CPU
		{218E568A-7DA5-4705-AEBB-9B2B02867D5D}.Release|x86.ActiveCfg = Release|Any CPU
		{218E568A-7DA5-4705-AEBB-9B2B02867D5D}.Release|x86.Build.0 = Release|Any CPU
		{229CEDB4-0109-43CE-8AF5-66121414CA59}.Debug|Any CPU.ActiveCfg = Debug|Any CPU
		{229CEDB4-0109-43CE-8AF5-66121414CA59}.Debug|Any CPU.Build.0 = Debug|Any CPU
		{229CEDB4-0109-43CE-8AF5-66121414CA59}.Debug|x64.ActiveCfg = Debug|Any CPU
		{229CEDB4-0109-43CE-8AF5-66121414CA59}.Debug|x64.Build.0 = Debug|Any CPU
		{229CEDB4-0109-43CE-8AF5-66121414CA59}.Debug|x86.ActiveCfg = Debug|Any CPU
		{229CEDB4-0109-43CE-8AF5-66121414CA59}.Debug|x86.Build.0 = Debug|Any CPU
		{229CEDB4-0109-43CE-8AF5-66121414CA59}.Release|Any CPU.ActiveCfg = Release|Any CPU
		{229CEDB4-0109-43CE-8AF5-66121414CA59}.Release|Any CPU.Build.0 = Release|Any CPU
		{229CEDB4-0109-43CE-8AF5-66121414CA59}.Release|x64.ActiveCfg = Release|Any CPU
		{229CEDB4-0109-43CE-8AF5-66121414CA59}.Release|x64.Build.0 = Release|Any CPU
		{229CEDB4-0109-43CE-8AF5-66121414CA59}.Release|x86.ActiveCfg = Release|Any CPU
		{229CEDB4-0109-43CE-8AF5-66121414CA59}.Release|x86.Build.0 = Release|Any CPU
		{63C5A7A9-9EFC-406A-A3C8-DD13AEF818D3}.Debug|Any CPU.ActiveCfg = Debug|Any CPU
		{63C5A7A9-9EFC-406A-A3C8-DD13AEF818D3}.Debug|Any CPU.Build.0 = Debug|Any CPU
		{63C5A7A9-9EFC-406A-A3C8-DD13AEF818D3}.Debug|x64.ActiveCfg = Debug|Any CPU
		{63C5A7A9-9EFC-406A-A3C8-DD13AEF818D3}.Debug|x64.Build.0 = Debug|Any CPU
		{63C5A7A9-9EFC-406A-A3C8-DD13AEF818D3}.Debug|x86.ActiveCfg = Debug|Any CPU
		{63C5A7A9-9EFC-406A-A3C8-DD13AEF818D3}.Debug|x86.Build.0 = Debug|Any CPU
		{63C5A7A9-9EFC-406A-A3C8-DD13AEF818D3}.Release|Any CPU.ActiveCfg = Release|Any CPU
		{63C5A7A9-9EFC-406A-A3C8-DD13AEF818D3}.Release|Any CPU.Build.0 = Release|Any CPU
		{63C5A7A9-9EFC-406A-A3C8-DD13AEF818D3}.Release|x64.ActiveCfg = Release|Any CPU
		{63C5A7A9-9EFC-406A-A3C8-DD13AEF818D3}.Release|x64.Build.0 = Release|Any CPU
		{63C5A7A9-9EFC-406A-A3C8-DD13AEF818D3}.Release|x86.ActiveCfg = Release|Any CPU
		{63C5A7A9-9EFC-406A-A3C8-DD13AEF818D3}.Release|x86.Build.0 = Release|Any CPU
		{86B3882E-2160-48A7-A424-5E0BFBED51A8}.Debug|Any CPU.ActiveCfg = Debug|Any CPU
		{86B3882E-2160-48A7-A424-5E0BFBED51A8}.Debug|Any CPU.Build.0 = Debug|Any CPU
		{86B3882E-2160-48A7-A424-5E0BFBED51A8}.Debug|x64.ActiveCfg = Debug|Any CPU
		{86B3882E-2160-48A7-A424-5E0BFBED51A8}.Debug|x64.Build.0 = Debug|Any CPU
		{86B3882E-2160-48A7-A424-5E0BFBED51A8}.Debug|x86.ActiveCfg = Debug|Any CPU
		{86B3882E-2160-48A7-A424-5E0BFBED51A8}.Debug|x86.Build.0 = Debug|Any CPU
		{86B3882E-2160-48A7-A424-5E0BFBED51A8}.Release|Any CPU.ActiveCfg = Release|Any CPU
		{86B3882E-2160-48A7-A424-5E0BFBED51A8}.Release|Any CPU.Build.0 = Release|Any CPU
		{86B3882E-2160-48A7-A424-5E0BFBED51A8}.Release|x64.ActiveCfg = Release|Any CPU
		{86B3882E-2160-48A7-A424-5E0BFBED51A8}.Release|x64.Build.0 = Release|Any CPU
		{86B3882E-2160-48A7-A424-5E0BFBED51A8}.Release|x86.ActiveCfg = Release|Any CPU
		{86B3882E-2160-48A7-A424-5E0BFBED51A8}.Release|x86.Build.0 = Release|Any CPU
		{7321F8A2-0C14-4B40-8099-130D5C271E87}.Debug|Any CPU.ActiveCfg = Debug|Any CPU
		{7321F8A2-0C14-4B40-8099-130D5C271E87}.Debug|Any CPU.Build.0 = Debug|Any CPU
		{7321F8A2-0C14-4B40-8099-130D5C271E87}.Debug|x64.ActiveCfg = Debug|Any CPU
		{7321F8A2-0C14-4B40-8099-130D5C271E87}.Debug|x64.Build.0 = Debug|Any CPU
		{7321F8A2-0C14-4B40-8099-130D5C271E87}.Debug|x86.ActiveCfg = Debug|Any CPU
		{7321F8A2-0C14-4B40-8099-130D5C271E87}.Debug|x86.Build.0 = Debug|Any CPU
		{7321F8A2-0C14-4B40-8099-130D5C271E87}.Release|Any CPU.ActiveCfg = Release|Any CPU
		{7321F8A2-0C14-4B40-8099-130D5C271E87}.Release|Any CPU.Build.0 = Release|Any CPU
		{7321F8A2-0C14-4B40-8099-130D5C271E87}.Release|x64.ActiveCfg = Release|Any CPU
		{7321F8A2-0C14-4B40-8099-130D5C271E87}.Release|x64.Build.0 = Release|Any CPU
		{7321F8A2-0C14-4B40-8099-130D5C271E87}.Release|x86.ActiveCfg = Release|Any CPU
		{7321F8A2-0C14-4B40-8099-130D5C271E87}.Release|x86.Build.0 = Release|Any CPU
		{3C3D1A2A-3D6C-4245-AFDC-92B4A446940A}.Debug|Any CPU.ActiveCfg = Debug|Any CPU
		{3C3D1A2A-3D6C-4245-AFDC-92B4A446940A}.Debug|Any CPU.Build.0 = Debug|Any CPU
		{3C3D1A2A-3D6C-4245-AFDC-92B4A446940A}.Debug|x64.ActiveCfg = Debug|Any CPU
		{3C3D1A2A-3D6C-4245-AFDC-92B4A446940A}.Debug|x64.Build.0 = Debug|Any CPU
		{3C3D1A2A-3D6C-4245-AFDC-92B4A446940A}.Debug|x86.ActiveCfg = Debug|Any CPU
		{3C3D1A2A-3D6C-4245-AFDC-92B4A446940A}.Debug|x86.Build.0 = Debug|Any CPU
		{3C3D1A2A-3D6C-4245-AFDC-92B4A446940A}.Release|Any CPU.ActiveCfg = Release|Any CPU
		{3C3D1A2A-3D6C-4245-AFDC-92B4A446940A}.Release|Any CPU.Build.0 = Release|Any CPU
		{3C3D1A2A-3D6C-4245-AFDC-92B4A446940A}.Release|x64.ActiveCfg = Release|Any CPU
		{3C3D1A2A-3D6C-4245-AFDC-92B4A446940A}.Release|x64.Build.0 = Release|Any CPU
		{3C3D1A2A-3D6C-4245-AFDC-92B4A446940A}.Release|x86.ActiveCfg = Release|Any CPU
		{3C3D1A2A-3D6C-4245-AFDC-92B4A446940A}.Release|x86.Build.0 = Release|Any CPU
		{B1DE6704-9172-4249-B41B-7FD0A0FBC110}.Debug|Any CPU.ActiveCfg = Debug|Any CPU
		{B1DE6704-9172-4249-B41B-7FD0A0FBC110}.Debug|Any CPU.Build.0 = Debug|Any CPU
		{B1DE6704-9172-4249-B41B-7FD0A0FBC110}.Debug|x64.ActiveCfg = Debug|Any CPU
		{B1DE6704-9172-4249-B41B-7FD0A0FBC110}.Debug|x64.Build.0 = Debug|Any CPU
		{B1DE6704-9172-4249-B41B-7FD0A0FBC110}.Debug|x86.ActiveCfg = Debug|Any CPU
		{B1DE6704-9172-4249-B41B-7FD0A0FBC110}.Debug|x86.Build.0 = Debug|Any CPU
		{B1DE6704-9172-4249-B41B-7FD0A0FBC110}.Release|Any CPU.ActiveCfg = Release|Any CPU
		{B1DE6704-9172-4249-B41B-7FD0A0FBC110}.Release|Any CPU.Build.0 = Release|Any CPU
		{B1DE6704-9172-4249-B41B-7FD0A0FBC110}.Release|x64.ActiveCfg = Release|Any CPU
		{B1DE6704-9172-4249-B41B-7FD0A0FBC110}.Release|x64.Build.0 = Release|Any CPU
		{B1DE6704-9172-4249-B41B-7FD0A0FBC110}.Release|x86.ActiveCfg = Release|Any CPU
		{B1DE6704-9172-4249-B41B-7FD0A0FBC110}.Release|x86.Build.0 = Release|Any CPU
		{D1C7F5B0-8E1D-41F0-8A9B-DAC8F2097CD8}.Debug|Any CPU.ActiveCfg = Debug|Any CPU
		{D1C7F5B0-8E1D-41F0-8A9B-DAC8F2097CD8}.Debug|Any CPU.Build.0 = Debug|Any CPU
		{D1C7F5B0-8E1D-41F0-8A9B-DAC8F2097CD8}.Debug|x64.ActiveCfg = Debug|Any CPU
		{D1C7F5B0-8E1D-41F0-8A9B-DAC8F2097CD8}.Debug|x64.Build.0 = Debug|Any CPU
		{D1C7F5B0-8E1D-41F0-8A9B-DAC8F2097CD8}.Debug|x86.ActiveCfg = Debug|Any CPU
		{D1C7F5B0-8E1D-41F0-8A9B-DAC8F2097CD8}.Debug|x86.Build.0 = Debug|Any CPU
		{D1C7F5B0-8E1D-41F0-8A9B-DAC8F2097CD8}.Release|Any CPU.ActiveCfg = Release|Any CPU
		{D1C7F5B0-8E1D-41F0-8A9B-DAC8F2097CD8}.Release|Any CPU.Build.0 = Release|Any CPU
		{D1C7F5B0-8E1D-41F0-8A9B-DAC8F2097CD8}.Release|x64.ActiveCfg = Release|Any CPU
		{D1C7F5B0-8E1D-41F0-8A9B-DAC8F2097CD8}.Release|x64.Build.0 = Release|Any CPU
		{D1C7F5B0-8E1D-41F0-8A9B-DAC8F2097CD8}.Release|x86.ActiveCfg = Release|Any CPU
		{D1C7F5B0-8E1D-41F0-8A9B-DAC8F2097CD8}.Release|x86.Build.0 = Release|Any CPU
		{3973172E-7EA8-4694-9B2D-C235B811E253}.Debug|Any CPU.ActiveCfg = Debug|Any CPU
		{3973172E-7EA8-4694-9B2D-C235B811E253}.Debug|Any CPU.Build.0 = Debug|Any CPU
		{3973172E-7EA8-4694-9B2D-C235B811E253}.Debug|x64.ActiveCfg = Debug|Any CPU
		{3973172E-7EA8-4694-9B2D-C235B811E253}.Debug|x64.Build.0 = Debug|Any CPU
		{3973172E-7EA8-4694-9B2D-C235B811E253}.Debug|x86.ActiveCfg = Debug|Any CPU
		{3973172E-7EA8-4694-9B2D-C235B811E253}.Debug|x86.Build.0 = Debug|Any CPU
		{3973172E-7EA8-4694-9B2D-C235B811E253}.Release|Any CPU.ActiveCfg = Release|Any CPU
		{3973172E-7EA8-4694-9B2D-C235B811E253}.Release|Any CPU.Build.0 = Release|Any CPU
		{3973172E-7EA8-4694-9B2D-C235B811E253}.Release|x64.ActiveCfg = Release|Any CPU
		{3973172E-7EA8-4694-9B2D-C235B811E253}.Release|x64.Build.0 = Release|Any CPU
		{3973172E-7EA8-4694-9B2D-C235B811E253}.Release|x86.ActiveCfg = Release|Any CPU
		{3973172E-7EA8-4694-9B2D-C235B811E253}.Release|x86.Build.0 = Release|Any CPU
		{8D0DD119-E57D-4414-A83B-2B2EB941415C}.Debug|Any CPU.ActiveCfg = Debug|Any CPU
		{8D0DD119-E57D-4414-A83B-2B2EB941415C}.Debug|Any CPU.Build.0 = Debug|Any CPU
		{8D0DD119-E57D-4414-A83B-2B2EB941415C}.Debug|x64.ActiveCfg = Debug|Any CPU
		{8D0DD119-E57D-4414-A83B-2B2EB941415C}.Debug|x64.Build.0 = Debug|Any CPU
		{8D0DD119-E57D-4414-A83B-2B2EB941415C}.Debug|x86.ActiveCfg = Debug|Any CPU
		{8D0DD119-E57D-4414-A83B-2B2EB941415C}.Debug|x86.Build.0 = Debug|Any CPU
		{8D0DD119-E57D-4414-A83B-2B2EB941415C}.Release|Any CPU.ActiveCfg = Release|Any CPU
		{8D0DD119-E57D-4414-A83B-2B2EB941415C}.Release|Any CPU.Build.0 = Release|Any CPU
		{8D0DD119-E57D-4414-A83B-2B2EB941415C}.Release|x64.ActiveCfg = Release|Any CPU
		{8D0DD119-E57D-4414-A83B-2B2EB941415C}.Release|x64.Build.0 = Release|Any CPU
		{8D0DD119-E57D-4414-A83B-2B2EB941415C}.Release|x86.ActiveCfg = Release|Any CPU
		{8D0DD119-E57D-4414-A83B-2B2EB941415C}.Release|x86.Build.0 = Release|Any CPU
		{7B59EF76-B368-4812-AA14-E68E9F06F36D}.Debug|Any CPU.ActiveCfg = Debug|Any CPU
		{7B59EF76-B368-4812-AA14-E68E9F06F36D}.Debug|Any CPU.Build.0 = Debug|Any CPU
		{7B59EF76-B368-4812-AA14-E68E9F06F36D}.Debug|x64.ActiveCfg = Debug|Any CPU
		{7B59EF76-B368-4812-AA14-E68E9F06F36D}.Debug|x64.Build.0 = Debug|Any CPU
		{7B59EF76-B368-4812-AA14-E68E9F06F36D}.Debug|x86.ActiveCfg = Debug|Any CPU
		{7B59EF76-B368-4812-AA14-E68E9F06F36D}.Debug|x86.Build.0 = Debug|Any CPU
		{7B59EF76-B368-4812-AA14-E68E9F06F36D}.Release|Any CPU.ActiveCfg = Release|Any CPU
		{7B59EF76-B368-4812-AA14-E68E9F06F36D}.Release|Any CPU.Build.0 = Release|Any CPU
		{7B59EF76-B368-4812-AA14-E68E9F06F36D}.Release|x64.ActiveCfg = Release|Any CPU
		{7B59EF76-B368-4812-AA14-E68E9F06F36D}.Release|x64.Build.0 = Release|Any CPU
		{7B59EF76-B368-4812-AA14-E68E9F06F36D}.Release|x86.ActiveCfg = Release|Any CPU
		{7B59EF76-B368-4812-AA14-E68E9F06F36D}.Release|x86.Build.0 = Release|Any CPU
		{286B041E-4EF2-411E-BA4A-B7E774FD57C5}.Debug|Any CPU.ActiveCfg = Debug|Any CPU
		{286B041E-4EF2-411E-BA4A-B7E774FD57C5}.Debug|Any CPU.Build.0 = Debug|Any CPU
		{286B041E-4EF2-411E-BA4A-B7E774FD57C5}.Debug|x64.ActiveCfg = Debug|Any CPU
		{286B041E-4EF2-411E-BA4A-B7E774FD57C5}.Debug|x64.Build.0 = Debug|Any CPU
		{286B041E-4EF2-411E-BA4A-B7E774FD57C5}.Debug|x86.ActiveCfg = Debug|Any CPU
		{286B041E-4EF2-411E-BA4A-B7E774FD57C5}.Debug|x86.Build.0 = Debug|Any CPU
		{286B041E-4EF2-411E-BA4A-B7E774FD57C5}.Release|Any CPU.ActiveCfg = Release|Any CPU
		{286B041E-4EF2-411E-BA4A-B7E774FD57C5}.Release|Any CPU.Build.0 = Release|Any CPU
		{286B041E-4EF2-411E-BA4A-B7E774FD57C5}.Release|x64.ActiveCfg = Release|Any CPU
		{286B041E-4EF2-411E-BA4A-B7E774FD57C5}.Release|x64.Build.0 = Release|Any CPU
		{286B041E-4EF2-411E-BA4A-B7E774FD57C5}.Release|x86.ActiveCfg = Release|Any CPU
		{286B041E-4EF2-411E-BA4A-B7E774FD57C5}.Release|x86.Build.0 = Release|Any CPU
		{74A55AEC-3589-451E-9A3C-BA4CD0FBB5BC}.Debug|Any CPU.ActiveCfg = Debug|Any CPU
		{74A55AEC-3589-451E-9A3C-BA4CD0FBB5BC}.Debug|Any CPU.Build.0 = Debug|Any CPU
		{74A55AEC-3589-451E-9A3C-BA4CD0FBB5BC}.Debug|x64.ActiveCfg = Debug|Any CPU
		{74A55AEC-3589-451E-9A3C-BA4CD0FBB5BC}.Debug|x64.Build.0 = Debug|Any CPU
		{74A55AEC-3589-451E-9A3C-BA4CD0FBB5BC}.Debug|x86.ActiveCfg = Debug|Any CPU
		{74A55AEC-3589-451E-9A3C-BA4CD0FBB5BC}.Debug|x86.Build.0 = Debug|Any CPU
		{74A55AEC-3589-451E-9A3C-BA4CD0FBB5BC}.Release|Any CPU.ActiveCfg = Release|Any CPU
		{74A55AEC-3589-451E-9A3C-BA4CD0FBB5BC}.Release|Any CPU.Build.0 = Release|Any CPU
		{74A55AEC-3589-451E-9A3C-BA4CD0FBB5BC}.Release|x64.ActiveCfg = Release|Any CPU
		{74A55AEC-3589-451E-9A3C-BA4CD0FBB5BC}.Release|x64.Build.0 = Release|Any CPU
		{74A55AEC-3589-451E-9A3C-BA4CD0FBB5BC}.Release|x86.ActiveCfg = Release|Any CPU
		{74A55AEC-3589-451E-9A3C-BA4CD0FBB5BC}.Release|x86.Build.0 = Release|Any CPU
		{EEDB7BE0-F931-49BA-8C08-6BBFC014EA23}.Debug|Any CPU.ActiveCfg = Debug|Any CPU
		{EEDB7BE0-F931-49BA-8C08-6BBFC014EA23}.Debug|Any CPU.Build.0 = Debug|Any CPU
		{EEDB7BE0-F931-49BA-8C08-6BBFC014EA23}.Debug|x64.ActiveCfg = Debug|Any CPU
		{EEDB7BE0-F931-49BA-8C08-6BBFC014EA23}.Debug|x64.Build.0 = Debug|Any CPU
		{EEDB7BE0-F931-49BA-8C08-6BBFC014EA23}.Debug|x86.ActiveCfg = Debug|Any CPU
		{EEDB7BE0-F931-49BA-8C08-6BBFC014EA23}.Debug|x86.Build.0 = Debug|Any CPU
		{EEDB7BE0-F931-49BA-8C08-6BBFC014EA23}.Release|Any CPU.ActiveCfg = Release|Any CPU
		{EEDB7BE0-F931-49BA-8C08-6BBFC014EA23}.Release|Any CPU.Build.0 = Release|Any CPU
		{EEDB7BE0-F931-49BA-8C08-6BBFC014EA23}.Release|x64.ActiveCfg = Release|Any CPU
		{EEDB7BE0-F931-49BA-8C08-6BBFC014EA23}.Release|x64.Build.0 = Release|Any CPU
		{EEDB7BE0-F931-49BA-8C08-6BBFC014EA23}.Release|x86.ActiveCfg = Release|Any CPU
		{EEDB7BE0-F931-49BA-8C08-6BBFC014EA23}.Release|x86.Build.0 = Release|Any CPU
		{6B186B76-8C4F-4096-A516-3EE0B690AB6B}.Debug|Any CPU.ActiveCfg = Debug|Any CPU
		{6B186B76-8C4F-4096-A516-3EE0B690AB6B}.Debug|Any CPU.Build.0 = Debug|Any CPU
		{6B186B76-8C4F-4096-A516-3EE0B690AB6B}.Debug|x64.ActiveCfg = Debug|Any CPU
		{6B186B76-8C4F-4096-A516-3EE0B690AB6B}.Debug|x64.Build.0 = Debug|Any CPU
		{6B186B76-8C4F-4096-A516-3EE0B690AB6B}.Debug|x86.ActiveCfg = Debug|Any CPU
		{6B186B76-8C4F-4096-A516-3EE0B690AB6B}.Debug|x86.Build.0 = Debug|Any CPU
		{6B186B76-8C4F-4096-A516-3EE0B690AB6B}.Release|Any CPU.ActiveCfg = Release|Any CPU
		{6B186B76-8C4F-4096-A516-3EE0B690AB6B}.Release|Any CPU.Build.0 = Release|Any CPU
		{6B186B76-8C4F-4096-A516-3EE0B690AB6B}.Release|x64.ActiveCfg = Release|Any CPU
		{6B186B76-8C4F-4096-A516-3EE0B690AB6B}.Release|x64.Build.0 = Release|Any CPU
		{6B186B76-8C4F-4096-A516-3EE0B690AB6B}.Release|x86.ActiveCfg = Release|Any CPU
		{6B186B76-8C4F-4096-A516-3EE0B690AB6B}.Release|x86.Build.0 = Release|Any CPU
		{FE1CC2DD-1C60-428B-AB92-D1FE45777F22}.Debug|Any CPU.ActiveCfg = Debug|Any CPU
		{FE1CC2DD-1C60-428B-AB92-D1FE45777F22}.Debug|Any CPU.Build.0 = Debug|Any CPU
		{FE1CC2DD-1C60-428B-AB92-D1FE45777F22}.Debug|x64.ActiveCfg = Debug|Any CPU
		{FE1CC2DD-1C60-428B-AB92-D1FE45777F22}.Debug|x64.Build.0 = Debug|Any CPU
		{FE1CC2DD-1C60-428B-AB92-D1FE45777F22}.Debug|x86.ActiveCfg = Debug|Any CPU
		{FE1CC2DD-1C60-428B-AB92-D1FE45777F22}.Debug|x86.Build.0 = Debug|Any CPU
		{FE1CC2DD-1C60-428B-AB92-D1FE45777F22}.Release|Any CPU.ActiveCfg = Release|Any CPU
		{FE1CC2DD-1C60-428B-AB92-D1FE45777F22}.Release|Any CPU.Build.0 = Release|Any CPU
		{FE1CC2DD-1C60-428B-AB92-D1FE45777F22}.Release|x64.ActiveCfg = Release|Any CPU
		{FE1CC2DD-1C60-428B-AB92-D1FE45777F22}.Release|x64.Build.0 = Release|Any CPU
		{FE1CC2DD-1C60-428B-AB92-D1FE45777F22}.Release|x86.ActiveCfg = Release|Any CPU
		{FE1CC2DD-1C60-428B-AB92-D1FE45777F22}.Release|x86.Build.0 = Release|Any CPU
		{91C13E07-FCEC-45FC-909F-6A966D82AD44}.Debug|Any CPU.ActiveCfg = Debug|Any CPU
		{91C13E07-FCEC-45FC-909F-6A966D82AD44}.Debug|Any CPU.Build.0 = Debug|Any CPU
		{91C13E07-FCEC-45FC-909F-6A966D82AD44}.Debug|x64.ActiveCfg = Debug|Any CPU
		{91C13E07-FCEC-45FC-909F-6A966D82AD44}.Debug|x64.Build.0 = Debug|Any CPU
		{91C13E07-FCEC-45FC-909F-6A966D82AD44}.Debug|x86.ActiveCfg = Debug|Any CPU
		{91C13E07-FCEC-45FC-909F-6A966D82AD44}.Debug|x86.Build.0 = Debug|Any CPU
		{91C13E07-FCEC-45FC-909F-6A966D82AD44}.Release|Any CPU.ActiveCfg = Release|Any CPU
		{91C13E07-FCEC-45FC-909F-6A966D82AD44}.Release|Any CPU.Build.0 = Release|Any CPU
		{91C13E07-FCEC-45FC-909F-6A966D82AD44}.Release|x64.ActiveCfg = Release|Any CPU
		{91C13E07-FCEC-45FC-909F-6A966D82AD44}.Release|x64.Build.0 = Release|Any CPU
		{91C13E07-FCEC-45FC-909F-6A966D82AD44}.Release|x86.ActiveCfg = Release|Any CPU
		{91C13E07-FCEC-45FC-909F-6A966D82AD44}.Release|x86.Build.0 = Release|Any CPU
		{B907A81A-EB80-4A95-ACAA-B510C057AF0E}.Debug|Any CPU.ActiveCfg = Debug|Any CPU
		{B907A81A-EB80-4A95-ACAA-B510C057AF0E}.Debug|Any CPU.Build.0 = Debug|Any CPU
		{B907A81A-EB80-4A95-ACAA-B510C057AF0E}.Debug|x64.ActiveCfg = Debug|Any CPU
		{B907A81A-EB80-4A95-ACAA-B510C057AF0E}.Debug|x64.Build.0 = Debug|Any CPU
		{B907A81A-EB80-4A95-ACAA-B510C057AF0E}.Debug|x86.ActiveCfg = Debug|Any CPU
		{B907A81A-EB80-4A95-ACAA-B510C057AF0E}.Debug|x86.Build.0 = Debug|Any CPU
		{B907A81A-EB80-4A95-ACAA-B510C057AF0E}.Release|Any CPU.ActiveCfg = Release|Any CPU
		{B907A81A-EB80-4A95-ACAA-B510C057AF0E}.Release|Any CPU.Build.0 = Release|Any CPU
		{B907A81A-EB80-4A95-ACAA-B510C057AF0E}.Release|x64.ActiveCfg = Release|Any CPU
		{B907A81A-EB80-4A95-ACAA-B510C057AF0E}.Release|x64.Build.0 = Release|Any CPU
		{B907A81A-EB80-4A95-ACAA-B510C057AF0E}.Release|x86.ActiveCfg = Release|Any CPU
		{B907A81A-EB80-4A95-ACAA-B510C057AF0E}.Release|x86.Build.0 = Release|Any CPU
		{2F76E107-1AE3-44BA-AB09-DAFDD6D48F77}.Debug|Any CPU.ActiveCfg = Debug|Any CPU
		{2F76E107-1AE3-44BA-AB09-DAFDD6D48F77}.Debug|Any CPU.Build.0 = Debug|Any CPU
		{2F76E107-1AE3-44BA-AB09-DAFDD6D48F77}.Debug|x64.ActiveCfg = Debug|Any CPU
		{2F76E107-1AE3-44BA-AB09-DAFDD6D48F77}.Debug|x64.Build.0 = Debug|Any CPU
		{2F76E107-1AE3-44BA-AB09-DAFDD6D48F77}.Debug|x86.ActiveCfg = Debug|Any CPU
		{2F76E107-1AE3-44BA-AB09-DAFDD6D48F77}.Debug|x86.Build.0 = Debug|Any CPU
		{2F76E107-1AE3-44BA-AB09-DAFDD6D48F77}.Release|Any CPU.ActiveCfg = Release|Any CPU
		{2F76E107-1AE3-44BA-AB09-DAFDD6D48F77}.Release|Any CPU.Build.0 = Release|Any CPU
		{2F76E107-1AE3-44BA-AB09-DAFDD6D48F77}.Release|x64.ActiveCfg = Release|Any CPU
		{2F76E107-1AE3-44BA-AB09-DAFDD6D48F77}.Release|x64.Build.0 = Release|Any CPU
		{2F76E107-1AE3-44BA-AB09-DAFDD6D48F77}.Release|x86.ActiveCfg = Release|Any CPU
		{2F76E107-1AE3-44BA-AB09-DAFDD6D48F77}.Release|x86.Build.0 = Release|Any CPU
		{DD56E0FD-81B4-4EB9-AC6F-0A26B0526306}.Debug|Any CPU.ActiveCfg = Debug|Any CPU
		{DD56E0FD-81B4-4EB9-AC6F-0A26B0526306}.Debug|Any CPU.Build.0 = Debug|Any CPU
		{DD56E0FD-81B4-4EB9-AC6F-0A26B0526306}.Debug|x64.ActiveCfg = Debug|Any CPU
		{DD56E0FD-81B4-4EB9-AC6F-0A26B0526306}.Debug|x64.Build.0 = Debug|Any CPU
		{DD56E0FD-81B4-4EB9-AC6F-0A26B0526306}.Debug|x86.ActiveCfg = Debug|Any CPU
		{DD56E0FD-81B4-4EB9-AC6F-0A26B0526306}.Debug|x86.Build.0 = Debug|Any CPU
		{DD56E0FD-81B4-4EB9-AC6F-0A26B0526306}.Release|Any CPU.ActiveCfg = Release|Any CPU
		{DD56E0FD-81B4-4EB9-AC6F-0A26B0526306}.Release|Any CPU.Build.0 = Release|Any CPU
		{DD56E0FD-81B4-4EB9-AC6F-0A26B0526306}.Release|x64.ActiveCfg = Release|Any CPU
		{DD56E0FD-81B4-4EB9-AC6F-0A26B0526306}.Release|x64.Build.0 = Release|Any CPU
		{DD56E0FD-81B4-4EB9-AC6F-0A26B0526306}.Release|x86.ActiveCfg = Release|Any CPU
		{DD56E0FD-81B4-4EB9-AC6F-0A26B0526306}.Release|x86.Build.0 = Release|Any CPU
		{1161D4D7-D662-4EE9-8CA0-84736E2F20F0}.Debug|Any CPU.ActiveCfg = Debug|Any CPU
		{1161D4D7-D662-4EE9-8CA0-84736E2F20F0}.Debug|Any CPU.Build.0 = Debug|Any CPU
		{1161D4D7-D662-4EE9-8CA0-84736E2F20F0}.Debug|x64.ActiveCfg = Debug|Any CPU
		{1161D4D7-D662-4EE9-8CA0-84736E2F20F0}.Debug|x64.Build.0 = Debug|Any CPU
		{1161D4D7-D662-4EE9-8CA0-84736E2F20F0}.Debug|x86.ActiveCfg = Debug|Any CPU
		{1161D4D7-D662-4EE9-8CA0-84736E2F20F0}.Debug|x86.Build.0 = Debug|Any CPU
		{1161D4D7-D662-4EE9-8CA0-84736E2F20F0}.Release|Any CPU.ActiveCfg = Release|Any CPU
		{1161D4D7-D662-4EE9-8CA0-84736E2F20F0}.Release|Any CPU.Build.0 = Release|Any CPU
		{1161D4D7-D662-4EE9-8CA0-84736E2F20F0}.Release|x64.ActiveCfg = Release|Any CPU
		{1161D4D7-D662-4EE9-8CA0-84736E2F20F0}.Release|x64.Build.0 = Release|Any CPU
		{1161D4D7-D662-4EE9-8CA0-84736E2F20F0}.Release|x86.ActiveCfg = Release|Any CPU
		{1161D4D7-D662-4EE9-8CA0-84736E2F20F0}.Release|x86.Build.0 = Release|Any CPU
		{D77774A4-0705-4FF7-8E84-B6584BEA7962}.Debug|Any CPU.ActiveCfg = Debug|Any CPU
		{D77774A4-0705-4FF7-8E84-B6584BEA7962}.Debug|Any CPU.Build.0 = Debug|Any CPU
		{D77774A4-0705-4FF7-8E84-B6584BEA7962}.Debug|x64.ActiveCfg = Debug|Any CPU
		{D77774A4-0705-4FF7-8E84-B6584BEA7962}.Debug|x64.Build.0 = Debug|Any CPU
		{D77774A4-0705-4FF7-8E84-B6584BEA7962}.Debug|x86.ActiveCfg = Debug|Any CPU
		{D77774A4-0705-4FF7-8E84-B6584BEA7962}.Debug|x86.Build.0 = Debug|Any CPU
		{D77774A4-0705-4FF7-8E84-B6584BEA7962}.Release|Any CPU.ActiveCfg = Release|Any CPU
		{D77774A4-0705-4FF7-8E84-B6584BEA7962}.Release|Any CPU.Build.0 = Release|Any CPU
		{D77774A4-0705-4FF7-8E84-B6584BEA7962}.Release|x64.ActiveCfg = Release|Any CPU
		{D77774A4-0705-4FF7-8E84-B6584BEA7962}.Release|x64.Build.0 = Release|Any CPU
		{D77774A4-0705-4FF7-8E84-B6584BEA7962}.Release|x86.ActiveCfg = Release|Any CPU
		{D77774A4-0705-4FF7-8E84-B6584BEA7962}.Release|x86.Build.0 = Release|Any CPU
		{AB4DED11-166E-4070-8AC2-BEF529E0534E}.Debug|Any CPU.ActiveCfg = Debug|Any CPU
		{AB4DED11-166E-4070-8AC2-BEF529E0534E}.Debug|Any CPU.Build.0 = Debug|Any CPU
		{AB4DED11-166E-4070-8AC2-BEF529E0534E}.Debug|x64.ActiveCfg = Debug|Any CPU
		{AB4DED11-166E-4070-8AC2-BEF529E0534E}.Debug|x64.Build.0 = Debug|Any CPU
		{AB4DED11-166E-4070-8AC2-BEF529E0534E}.Debug|x86.ActiveCfg = Debug|Any CPU
		{AB4DED11-166E-4070-8AC2-BEF529E0534E}.Debug|x86.Build.0 = Debug|Any CPU
		{AB4DED11-166E-4070-8AC2-BEF529E0534E}.Release|Any CPU.ActiveCfg = Release|Any CPU
		{AB4DED11-166E-4070-8AC2-BEF529E0534E}.Release|Any CPU.Build.0 = Release|Any CPU
		{AB4DED11-166E-4070-8AC2-BEF529E0534E}.Release|x64.ActiveCfg = Release|Any CPU
		{AB4DED11-166E-4070-8AC2-BEF529E0534E}.Release|x64.Build.0 = Release|Any CPU
		{AB4DED11-166E-4070-8AC2-BEF529E0534E}.Release|x86.ActiveCfg = Release|Any CPU
		{AB4DED11-166E-4070-8AC2-BEF529E0534E}.Release|x86.Build.0 = Release|Any CPU
		{6145E5CB-FA42-4860-A8D7-17869FF08728}.Debug|Any CPU.ActiveCfg = Debug|Any CPU
		{6145E5CB-FA42-4860-A8D7-17869FF08728}.Debug|Any CPU.Build.0 = Debug|Any CPU
		{6145E5CB-FA42-4860-A8D7-17869FF08728}.Debug|x64.ActiveCfg = Debug|Any CPU
		{6145E5CB-FA42-4860-A8D7-17869FF08728}.Debug|x64.Build.0 = Debug|Any CPU
		{6145E5CB-FA42-4860-A8D7-17869FF08728}.Debug|x86.ActiveCfg = Debug|Any CPU
		{6145E5CB-FA42-4860-A8D7-17869FF08728}.Debug|x86.Build.0 = Debug|Any CPU
		{6145E5CB-FA42-4860-A8D7-17869FF08728}.Release|Any CPU.ActiveCfg = Release|Any CPU
		{6145E5CB-FA42-4860-A8D7-17869FF08728}.Release|Any CPU.Build.0 = Release|Any CPU
		{6145E5CB-FA42-4860-A8D7-17869FF08728}.Release|x64.ActiveCfg = Release|Any CPU
		{6145E5CB-FA42-4860-A8D7-17869FF08728}.Release|x64.Build.0 = Release|Any CPU
		{6145E5CB-FA42-4860-A8D7-17869FF08728}.Release|x86.ActiveCfg = Release|Any CPU
		{6145E5CB-FA42-4860-A8D7-17869FF08728}.Release|x86.Build.0 = Release|Any CPU
		{9AC4E72F-3483-413E-894E-A3E04A28627D}.Debug|Any CPU.ActiveCfg = Debug|Any CPU
		{9AC4E72F-3483-413E-894E-A3E04A28627D}.Debug|Any CPU.Build.0 = Debug|Any CPU
		{9AC4E72F-3483-413E-894E-A3E04A28627D}.Debug|x64.ActiveCfg = Debug|Any CPU
		{9AC4E72F-3483-413E-894E-A3E04A28627D}.Debug|x64.Build.0 = Debug|Any CPU
		{9AC4E72F-3483-413E-894E-A3E04A28627D}.Debug|x86.ActiveCfg = Debug|Any CPU
		{9AC4E72F-3483-413E-894E-A3E04A28627D}.Debug|x86.Build.0 = Debug|Any CPU
		{9AC4E72F-3483-413E-894E-A3E04A28627D}.Release|Any CPU.ActiveCfg = Release|Any CPU
		{9AC4E72F-3483-413E-894E-A3E04A28627D}.Release|Any CPU.Build.0 = Release|Any CPU
		{9AC4E72F-3483-413E-894E-A3E04A28627D}.Release|x64.ActiveCfg = Release|Any CPU
		{9AC4E72F-3483-413E-894E-A3E04A28627D}.Release|x64.Build.0 = Release|Any CPU
		{9AC4E72F-3483-413E-894E-A3E04A28627D}.Release|x86.ActiveCfg = Release|Any CPU
		{9AC4E72F-3483-413E-894E-A3E04A28627D}.Release|x86.Build.0 = Release|Any CPU
		{9CA42DD2-67C2-4D0C-BF4F-677FFA428B35}.Debug|Any CPU.ActiveCfg = Debug|Any CPU
		{9CA42DD2-67C2-4D0C-BF4F-677FFA428B35}.Debug|Any CPU.Build.0 = Debug|Any CPU
		{9CA42DD2-67C2-4D0C-BF4F-677FFA428B35}.Debug|x64.ActiveCfg = Debug|Any CPU
		{9CA42DD2-67C2-4D0C-BF4F-677FFA428B35}.Debug|x64.Build.0 = Debug|Any CPU
		{9CA42DD2-67C2-4D0C-BF4F-677FFA428B35}.Debug|x86.ActiveCfg = Debug|Any CPU
		{9CA42DD2-67C2-4D0C-BF4F-677FFA428B35}.Debug|x86.Build.0 = Debug|Any CPU
		{9CA42DD2-67C2-4D0C-BF4F-677FFA428B35}.Release|Any CPU.ActiveCfg = Release|Any CPU
		{9CA42DD2-67C2-4D0C-BF4F-677FFA428B35}.Release|Any CPU.Build.0 = Release|Any CPU
		{9CA42DD2-67C2-4D0C-BF4F-677FFA428B35}.Release|x64.ActiveCfg = Release|Any CPU
		{9CA42DD2-67C2-4D0C-BF4F-677FFA428B35}.Release|x64.Build.0 = Release|Any CPU
		{9CA42DD2-67C2-4D0C-BF4F-677FFA428B35}.Release|x86.ActiveCfg = Release|Any CPU
		{9CA42DD2-67C2-4D0C-BF4F-677FFA428B35}.Release|x86.Build.0 = Release|Any CPU
		{FCB3A5AF-A708-4A9C-87F2-A129378EE372}.Debug|Any CPU.ActiveCfg = Debug|Any CPU
		{FCB3A5AF-A708-4A9C-87F2-A129378EE372}.Debug|Any CPU.Build.0 = Debug|Any CPU
		{FCB3A5AF-A708-4A9C-87F2-A129378EE372}.Debug|x64.ActiveCfg = Debug|Any CPU
		{FCB3A5AF-A708-4A9C-87F2-A129378EE372}.Debug|x64.Build.0 = Debug|Any CPU
		{FCB3A5AF-A708-4A9C-87F2-A129378EE372}.Debug|x86.ActiveCfg = Debug|Any CPU
		{FCB3A5AF-A708-4A9C-87F2-A129378EE372}.Debug|x86.Build.0 = Debug|Any CPU
		{FCB3A5AF-A708-4A9C-87F2-A129378EE372}.Release|Any CPU.ActiveCfg = Release|Any CPU
		{FCB3A5AF-A708-4A9C-87F2-A129378EE372}.Release|Any CPU.Build.0 = Release|Any CPU
		{FCB3A5AF-A708-4A9C-87F2-A129378EE372}.Release|x64.ActiveCfg = Release|Any CPU
		{FCB3A5AF-A708-4A9C-87F2-A129378EE372}.Release|x64.Build.0 = Release|Any CPU
		{FCB3A5AF-A708-4A9C-87F2-A129378EE372}.Release|x86.ActiveCfg = Release|Any CPU
		{FCB3A5AF-A708-4A9C-87F2-A129378EE372}.Release|x86.Build.0 = Release|Any CPU
		{496EAB18-1165-4B15-B6EB-3283C5209FAF}.Debug|Any CPU.ActiveCfg = Debug|Any CPU
		{496EAB18-1165-4B15-B6EB-3283C5209FAF}.Debug|Any CPU.Build.0 = Debug|Any CPU
		{496EAB18-1165-4B15-B6EB-3283C5209FAF}.Debug|x64.ActiveCfg = Debug|Any CPU
		{496EAB18-1165-4B15-B6EB-3283C5209FAF}.Debug|x64.Build.0 = Debug|Any CPU
		{496EAB18-1165-4B15-B6EB-3283C5209FAF}.Debug|x86.ActiveCfg = Debug|Any CPU
		{496EAB18-1165-4B15-B6EB-3283C5209FAF}.Debug|x86.Build.0 = Debug|Any CPU
		{496EAB18-1165-4B15-B6EB-3283C5209FAF}.Release|Any CPU.ActiveCfg = Release|Any CPU
		{496EAB18-1165-4B15-B6EB-3283C5209FAF}.Release|Any CPU.Build.0 = Release|Any CPU
		{496EAB18-1165-4B15-B6EB-3283C5209FAF}.Release|x64.ActiveCfg = Release|Any CPU
		{496EAB18-1165-4B15-B6EB-3283C5209FAF}.Release|x64.Build.0 = Release|Any CPU
		{496EAB18-1165-4B15-B6EB-3283C5209FAF}.Release|x86.ActiveCfg = Release|Any CPU
		{496EAB18-1165-4B15-B6EB-3283C5209FAF}.Release|x86.Build.0 = Release|Any CPU
		{8EC156FF-2538-4382-87BC-C73710127825}.Debug|Any CPU.ActiveCfg = Debug|Any CPU
		{8EC156FF-2538-4382-87BC-C73710127825}.Debug|Any CPU.Build.0 = Debug|Any CPU
		{8EC156FF-2538-4382-87BC-C73710127825}.Debug|x64.ActiveCfg = Debug|Any CPU
		{8EC156FF-2538-4382-87BC-C73710127825}.Debug|x64.Build.0 = Debug|Any CPU
		{8EC156FF-2538-4382-87BC-C73710127825}.Debug|x86.ActiveCfg = Debug|Any CPU
		{8EC156FF-2538-4382-87BC-C73710127825}.Debug|x86.Build.0 = Debug|Any CPU
		{8EC156FF-2538-4382-87BC-C73710127825}.Release|Any CPU.ActiveCfg = Release|Any CPU
		{8EC156FF-2538-4382-87BC-C73710127825}.Release|Any CPU.Build.0 = Release|Any CPU
		{8EC156FF-2538-4382-87BC-C73710127825}.Release|x64.ActiveCfg = Release|Any CPU
		{8EC156FF-2538-4382-87BC-C73710127825}.Release|x64.Build.0 = Release|Any CPU
		{8EC156FF-2538-4382-87BC-C73710127825}.Release|x86.ActiveCfg = Release|Any CPU
		{8EC156FF-2538-4382-87BC-C73710127825}.Release|x86.Build.0 = Release|Any CPU
		{4958797B-5850-44E1-A314-273581CD88C1}.Debug|Any CPU.ActiveCfg = Debug|Any CPU
		{4958797B-5850-44E1-A314-273581CD88C1}.Debug|Any CPU.Build.0 = Debug|Any CPU
		{4958797B-5850-44E1-A314-273581CD88C1}.Debug|x64.ActiveCfg = Debug|Any CPU
		{4958797B-5850-44E1-A314-273581CD88C1}.Debug|x64.Build.0 = Debug|Any CPU
		{4958797B-5850-44E1-A314-273581CD88C1}.Debug|x86.ActiveCfg = Debug|Any CPU
		{4958797B-5850-44E1-A314-273581CD88C1}.Debug|x86.Build.0 = Debug|Any CPU
		{4958797B-5850-44E1-A314-273581CD88C1}.Release|Any CPU.ActiveCfg = Release|Any CPU
		{4958797B-5850-44E1-A314-273581CD88C1}.Release|Any CPU.Build.0 = Release|Any CPU
		{4958797B-5850-44E1-A314-273581CD88C1}.Release|x64.ActiveCfg = Release|Any CPU
		{4958797B-5850-44E1-A314-273581CD88C1}.Release|x64.Build.0 = Release|Any CPU
		{4958797B-5850-44E1-A314-273581CD88C1}.Release|x86.ActiveCfg = Release|Any CPU
		{4958797B-5850-44E1-A314-273581CD88C1}.Release|x86.Build.0 = Release|Any CPU
		{8E190596-EE3F-40A8-9A7B-363B4CAC8B27}.Debug|Any CPU.ActiveCfg = Debug|Any CPU
		{8E190596-EE3F-40A8-9A7B-363B4CAC8B27}.Debug|Any CPU.Build.0 = Debug|Any CPU
		{8E190596-EE3F-40A8-9A7B-363B4CAC8B27}.Debug|x64.ActiveCfg = Debug|Any CPU
		{8E190596-EE3F-40A8-9A7B-363B4CAC8B27}.Debug|x64.Build.0 = Debug|Any CPU
		{8E190596-EE3F-40A8-9A7B-363B4CAC8B27}.Debug|x86.ActiveCfg = Debug|Any CPU
		{8E190596-EE3F-40A8-9A7B-363B4CAC8B27}.Debug|x86.Build.0 = Debug|Any CPU
		{8E190596-EE3F-40A8-9A7B-363B4CAC8B27}.Release|Any CPU.ActiveCfg = Release|Any CPU
		{8E190596-EE3F-40A8-9A7B-363B4CAC8B27}.Release|Any CPU.Build.0 = Release|Any CPU
		{8E190596-EE3F-40A8-9A7B-363B4CAC8B27}.Release|x64.ActiveCfg = Release|Any CPU
		{8E190596-EE3F-40A8-9A7B-363B4CAC8B27}.Release|x64.Build.0 = Release|Any CPU
		{8E190596-EE3F-40A8-9A7B-363B4CAC8B27}.Release|x86.ActiveCfg = Release|Any CPU
		{8E190596-EE3F-40A8-9A7B-363B4CAC8B27}.Release|x86.Build.0 = Release|Any CPU
		{368CE0FC-D3CA-4BD3-8F03-6269354F26A0}.Debug|Any CPU.ActiveCfg = Debug|Any CPU
		{368CE0FC-D3CA-4BD3-8F03-6269354F26A0}.Debug|Any CPU.Build.0 = Debug|Any CPU
		{368CE0FC-D3CA-4BD3-8F03-6269354F26A0}.Debug|x64.ActiveCfg = Debug|Any CPU
		{368CE0FC-D3CA-4BD3-8F03-6269354F26A0}.Debug|x64.Build.0 = Debug|Any CPU
		{368CE0FC-D3CA-4BD3-8F03-6269354F26A0}.Debug|x86.ActiveCfg = Debug|Any CPU
		{368CE0FC-D3CA-4BD3-8F03-6269354F26A0}.Debug|x86.Build.0 = Debug|Any CPU
		{368CE0FC-D3CA-4BD3-8F03-6269354F26A0}.Release|Any CPU.ActiveCfg = Release|Any CPU
		{368CE0FC-D3CA-4BD3-8F03-6269354F26A0}.Release|Any CPU.Build.0 = Release|Any CPU
		{368CE0FC-D3CA-4BD3-8F03-6269354F26A0}.Release|x64.ActiveCfg = Release|Any CPU
		{368CE0FC-D3CA-4BD3-8F03-6269354F26A0}.Release|x64.Build.0 = Release|Any CPU
		{368CE0FC-D3CA-4BD3-8F03-6269354F26A0}.Release|x86.ActiveCfg = Release|Any CPU
		{368CE0FC-D3CA-4BD3-8F03-6269354F26A0}.Release|x86.Build.0 = Release|Any CPU
		{D71CBE26-8BCF-43B5-BCEA-941D8428E7FD}.Debug|Any CPU.ActiveCfg = Debug|Any CPU
		{D71CBE26-8BCF-43B5-BCEA-941D8428E7FD}.Debug|Any CPU.Build.0 = Debug|Any CPU
		{D71CBE26-8BCF-43B5-BCEA-941D8428E7FD}.Debug|x64.ActiveCfg = Debug|Any CPU
		{D71CBE26-8BCF-43B5-BCEA-941D8428E7FD}.Debug|x64.Build.0 = Debug|Any CPU
		{D71CBE26-8BCF-43B5-BCEA-941D8428E7FD}.Debug|x86.ActiveCfg = Debug|Any CPU
		{D71CBE26-8BCF-43B5-BCEA-941D8428E7FD}.Debug|x86.Build.0 = Debug|Any CPU
		{D71CBE26-8BCF-43B5-BCEA-941D8428E7FD}.Release|Any CPU.ActiveCfg = Release|Any CPU
		{D71CBE26-8BCF-43B5-BCEA-941D8428E7FD}.Release|Any CPU.Build.0 = Release|Any CPU
		{D71CBE26-8BCF-43B5-BCEA-941D8428E7FD}.Release|x64.ActiveCfg = Release|Any CPU
		{D71CBE26-8BCF-43B5-BCEA-941D8428E7FD}.Release|x64.Build.0 = Release|Any CPU
		{D71CBE26-8BCF-43B5-BCEA-941D8428E7FD}.Release|x86.ActiveCfg = Release|Any CPU
		{D71CBE26-8BCF-43B5-BCEA-941D8428E7FD}.Release|x86.Build.0 = Release|Any CPU
		{EEF93552-5BF3-436D-A4C1-9D54EC5E24D2}.Debug|Any CPU.ActiveCfg = Debug|Any CPU
		{EEF93552-5BF3-436D-A4C1-9D54EC5E24D2}.Debug|Any CPU.Build.0 = Debug|Any CPU
		{EEF93552-5BF3-436D-A4C1-9D54EC5E24D2}.Debug|x64.ActiveCfg = Debug|Any CPU
		{EEF93552-5BF3-436D-A4C1-9D54EC5E24D2}.Debug|x64.Build.0 = Debug|Any CPU
		{EEF93552-5BF3-436D-A4C1-9D54EC5E24D2}.Debug|x86.ActiveCfg = Debug|Any CPU
		{EEF93552-5BF3-436D-A4C1-9D54EC5E24D2}.Debug|x86.Build.0 = Debug|Any CPU
		{EEF93552-5BF3-436D-A4C1-9D54EC5E24D2}.Release|Any CPU.ActiveCfg = Release|Any CPU
		{EEF93552-5BF3-436D-A4C1-9D54EC5E24D2}.Release|Any CPU.Build.0 = Release|Any CPU
		{EEF93552-5BF3-436D-A4C1-9D54EC5E24D2}.Release|x64.ActiveCfg = Release|Any CPU
		{EEF93552-5BF3-436D-A4C1-9D54EC5E24D2}.Release|x64.Build.0 = Release|Any CPU
		{EEF93552-5BF3-436D-A4C1-9D54EC5E24D2}.Release|x86.ActiveCfg = Release|Any CPU
		{EEF93552-5BF3-436D-A4C1-9D54EC5E24D2}.Release|x86.Build.0 = Release|Any CPU
		{ACC4E983-5A2F-4F45-A185-CD65E51B22E2}.Debug|Any CPU.ActiveCfg = Debug|Any CPU
		{ACC4E983-5A2F-4F45-A185-CD65E51B22E2}.Debug|Any CPU.Build.0 = Debug|Any CPU
		{ACC4E983-5A2F-4F45-A185-CD65E51B22E2}.Debug|x64.ActiveCfg = Debug|Any CPU
		{ACC4E983-5A2F-4F45-A185-CD65E51B22E2}.Debug|x64.Build.0 = Debug|Any CPU
		{ACC4E983-5A2F-4F45-A185-CD65E51B22E2}.Debug|x86.ActiveCfg = Debug|Any CPU
		{ACC4E983-5A2F-4F45-A185-CD65E51B22E2}.Debug|x86.Build.0 = Debug|Any CPU
		{ACC4E983-5A2F-4F45-A185-CD65E51B22E2}.Release|Any CPU.ActiveCfg = Release|Any CPU
		{ACC4E983-5A2F-4F45-A185-CD65E51B22E2}.Release|Any CPU.Build.0 = Release|Any CPU
		{ACC4E983-5A2F-4F45-A185-CD65E51B22E2}.Release|x64.ActiveCfg = Release|Any CPU
		{ACC4E983-5A2F-4F45-A185-CD65E51B22E2}.Release|x64.Build.0 = Release|Any CPU
		{ACC4E983-5A2F-4F45-A185-CD65E51B22E2}.Release|x86.ActiveCfg = Release|Any CPU
		{ACC4E983-5A2F-4F45-A185-CD65E51B22E2}.Release|x86.Build.0 = Release|Any CPU
		{31738A77-1251-4AA6-BDAC-F48F259C23FB}.Debug|Any CPU.ActiveCfg = Debug|Any CPU
		{31738A77-1251-4AA6-BDAC-F48F259C23FB}.Debug|Any CPU.Build.0 = Debug|Any CPU
		{31738A77-1251-4AA6-BDAC-F48F259C23FB}.Debug|x64.ActiveCfg = Debug|Any CPU
		{31738A77-1251-4AA6-BDAC-F48F259C23FB}.Debug|x64.Build.0 = Debug|Any CPU
		{31738A77-1251-4AA6-BDAC-F48F259C23FB}.Debug|x86.ActiveCfg = Debug|Any CPU
		{31738A77-1251-4AA6-BDAC-F48F259C23FB}.Debug|x86.Build.0 = Debug|Any CPU
		{31738A77-1251-4AA6-BDAC-F48F259C23FB}.Release|Any CPU.ActiveCfg = Release|Any CPU
		{31738A77-1251-4AA6-BDAC-F48F259C23FB}.Release|Any CPU.Build.0 = Release|Any CPU
		{31738A77-1251-4AA6-BDAC-F48F259C23FB}.Release|x64.ActiveCfg = Release|Any CPU
		{31738A77-1251-4AA6-BDAC-F48F259C23FB}.Release|x64.Build.0 = Release|Any CPU
		{31738A77-1251-4AA6-BDAC-F48F259C23FB}.Release|x86.ActiveCfg = Release|Any CPU
		{31738A77-1251-4AA6-BDAC-F48F259C23FB}.Release|x86.Build.0 = Release|Any CPU
		{C242B32B-1903-433D-A977-8972C9DEC639}.Debug|Any CPU.ActiveCfg = Debug|Any CPU
		{C242B32B-1903-433D-A977-8972C9DEC639}.Debug|Any CPU.Build.0 = Debug|Any CPU
		{C242B32B-1903-433D-A977-8972C9DEC639}.Debug|x64.ActiveCfg = Debug|Any CPU
		{C242B32B-1903-433D-A977-8972C9DEC639}.Debug|x64.Build.0 = Debug|Any CPU
		{C242B32B-1903-433D-A977-8972C9DEC639}.Debug|x86.ActiveCfg = Debug|Any CPU
		{C242B32B-1903-433D-A977-8972C9DEC639}.Debug|x86.Build.0 = Debug|Any CPU
		{C242B32B-1903-433D-A977-8972C9DEC639}.Release|Any CPU.ActiveCfg = Release|Any CPU
		{C242B32B-1903-433D-A977-8972C9DEC639}.Release|Any CPU.Build.0 = Release|Any CPU
		{C242B32B-1903-433D-A977-8972C9DEC639}.Release|x64.ActiveCfg = Release|Any CPU
		{C242B32B-1903-433D-A977-8972C9DEC639}.Release|x64.Build.0 = Release|Any CPU
		{C242B32B-1903-433D-A977-8972C9DEC639}.Release|x86.ActiveCfg = Release|Any CPU
		{C242B32B-1903-433D-A977-8972C9DEC639}.Release|x86.Build.0 = Release|Any CPU
		{EC6A41D5-27E6-44D5-B38E-8CE1060C2A86}.Debug|Any CPU.ActiveCfg = Debug|Any CPU
		{EC6A41D5-27E6-44D5-B38E-8CE1060C2A86}.Debug|Any CPU.Build.0 = Debug|Any CPU
		{EC6A41D5-27E6-44D5-B38E-8CE1060C2A86}.Debug|x64.ActiveCfg = Debug|Any CPU
		{EC6A41D5-27E6-44D5-B38E-8CE1060C2A86}.Debug|x64.Build.0 = Debug|Any CPU
		{EC6A41D5-27E6-44D5-B38E-8CE1060C2A86}.Debug|x86.ActiveCfg = Debug|Any CPU
		{EC6A41D5-27E6-44D5-B38E-8CE1060C2A86}.Debug|x86.Build.0 = Debug|Any CPU
		{EC6A41D5-27E6-44D5-B38E-8CE1060C2A86}.Release|Any CPU.ActiveCfg = Release|Any CPU
		{EC6A41D5-27E6-44D5-B38E-8CE1060C2A86}.Release|Any CPU.Build.0 = Release|Any CPU
		{EC6A41D5-27E6-44D5-B38E-8CE1060C2A86}.Release|x64.ActiveCfg = Release|Any CPU
		{EC6A41D5-27E6-44D5-B38E-8CE1060C2A86}.Release|x64.Build.0 = Release|Any CPU
		{EC6A41D5-27E6-44D5-B38E-8CE1060C2A86}.Release|x86.ActiveCfg = Release|Any CPU
		{EC6A41D5-27E6-44D5-B38E-8CE1060C2A86}.Release|x86.Build.0 = Release|Any CPU
		{3736D986-60FA-473A-A89C-6750435A735D}.Debug|Any CPU.ActiveCfg = Debug|Any CPU
		{3736D986-60FA-473A-A89C-6750435A735D}.Debug|Any CPU.Build.0 = Debug|Any CPU
		{3736D986-60FA-473A-A89C-6750435A735D}.Debug|x64.ActiveCfg = Debug|Any CPU
		{3736D986-60FA-473A-A89C-6750435A735D}.Debug|x64.Build.0 = Debug|Any CPU
		{3736D986-60FA-473A-A89C-6750435A735D}.Debug|x86.ActiveCfg = Debug|Any CPU
		{3736D986-60FA-473A-A89C-6750435A735D}.Debug|x86.Build.0 = Debug|Any CPU
		{3736D986-60FA-473A-A89C-6750435A735D}.Release|Any CPU.ActiveCfg = Release|Any CPU
		{3736D986-60FA-473A-A89C-6750435A735D}.Release|Any CPU.Build.0 = Release|Any CPU
		{3736D986-60FA-473A-A89C-6750435A735D}.Release|x64.ActiveCfg = Release|Any CPU
		{3736D986-60FA-473A-A89C-6750435A735D}.Release|x64.Build.0 = Release|Any CPU
		{3736D986-60FA-473A-A89C-6750435A735D}.Release|x86.ActiveCfg = Release|Any CPU
		{3736D986-60FA-473A-A89C-6750435A735D}.Release|x86.Build.0 = Release|Any CPU
		{7C5C653B-3352-41D6-BDB1-1A6565A672E3}.Debug|Any CPU.ActiveCfg = Debug|Any CPU
		{7C5C653B-3352-41D6-BDB1-1A6565A672E3}.Debug|Any CPU.Build.0 = Debug|Any CPU
		{7C5C653B-3352-41D6-BDB1-1A6565A672E3}.Debug|x64.ActiveCfg = Debug|Any CPU
		{7C5C653B-3352-41D6-BDB1-1A6565A672E3}.Debug|x64.Build.0 = Debug|Any CPU
		{7C5C653B-3352-41D6-BDB1-1A6565A672E3}.Debug|x86.ActiveCfg = Debug|Any CPU
		{7C5C653B-3352-41D6-BDB1-1A6565A672E3}.Debug|x86.Build.0 = Debug|Any CPU
		{7C5C653B-3352-41D6-BDB1-1A6565A672E3}.Release|Any CPU.ActiveCfg = Release|Any CPU
		{7C5C653B-3352-41D6-BDB1-1A6565A672E3}.Release|Any CPU.Build.0 = Release|Any CPU
		{7C5C653B-3352-41D6-BDB1-1A6565A672E3}.Release|x64.ActiveCfg = Release|Any CPU
		{7C5C653B-3352-41D6-BDB1-1A6565A672E3}.Release|x64.Build.0 = Release|Any CPU
		{7C5C653B-3352-41D6-BDB1-1A6565A672E3}.Release|x86.ActiveCfg = Release|Any CPU
		{7C5C653B-3352-41D6-BDB1-1A6565A672E3}.Release|x86.Build.0 = Release|Any CPU
		{25E771FC-25A1-4600-B55A-873F335C9222}.Debug|Any CPU.ActiveCfg = Debug|Any CPU
		{25E771FC-25A1-4600-B55A-873F335C9222}.Debug|Any CPU.Build.0 = Debug|Any CPU
		{25E771FC-25A1-4600-B55A-873F335C9222}.Debug|x64.ActiveCfg = Debug|Any CPU
		{25E771FC-25A1-4600-B55A-873F335C9222}.Debug|x64.Build.0 = Debug|Any CPU
		{25E771FC-25A1-4600-B55A-873F335C9222}.Debug|x86.ActiveCfg = Debug|Any CPU
		{25E771FC-25A1-4600-B55A-873F335C9222}.Debug|x86.Build.0 = Debug|Any CPU
		{25E771FC-25A1-4600-B55A-873F335C9222}.Release|Any CPU.ActiveCfg = Release|Any CPU
		{25E771FC-25A1-4600-B55A-873F335C9222}.Release|Any CPU.Build.0 = Release|Any CPU
		{25E771FC-25A1-4600-B55A-873F335C9222}.Release|x64.ActiveCfg = Release|Any CPU
		{25E771FC-25A1-4600-B55A-873F335C9222}.Release|x64.Build.0 = Release|Any CPU
		{25E771FC-25A1-4600-B55A-873F335C9222}.Release|x86.ActiveCfg = Release|Any CPU
		{25E771FC-25A1-4600-B55A-873F335C9222}.Release|x86.Build.0 = Release|Any CPU
		{C5350F9A-55AC-4D31-8C49-1C88C3028AF7}.Debug|Any CPU.ActiveCfg = Debug|Any CPU
		{C5350F9A-55AC-4D31-8C49-1C88C3028AF7}.Debug|Any CPU.Build.0 = Debug|Any CPU
		{C5350F9A-55AC-4D31-8C49-1C88C3028AF7}.Debug|x64.ActiveCfg = Debug|Any CPU
		{C5350F9A-55AC-4D31-8C49-1C88C3028AF7}.Debug|x64.Build.0 = Debug|Any CPU
		{C5350F9A-55AC-4D31-8C49-1C88C3028AF7}.Debug|x86.ActiveCfg = Debug|Any CPU
		{C5350F9A-55AC-4D31-8C49-1C88C3028AF7}.Debug|x86.Build.0 = Debug|Any CPU
		{C5350F9A-55AC-4D31-8C49-1C88C3028AF7}.Release|Any CPU.ActiveCfg = Release|Any CPU
		{C5350F9A-55AC-4D31-8C49-1C88C3028AF7}.Release|Any CPU.Build.0 = Release|Any CPU
		{C5350F9A-55AC-4D31-8C49-1C88C3028AF7}.Release|x64.ActiveCfg = Release|Any CPU
		{C5350F9A-55AC-4D31-8C49-1C88C3028AF7}.Release|x64.Build.0 = Release|Any CPU
		{C5350F9A-55AC-4D31-8C49-1C88C3028AF7}.Release|x86.ActiveCfg = Release|Any CPU
		{C5350F9A-55AC-4D31-8C49-1C88C3028AF7}.Release|x86.Build.0 = Release|Any CPU
		{EA5FE340-8830-4698-883A-BC32ECFF80E9}.Debug|Any CPU.ActiveCfg = Debug|Any CPU
		{EA5FE340-8830-4698-883A-BC32ECFF80E9}.Debug|Any CPU.Build.0 = Debug|Any CPU
		{EA5FE340-8830-4698-883A-BC32ECFF80E9}.Debug|x64.ActiveCfg = Debug|Any CPU
		{EA5FE340-8830-4698-883A-BC32ECFF80E9}.Debug|x64.Build.0 = Debug|Any CPU
		{EA5FE340-8830-4698-883A-BC32ECFF80E9}.Debug|x86.ActiveCfg = Debug|Any CPU
		{EA5FE340-8830-4698-883A-BC32ECFF80E9}.Debug|x86.Build.0 = Debug|Any CPU
		{EA5FE340-8830-4698-883A-BC32ECFF80E9}.Release|Any CPU.ActiveCfg = Release|Any CPU
		{EA5FE340-8830-4698-883A-BC32ECFF80E9}.Release|Any CPU.Build.0 = Release|Any CPU
		{EA5FE340-8830-4698-883A-BC32ECFF80E9}.Release|x64.ActiveCfg = Release|Any CPU
		{EA5FE340-8830-4698-883A-BC32ECFF80E9}.Release|x64.Build.0 = Release|Any CPU
		{EA5FE340-8830-4698-883A-BC32ECFF80E9}.Release|x86.ActiveCfg = Release|Any CPU
		{EA5FE340-8830-4698-883A-BC32ECFF80E9}.Release|x86.Build.0 = Release|Any CPU
		{082B049E-66D8-4858-BE41-DD0CC9A83537}.Debug|Any CPU.ActiveCfg = Debug|Any CPU
		{082B049E-66D8-4858-BE41-DD0CC9A83537}.Debug|Any CPU.Build.0 = Debug|Any CPU
		{082B049E-66D8-4858-BE41-DD0CC9A83537}.Debug|x64.ActiveCfg = Debug|Any CPU
		{082B049E-66D8-4858-BE41-DD0CC9A83537}.Debug|x64.Build.0 = Debug|Any CPU
		{082B049E-66D8-4858-BE41-DD0CC9A83537}.Debug|x86.ActiveCfg = Debug|Any CPU
		{082B049E-66D8-4858-BE41-DD0CC9A83537}.Debug|x86.Build.0 = Debug|Any CPU
		{082B049E-66D8-4858-BE41-DD0CC9A83537}.Release|Any CPU.ActiveCfg = Release|Any CPU
		{082B049E-66D8-4858-BE41-DD0CC9A83537}.Release|Any CPU.Build.0 = Release|Any CPU
		{082B049E-66D8-4858-BE41-DD0CC9A83537}.Release|x64.ActiveCfg = Release|Any CPU
		{082B049E-66D8-4858-BE41-DD0CC9A83537}.Release|x64.Build.0 = Release|Any CPU
		{082B049E-66D8-4858-BE41-DD0CC9A83537}.Release|x86.ActiveCfg = Release|Any CPU
		{082B049E-66D8-4858-BE41-DD0CC9A83537}.Release|x86.Build.0 = Release|Any CPU
	EndGlobalSection
EndGlobal
