
Microsoft Visual Studio Solution File, Format Version 12.00
# Visual Studio 15
VisualStudioVersion = 15.0.26124.0
MinimumVisualStudioVersion = 15.0.26124.0
Project("{FAE04EC0-301F-11D3-BF4B-00C04F79EFBC}") = "Penguin.Cms.Modules.Configuration.Local", "Penguin.Cms.Modules.Configuration.Local.csproj", "{145FF16A-96B1-4DEB-AF18-B3F86979746A}"
EndProject
Project("{FAE04EC0-301F-11D3-BF4B-00C04F79EFBC}") = "Penguin.Cms.Configuration.Local", "..\Penguin.Cms.Configuration\Penguin.Cms.Configuration.Local.csproj", "{06985101-DD68-49A3-BBAF-0EFF33191F68}"
EndProject
Project("{FAE04EC0-301F-11D3-BF4B-00C04F79EFBC}") = "Penguin.Cms.Entities.Local", "..\Penguin.Cms.Entities\Penguin.Cms.Entities.Local.csproj", "{2631E584-79E3-47BE-871C-728D2EAF6DC0}"
EndProject
Project("{FAE04EC0-301F-11D3-BF4B-00C04F79EFBC}") = "Penguin.Persistence.Abstractions.Local", "..\Penguin.Persistence.Abstractions\Penguin.Persistence.Abstractions.Local.csproj", "{6D1E048C-7517-48B6-87E9-A9A7483432BA}"
EndProject
Project("{FAE04EC0-301F-11D3-BF4B-00C04F79EFBC}") = "Penguin.Entities.Abstractions.Local", "..\Penguin.Entities.Abstractions\Penguin.Entities.Abstractions.Local.csproj", "{B42D3421-E426-4AF8-AF0C-E939394CDE92}"
EndProject
Project("{FAE04EC0-301F-11D3-BF4B-00C04F79EFBC}") = "Penguin.Reflection.Extensions.Local", "..\Penguin.Reflection.Extensions\Penguin.Reflection.Extensions.Local.csproj", "{297B9BBE-E7BE-4144-A3A4-882A3F7F31FE}"
EndProject
Project("{FAE04EC0-301F-11D3-BF4B-00C04F79EFBC}") = "Penguin.Extensions.String.Local", "..\Penguin.Extensions.String\Penguin.Extensions.String.Local.csproj", "{E3898407-A687-4564-B716-C2AB04708BE5}"
EndProject
Project("{FAE04EC0-301F-11D3-BF4B-00C04F79EFBC}") = "Penguin.Reflection.Abstractions.Local", "..\Penguin.Reflection.Abstractions\Penguin.Reflection.Abstractions.Local.csproj", "{0F01F3F4-BFB2-4528-AB02-F5696992B613}"
EndProject
Project("{FAE04EC0-301F-11D3-BF4B-00C04F79EFBC}") = "Penguin.Configuration.Local", "..\Penguin.Configuration\Penguin.Configuration.Local.csproj", "{182B32F1-0D1D-495F-8D32-38911AD6A377}"
EndProject
Project("{FAE04EC0-301F-11D3-BF4B-00C04F79EFBC}") = "Penguin.Configuration.Abstractions.Local", "..\Penguin.Configuration.Abstractions\Penguin.Configuration.Abstractions.Local.csproj", "{06FC5D22-458B-41D2-8CE5-23B7B9754278}"
EndProject
Project("{FAE04EC0-301F-11D3-BF4B-00C04F79EFBC}") = "Penguin.DependencyInjection.Abstractions.Local", "..\Penguin.DependencyInjection.Abstractions\Penguin.DependencyInjection.Abstractions.Local.csproj", "{FF25CE35-DB3C-4E05-9E7B-B6AB395BC6DD}"
EndProject
Project("{FAE04EC0-301F-11D3-BF4B-00C04F79EFBC}") = "Penguin.Messaging.Abstractions.Local", "..\Penguin.Messaging.Abstractions\Penguin.Messaging.Abstractions.Local.csproj", "{01A011DC-D1E2-4BF2-9619-80C145AB074D}"
EndProject
Project("{FAE04EC0-301F-11D3-BF4B-00C04F79EFBC}") = "Penguin.Messaging.Persistence.Local", "..\Penguin.Messaging.Persistence\Penguin.Messaging.Persistence.Local.csproj", "{6AC3514C-82BC-4DEC-AC0E-4623AA6F94CA}"
EndProject
Project("{FAE04EC0-301F-11D3-BF4B-00C04F79EFBC}") = "Penguin.Cms.Modules.Dynamic.Local", "..\Penguin.Cms.Modules.Dynamic\Penguin.Cms.Modules.Dynamic.Local.csproj", "{3D4D4D1A-7CAC-4B05-B057-90C0687BAA05}"
EndProject
Project("{FAE04EC0-301F-11D3-BF4B-00C04F79EFBC}") = "Penguin.Cms.Errors.Local", "..\Penguin.Cms.Errors\Penguin.Cms.Errors.Local.csproj", "{0F640849-3BFA-4711-96CE-CE1CDCC104E7}"
EndProject
Project("{FAE04EC0-301F-11D3-BF4B-00C04F79EFBC}") = "Penguin.Auditing.Abstractions.Local", "..\Penguin.Auditing.Abstractions\Penguin.Auditing.Abstractions.Local.csproj", "{6CB44D24-0723-4F67-8489-96FC440DD94A}"
EndProject
Project("{FAE04EC0-301F-11D3-BF4B-00C04F79EFBC}") = "Penguin.Extensions.Exceptions.Local", "..\Penguin.Extensions.Exceptions\Penguin.Extensions.Exceptions.Local.csproj", "{B7E06F11-A9B6-4D6E-AE0C-37D8DA38E7E5}"
EndProject
Project("{FAE04EC0-301F-11D3-BF4B-00C04F79EFBC}") = "Penguin.Cms.Modules.Admin.Local", "..\Penguin.Cms.Modules.Admin\Penguin.Cms.Modules.Admin.Local.csproj", "{15B58097-ABD3-4CAC-AB49-329CEF166FFA}"
EndProject
Project("{FAE04EC0-301F-11D3-BF4B-00C04F79EFBC}") = "Penguin.Cms.Modules.Core.Local", "..\Penguin.Cms.Modules.Core\Penguin.Cms.Modules.Core.Local.csproj", "{C0A13EBF-3B02-4F3C-B5FE-5996EB52228C}"
EndProject
Project("{FAE04EC0-301F-11D3-BF4B-00C04F79EFBC}") = "Penguin.Cms.Abstractions.Local", "..\Penguin.Cms.Abstractions\Penguin.Cms.Abstractions.Local.csproj", "{E9FFC3BE-9BC7-46F6-A55A-E13FB1988519}"
EndProject
Project("{FAE04EC0-301F-11D3-BF4B-00C04F79EFBC}") = "Penguin.Cms.Core.Local", "..\Penguin.Cms.Core\Penguin.Cms.Core.Local.csproj", "{6B1F4689-0AB9-4285-A9D3-E09924815A32}"
EndProject
Project("{FAE04EC0-301F-11D3-BF4B-00C04F79EFBC}") = "Penguin.Reflection.Local", "..\Penguin.Reflection\Penguin.Reflection.Local.csproj", "{C86F8115-06A6-46A6-B01A-B4E551887A53}"
EndProject
Project("{FAE04EC0-301F-11D3-BF4B-00C04F79EFBC}") = "Penguin.Debugging.Local", "..\Penguin.Debugging\Penguin.Debugging.Local.csproj", "{6390F1F1-45EC-46AB-83B7-B77168BB5397}"
EndProject
Project("{FAE04EC0-301F-11D3-BF4B-00C04F79EFBC}") = "Penguin.Cms.Web.Local", "..\Penguin.Cms.Web\Penguin.Cms.Web.Local.csproj", "{E435FEEC-F135-4269-BE5B-9D09D627FCBD}"
EndProject
Project("{FAE04EC0-301F-11D3-BF4B-00C04F79EFBC}") = "Penguin.DependencyInjection.Local", "..\Penguin.DependencyInjection\Penguin.DependencyInjection.Local.csproj", "{0B9AA4E4-6293-4B4C-98BF-08BB2FA58959}"
EndProject
Project("{FAE04EC0-301F-11D3-BF4B-00C04F79EFBC}") = "Penguin.Extensions.Collections.Local", "..\Penguin.Extensions.Collections\Penguin.Extensions.Collections.Local.csproj", "{17B5E837-5991-4516-B0CE-D400717D3C93}"
EndProject
Project("{FAE04EC0-301F-11D3-BF4B-00C04F79EFBC}") = "Penguin.Files.Local", "..\Penguin.Files\Penguin.Files.Local.csproj", "{DB87AADD-09DC-43ED-BDCC-8BDFDCDD1CC8}"
EndProject
Project("{FAE04EC0-301F-11D3-BF4B-00C04F79EFBC}") = "Penguin.Files.Abstractions.Local", "..\Penguin.Files.Abstractions\Penguin.Files.Abstractions.Local.csproj", "{6A4A6CB5-129C-43DA-940F-8ACA10BADFB1}"
EndProject
Project("{FAE04EC0-301F-11D3-BF4B-00C04F79EFBC}") = "Penguin.Security.Abstractions.Local", "..\Penguin.Security.Abstractions\Penguin.Security.Abstractions.Local.csproj", "{2E24E5B5-50D1-4BBD-A032-12E08A1C9B96}"
EndProject
Project("{FAE04EC0-301F-11D3-BF4B-00C04F79EFBC}") = "Penguin.Messaging.Application.Local", "..\Penguin.Messaging.Application\Penguin.Messaging.Application.Local.csproj", "{03148D7F-3692-4AA9-B6A5-E0DC1691B7DB}"
EndProject
Project("{FAE04EC0-301F-11D3-BF4B-00C04F79EFBC}") = "Penguin.Messaging.Core.Local", "..\Penguin.Messaging.Core\Penguin.Messaging.Core.Local.csproj", "{46569521-CA32-4705-9893-A47E39FD098E}"
EndProject
Project("{FAE04EC0-301F-11D3-BF4B-00C04F79EFBC}") = "Penguin.Persistence.Database.Local", "..\Penguin.Persistence.Database\Penguin.Persistence.Database.Local.csproj", "{F4430CFA-51B3-46D8-8864-2DBCE65FECEB}"
EndProject
Project("{FAE04EC0-301F-11D3-BF4B-00C04F79EFBC}") = "Penguin.Threading.BackgroundWorker.Local", "..\Penguin.Threading.BackgroundWorker\Penguin.Threading.BackgroundWorker.Local.csproj", "{1C4AA87B-50D7-4FE1-8BE6-E775F9BA78DB}"
EndProject
Project("{FAE04EC0-301F-11D3-BF4B-00C04F79EFBC}") = "Penguin.Persistence.Repositories.Local", "..\Penguin.Persistence.Repositories\Penguin.Persistence.Repositories.Local.csproj", "{A038B1F6-284E-47BE-8987-82FF566B5CD4}"
EndProject
Project("{FAE04EC0-301F-11D3-BF4B-00C04F79EFBC}") = "Penguin.Reflection.Serialization.Local", "..\Penguin.Reflection.Serialization\Penguin.Reflection.Serialization.Local.csproj", "{9A418CA0-EE49-4E11-9114-9D82AB963534}"
EndProject
Project("{FAE04EC0-301F-11D3-BF4B-00C04F79EFBC}") = "Penguin.Reflection.Serialization.Abstractions.Local", "..\Penguin.Reflection.Serialization.Abstractions\Penguin.Reflection.Serialization.Abstractions.Local.csproj", "{EE375407-F625-4EEB-93E6-C8B9DC0B4E17}"
EndProject
Project("{FAE04EC0-301F-11D3-BF4B-00C04F79EFBC}") = "Penguin.Reflection.Serialization.Extensions.Local", "..\Penguin.Reflection.Serialization.Extensions\Penguin.Reflection.Serialization.Extensions.Local.csproj", "{DBD5C8AB-D270-408D-BABC-D36683CDE7E6}"
EndProject
Project("{FAE04EC0-301F-11D3-BF4B-00C04F79EFBC}") = "Penguin.Templating.Abstractions.Local", "..\Penguin.Templating.Abstractions\Penguin.Templating.Abstractions.Local.csproj", "{5760C7E4-4CAC-4DCE-82B6-EC3A8CF77EBA}"
EndProject
Project("{FAE04EC0-301F-11D3-BF4B-00C04F79EFBC}") = "Penguin.Testing.Local", "..\Penguin.Testing\Penguin.Testing.Local.csproj", "{C613A1EC-F573-4E8C-8C48-1263DE5B7D8F}"
EndProject
Project("{FAE04EC0-301F-11D3-BF4B-00C04F79EFBC}") = "Penguin.Web.Abstractions.Local", "..\Penguin.Web.Abstractions\Penguin.Web.Abstractions.Local.csproj", "{8AAEEFCA-59C3-4CCC-B0B8-5DF61AB4F3D4}"
EndProject
Project("{FAE04EC0-301F-11D3-BF4B-00C04F79EFBC}") = "Penguin.Web.DependencyInjection.Local", "..\Penguin.Web.DependencyInjection\Penguin.Web.DependencyInjection.Local.csproj", "{4FB13F15-C2A8-4FFC-ACDF-C2CCED4BBFBD}"
EndProject
Project("{FAE04EC0-301F-11D3-BF4B-00C04F79EFBC}") = "Penguin.Web.Testing.Local", "..\Penguin.Web.Testing\Penguin.Web.Testing.Local.csproj", "{3B032CF8-3509-4191-A4E7-09265D22B819}"
EndProject
Project("{FAE04EC0-301F-11D3-BF4B-00C04F79EFBC}") = "Penguin.Web.Errors.Local", "..\Penguin.Web.Errors\Penguin.Web.Errors.Local.csproj", "{1B28AF80-D290-49EA-B2B2-5287A13B763B}"
EndProject
Project("{FAE04EC0-301F-11D3-BF4B-00C04F79EFBC}") = "Penguin.Web.Mvc.Local", "..\Penguin.Web.Mvc\Penguin.Web.Mvc.Local.csproj", "{4F4937C0-F0FF-4C07-B15A-0A4F3926762B}"
EndProject
Project("{FAE04EC0-301F-11D3-BF4B-00C04F79EFBC}") = "Penguin.Web.Mvc.Abstractions.Local", "..\Penguin.Web.Mvc.Abstractions\Penguin.Web.Mvc.Abstractions.Local.csproj", "{8AC5D179-EA11-4C03-9204-20CA2F20396D}"
EndProject
Project("{FAE04EC0-301F-11D3-BF4B-00C04F79EFBC}") = "Penguin.Navigation.Abstractions.Local", "..\Penguin.Navigation.Abstractions\Penguin.Navigation.Abstractions.Local.csproj", "{A9617BFF-D839-4C8C-B997-2711131B1696}"
EndProject
Project("{FAE04EC0-301F-11D3-BF4B-00C04F79EFBC}") = "Penguin.Web.Security.Local", "..\Penguin.Web.Security\Penguin.Web.Security.Local.csproj", "{F06ADCB6-6FE6-42E8-BFAF-CA387709375E}"
EndProject
Project("{FAE04EC0-301F-11D3-BF4B-00C04F79EFBC}") = "Penguin.Cms.Repositories.Local", "..\Penguin.Cms.Repositories\Penguin.Cms.Repositories.Local.csproj", "{8350F4A4-13E9-4A66-B2CE-7CF72280E5F5}"
EndProject
Project("{FAE04EC0-301F-11D3-BF4B-00C04F79EFBC}") = "Penguin.Shared.Objects.Local", "..\Penguin.Shared.Objects\Penguin.Shared.Objects.Local.csproj", "{FC49EEE1-E84D-44B0-9E1B-10ACE8D3E46A}"
EndProject
Project("{FAE04EC0-301F-11D3-BF4B-00C04F79EFBC}") = "Penguin.Web.Dynamic.Local", "..\Penguin.Web.Dynamic\Penguin.Web.Dynamic.Local.csproj", "{977596ED-C5ED-4178-87AB-F508CFF36989}"
EndProject
Global
	GlobalSection(SolutionConfigurationPlatforms) = preSolution
		Debug|Any CPU = Debug|Any CPU
		Debug|x64 = Debug|x64
		Debug|x86 = Debug|x86
		Release|Any CPU = Release|Any CPU
		Release|x64 = Release|x64
		Release|x86 = Release|x86
	EndGlobalSection
	GlobalSection(SolutionProperties) = preSolution
		HideSolutionNode = FALSE
	EndGlobalSection
	GlobalSection(ProjectConfigurationPlatforms) = postSolution
		{145FF16A-96B1-4DEB-AF18-B3F86979746A}.Debug|Any CPU.ActiveCfg = Debug|Any CPU
		{145FF16A-96B1-4DEB-AF18-B3F86979746A}.Debug|Any CPU.Build.0 = Debug|Any CPU
		{145FF16A-96B1-4DEB-AF18-B3F86979746A}.Debug|x64.ActiveCfg = Debug|Any CPU
		{145FF16A-96B1-4DEB-AF18-B3F86979746A}.Debug|x64.Build.0 = Debug|Any CPU
		{145FF16A-96B1-4DEB-AF18-B3F86979746A}.Debug|x86.ActiveCfg = Debug|Any CPU
		{145FF16A-96B1-4DEB-AF18-B3F86979746A}.Debug|x86.Build.0 = Debug|Any CPU
		{145FF16A-96B1-4DEB-AF18-B3F86979746A}.Release|Any CPU.ActiveCfg = Release|Any CPU
		{145FF16A-96B1-4DEB-AF18-B3F86979746A}.Release|Any CPU.Build.0 = Release|Any CPU
		{145FF16A-96B1-4DEB-AF18-B3F86979746A}.Release|x64.ActiveCfg = Release|Any CPU
		{145FF16A-96B1-4DEB-AF18-B3F86979746A}.Release|x64.Build.0 = Release|Any CPU
		{145FF16A-96B1-4DEB-AF18-B3F86979746A}.Release|x86.ActiveCfg = Release|Any CPU
		{145FF16A-96B1-4DEB-AF18-B3F86979746A}.Release|x86.Build.0 = Release|Any CPU
		{06985101-DD68-49A3-BBAF-0EFF33191F68}.Debug|Any CPU.ActiveCfg = Debug|Any CPU
		{06985101-DD68-49A3-BBAF-0EFF33191F68}.Debug|Any CPU.Build.0 = Debug|Any CPU
		{06985101-DD68-49A3-BBAF-0EFF33191F68}.Debug|x64.ActiveCfg = Debug|Any CPU
		{06985101-DD68-49A3-BBAF-0EFF33191F68}.Debug|x64.Build.0 = Debug|Any CPU
		{06985101-DD68-49A3-BBAF-0EFF33191F68}.Debug|x86.ActiveCfg = Debug|Any CPU
		{06985101-DD68-49A3-BBAF-0EFF33191F68}.Debug|x86.Build.0 = Debug|Any CPU
		{06985101-DD68-49A3-BBAF-0EFF33191F68}.Release|Any CPU.ActiveCfg = Release|Any CPU
		{06985101-DD68-49A3-BBAF-0EFF33191F68}.Release|Any CPU.Build.0 = Release|Any CPU
		{06985101-DD68-49A3-BBAF-0EFF33191F68}.Release|x64.ActiveCfg = Release|Any CPU
		{06985101-DD68-49A3-BBAF-0EFF33191F68}.Release|x64.Build.0 = Release|Any CPU
		{06985101-DD68-49A3-BBAF-0EFF33191F68}.Release|x86.ActiveCfg = Release|Any CPU
		{06985101-DD68-49A3-BBAF-0EFF33191F68}.Release|x86.Build.0 = Release|Any CPU
		{2631E584-79E3-47BE-871C-728D2EAF6DC0}.Debug|Any CPU.ActiveCfg = Debug|Any CPU
		{2631E584-79E3-47BE-871C-728D2EAF6DC0}.Debug|Any CPU.Build.0 = Debug|Any CPU
		{2631E584-79E3-47BE-871C-728D2EAF6DC0}.Debug|x64.ActiveCfg = Debug|Any CPU
		{2631E584-79E3-47BE-871C-728D2EAF6DC0}.Debug|x64.Build.0 = Debug|Any CPU
		{2631E584-79E3-47BE-871C-728D2EAF6DC0}.Debug|x86.ActiveCfg = Debug|Any CPU
		{2631E584-79E3-47BE-871C-728D2EAF6DC0}.Debug|x86.Build.0 = Debug|Any CPU
		{2631E584-79E3-47BE-871C-728D2EAF6DC0}.Release|Any CPU.ActiveCfg = Release|Any CPU
		{2631E584-79E3-47BE-871C-728D2EAF6DC0}.Release|Any CPU.Build.0 = Release|Any CPU
		{2631E584-79E3-47BE-871C-728D2EAF6DC0}.Release|x64.ActiveCfg = Release|Any CPU
		{2631E584-79E3-47BE-871C-728D2EAF6DC0}.Release|x64.Build.0 = Release|Any CPU
		{2631E584-79E3-47BE-871C-728D2EAF6DC0}.Release|x86.ActiveCfg = Release|Any CPU
		{2631E584-79E3-47BE-871C-728D2EAF6DC0}.Release|x86.Build.0 = Release|Any CPU
		{6D1E048C-7517-48B6-87E9-A9A7483432BA}.Debug|Any CPU.ActiveCfg = Debug|Any CPU
		{6D1E048C-7517-48B6-87E9-A9A7483432BA}.Debug|Any CPU.Build.0 = Debug|Any CPU
		{6D1E048C-7517-48B6-87E9-A9A7483432BA}.Debug|x64.ActiveCfg = Debug|Any CPU
		{6D1E048C-7517-48B6-87E9-A9A7483432BA}.Debug|x64.Build.0 = Debug|Any CPU
		{6D1E048C-7517-48B6-87E9-A9A7483432BA}.Debug|x86.ActiveCfg = Debug|Any CPU
		{6D1E048C-7517-48B6-87E9-A9A7483432BA}.Debug|x86.Build.0 = Debug|Any CPU
		{6D1E048C-7517-48B6-87E9-A9A7483432BA}.Release|Any CPU.ActiveCfg = Release|Any CPU
		{6D1E048C-7517-48B6-87E9-A9A7483432BA}.Release|Any CPU.Build.0 = Release|Any CPU
		{6D1E048C-7517-48B6-87E9-A9A7483432BA}.Release|x64.ActiveCfg = Release|Any CPU
		{6D1E048C-7517-48B6-87E9-A9A7483432BA}.Release|x64.Build.0 = Release|Any CPU
		{6D1E048C-7517-48B6-87E9-A9A7483432BA}.Release|x86.ActiveCfg = Release|Any CPU
		{6D1E048C-7517-48B6-87E9-A9A7483432BA}.Release|x86.Build.0 = Release|Any CPU
		{B42D3421-E426-4AF8-AF0C-E939394CDE92}.Debug|Any CPU.ActiveCfg = Debug|Any CPU
		{B42D3421-E426-4AF8-AF0C-E939394CDE92}.Debug|Any CPU.Build.0 = Debug|Any CPU
		{B42D3421-E426-4AF8-AF0C-E939394CDE92}.Debug|x64.ActiveCfg = Debug|Any CPU
		{B42D3421-E426-4AF8-AF0C-E939394CDE92}.Debug|x64.Build.0 = Debug|Any CPU
		{B42D3421-E426-4AF8-AF0C-E939394CDE92}.Debug|x86.ActiveCfg = Debug|Any CPU
		{B42D3421-E426-4AF8-AF0C-E939394CDE92}.Debug|x86.Build.0 = Debug|Any CPU
		{B42D3421-E426-4AF8-AF0C-E939394CDE92}.Release|Any CPU.ActiveCfg = Release|Any CPU
		{B42D3421-E426-4AF8-AF0C-E939394CDE92}.Release|Any CPU.Build.0 = Release|Any CPU
		{B42D3421-E426-4AF8-AF0C-E939394CDE92}.Release|x64.ActiveCfg = Release|Any CPU
		{B42D3421-E426-4AF8-AF0C-E939394CDE92}.Release|x64.Build.0 = Release|Any CPU
		{B42D3421-E426-4AF8-AF0C-E939394CDE92}.Release|x86.ActiveCfg = Release|Any CPU
		{B42D3421-E426-4AF8-AF0C-E939394CDE92}.Release|x86.Build.0 = Release|Any CPU
		{297B9BBE-E7BE-4144-A3A4-882A3F7F31FE}.Debug|Any CPU.ActiveCfg = Debug|Any CPU
		{297B9BBE-E7BE-4144-A3A4-882A3F7F31FE}.Debug|Any CPU.Build.0 = Debug|Any CPU
		{297B9BBE-E7BE-4144-A3A4-882A3F7F31FE}.Debug|x64.ActiveCfg = Debug|Any CPU
		{297B9BBE-E7BE-4144-A3A4-882A3F7F31FE}.Debug|x64.Build.0 = Debug|Any CPU
		{297B9BBE-E7BE-4144-A3A4-882A3F7F31FE}.Debug|x86.ActiveCfg = Debug|Any CPU
		{297B9BBE-E7BE-4144-A3A4-882A3F7F31FE}.Debug|x86.Build.0 = Debug|Any CPU
		{297B9BBE-E7BE-4144-A3A4-882A3F7F31FE}.Release|Any CPU.ActiveCfg = Release|Any CPU
		{297B9BBE-E7BE-4144-A3A4-882A3F7F31FE}.Release|Any CPU.Build.0 = Release|Any CPU
		{297B9BBE-E7BE-4144-A3A4-882A3F7F31FE}.Release|x64.ActiveCfg = Release|Any CPU
		{297B9BBE-E7BE-4144-A3A4-882A3F7F31FE}.Release|x64.Build.0 = Release|Any CPU
		{297B9BBE-E7BE-4144-A3A4-882A3F7F31FE}.Release|x86.ActiveCfg = Release|Any CPU
		{297B9BBE-E7BE-4144-A3A4-882A3F7F31FE}.Release|x86.Build.0 = Release|Any CPU
		{E3898407-A687-4564-B716-C2AB04708BE5}.Debug|Any CPU.ActiveCfg = Debug|Any CPU
		{E3898407-A687-4564-B716-C2AB04708BE5}.Debug|Any CPU.Build.0 = Debug|Any CPU
		{E3898407-A687-4564-B716-C2AB04708BE5}.Debug|x64.ActiveCfg = Debug|Any CPU
		{E3898407-A687-4564-B716-C2AB04708BE5}.Debug|x64.Build.0 = Debug|Any CPU
		{E3898407-A687-4564-B716-C2AB04708BE5}.Debug|x86.ActiveCfg = Debug|Any CPU
		{E3898407-A687-4564-B716-C2AB04708BE5}.Debug|x86.Build.0 = Debug|Any CPU
		{E3898407-A687-4564-B716-C2AB04708BE5}.Release|Any CPU.ActiveCfg = Release|Any CPU
		{E3898407-A687-4564-B716-C2AB04708BE5}.Release|Any CPU.Build.0 = Release|Any CPU
		{E3898407-A687-4564-B716-C2AB04708BE5}.Release|x64.ActiveCfg = Release|Any CPU
		{E3898407-A687-4564-B716-C2AB04708BE5}.Release|x64.Build.0 = Release|Any CPU
		{E3898407-A687-4564-B716-C2AB04708BE5}.Release|x86.ActiveCfg = Release|Any CPU
		{E3898407-A687-4564-B716-C2AB04708BE5}.Release|x86.Build.0 = Release|Any CPU
		{0F01F3F4-BFB2-4528-AB02-F5696992B613}.Debug|Any CPU.ActiveCfg = Debug|Any CPU
		{0F01F3F4-BFB2-4528-AB02-F5696992B613}.Debug|Any CPU.Build.0 = Debug|Any CPU
		{0F01F3F4-BFB2-4528-AB02-F5696992B613}.Debug|x64.ActiveCfg = Debug|Any CPU
		{0F01F3F4-BFB2-4528-AB02-F5696992B613}.Debug|x64.Build.0 = Debug|Any CPU
		{0F01F3F4-BFB2-4528-AB02-F5696992B613}.Debug|x86.ActiveCfg = Debug|Any CPU
		{0F01F3F4-BFB2-4528-AB02-F5696992B613}.Debug|x86.Build.0 = Debug|Any CPU
		{0F01F3F4-BFB2-4528-AB02-F5696992B613}.Release|Any CPU.ActiveCfg = Release|Any CPU
		{0F01F3F4-BFB2-4528-AB02-F5696992B613}.Release|Any CPU.Build.0 = Release|Any CPU
		{0F01F3F4-BFB2-4528-AB02-F5696992B613}.Release|x64.ActiveCfg = Release|Any CPU
		{0F01F3F4-BFB2-4528-AB02-F5696992B613}.Release|x64.Build.0 = Release|Any CPU
		{0F01F3F4-BFB2-4528-AB02-F5696992B613}.Release|x86.ActiveCfg = Release|Any CPU
		{0F01F3F4-BFB2-4528-AB02-F5696992B613}.Release|x86.Build.0 = Release|Any CPU
		{182B32F1-0D1D-495F-8D32-38911AD6A377}.Debug|Any CPU.ActiveCfg = Debug|Any CPU
		{182B32F1-0D1D-495F-8D32-38911AD6A377}.Debug|Any CPU.Build.0 = Debug|Any CPU
		{182B32F1-0D1D-495F-8D32-38911AD6A377}.Debug|x64.ActiveCfg = Debug|Any CPU
		{182B32F1-0D1D-495F-8D32-38911AD6A377}.Debug|x64.Build.0 = Debug|Any CPU
		{182B32F1-0D1D-495F-8D32-38911AD6A377}.Debug|x86.ActiveCfg = Debug|Any CPU
		{182B32F1-0D1D-495F-8D32-38911AD6A377}.Debug|x86.Build.0 = Debug|Any CPU
		{182B32F1-0D1D-495F-8D32-38911AD6A377}.Release|Any CPU.ActiveCfg = Release|Any CPU
		{182B32F1-0D1D-495F-8D32-38911AD6A377}.Release|Any CPU.Build.0 = Release|Any CPU
		{182B32F1-0D1D-495F-8D32-38911AD6A377}.Release|x64.ActiveCfg = Release|Any CPU
		{182B32F1-0D1D-495F-8D32-38911AD6A377}.Release|x64.Build.0 = Release|Any CPU
		{182B32F1-0D1D-495F-8D32-38911AD6A377}.Release|x86.ActiveCfg = Release|Any CPU
		{182B32F1-0D1D-495F-8D32-38911AD6A377}.Release|x86.Build.0 = Release|Any CPU
		{06FC5D22-458B-41D2-8CE5-23B7B9754278}.Debug|Any CPU.ActiveCfg = Debug|Any CPU
		{06FC5D22-458B-41D2-8CE5-23B7B9754278}.Debug|Any CPU.Build.0 = Debug|Any CPU
		{06FC5D22-458B-41D2-8CE5-23B7B9754278}.Debug|x64.ActiveCfg = Debug|Any CPU
		{06FC5D22-458B-41D2-8CE5-23B7B9754278}.Debug|x64.Build.0 = Debug|Any CPU
		{06FC5D22-458B-41D2-8CE5-23B7B9754278}.Debug|x86.ActiveCfg = Debug|Any CPU
		{06FC5D22-458B-41D2-8CE5-23B7B9754278}.Debug|x86.Build.0 = Debug|Any CPU
		{06FC5D22-458B-41D2-8CE5-23B7B9754278}.Release|Any CPU.ActiveCfg = Release|Any CPU
		{06FC5D22-458B-41D2-8CE5-23B7B9754278}.Release|Any CPU.Build.0 = Release|Any CPU
		{06FC5D22-458B-41D2-8CE5-23B7B9754278}.Release|x64.ActiveCfg = Release|Any CPU
		{06FC5D22-458B-41D2-8CE5-23B7B9754278}.Release|x64.Build.0 = Release|Any CPU
		{06FC5D22-458B-41D2-8CE5-23B7B9754278}.Release|x86.ActiveCfg = Release|Any CPU
		{06FC5D22-458B-41D2-8CE5-23B7B9754278}.Release|x86.Build.0 = Release|Any CPU
		{FF25CE35-DB3C-4E05-9E7B-B6AB395BC6DD}.Debug|Any CPU.ActiveCfg = Debug|Any CPU
		{FF25CE35-DB3C-4E05-9E7B-B6AB395BC6DD}.Debug|Any CPU.Build.0 = Debug|Any CPU
		{FF25CE35-DB3C-4E05-9E7B-B6AB395BC6DD}.Debug|x64.ActiveCfg = Debug|Any CPU
		{FF25CE35-DB3C-4E05-9E7B-B6AB395BC6DD}.Debug|x64.Build.0 = Debug|Any CPU
		{FF25CE35-DB3C-4E05-9E7B-B6AB395BC6DD}.Debug|x86.ActiveCfg = Debug|Any CPU
		{FF25CE35-DB3C-4E05-9E7B-B6AB395BC6DD}.Debug|x86.Build.0 = Debug|Any CPU
		{FF25CE35-DB3C-4E05-9E7B-B6AB395BC6DD}.Release|Any CPU.ActiveCfg = Release|Any CPU
		{FF25CE35-DB3C-4E05-9E7B-B6AB395BC6DD}.Release|Any CPU.Build.0 = Release|Any CPU
		{FF25CE35-DB3C-4E05-9E7B-B6AB395BC6DD}.Release|x64.ActiveCfg = Release|Any CPU
		{FF25CE35-DB3C-4E05-9E7B-B6AB395BC6DD}.Release|x64.Build.0 = Release|Any CPU
		{FF25CE35-DB3C-4E05-9E7B-B6AB395BC6DD}.Release|x86.ActiveCfg = Release|Any CPU
		{FF25CE35-DB3C-4E05-9E7B-B6AB395BC6DD}.Release|x86.Build.0 = Release|Any CPU
		{01A011DC-D1E2-4BF2-9619-80C145AB074D}.Debug|Any CPU.ActiveCfg = Debug|Any CPU
		{01A011DC-D1E2-4BF2-9619-80C145AB074D}.Debug|Any CPU.Build.0 = Debug|Any CPU
		{01A011DC-D1E2-4BF2-9619-80C145AB074D}.Debug|x64.ActiveCfg = Debug|Any CPU
		{01A011DC-D1E2-4BF2-9619-80C145AB074D}.Debug|x64.Build.0 = Debug|Any CPU
		{01A011DC-D1E2-4BF2-9619-80C145AB074D}.Debug|x86.ActiveCfg = Debug|Any CPU
		{01A011DC-D1E2-4BF2-9619-80C145AB074D}.Debug|x86.Build.0 = Debug|Any CPU
		{01A011DC-D1E2-4BF2-9619-80C145AB074D}.Release|Any CPU.ActiveCfg = Release|Any CPU
		{01A011DC-D1E2-4BF2-9619-80C145AB074D}.Release|Any CPU.Build.0 = Release|Any CPU
		{01A011DC-D1E2-4BF2-9619-80C145AB074D}.Release|x64.ActiveCfg = Release|Any CPU
		{01A011DC-D1E2-4BF2-9619-80C145AB074D}.Release|x64.Build.0 = Release|Any CPU
		{01A011DC-D1E2-4BF2-9619-80C145AB074D}.Release|x86.ActiveCfg = Release|Any CPU
		{01A011DC-D1E2-4BF2-9619-80C145AB074D}.Release|x86.Build.0 = Release|Any CPU
		{6AC3514C-82BC-4DEC-AC0E-4623AA6F94CA}.Debug|Any CPU.ActiveCfg = Debug|Any CPU
		{6AC3514C-82BC-4DEC-AC0E-4623AA6F94CA}.Debug|Any CPU.Build.0 = Debug|Any CPU
		{6AC3514C-82BC-4DEC-AC0E-4623AA6F94CA}.Debug|x64.ActiveCfg = Debug|Any CPU
		{6AC3514C-82BC-4DEC-AC0E-4623AA6F94CA}.Debug|x64.Build.0 = Debug|Any CPU
		{6AC3514C-82BC-4DEC-AC0E-4623AA6F94CA}.Debug|x86.ActiveCfg = Debug|Any CPU
		{6AC3514C-82BC-4DEC-AC0E-4623AA6F94CA}.Debug|x86.Build.0 = Debug|Any CPU
		{6AC3514C-82BC-4DEC-AC0E-4623AA6F94CA}.Release|Any CPU.ActiveCfg = Release|Any CPU
		{6AC3514C-82BC-4DEC-AC0E-4623AA6F94CA}.Release|Any CPU.Build.0 = Release|Any CPU
		{6AC3514C-82BC-4DEC-AC0E-4623AA6F94CA}.Release|x64.ActiveCfg = Release|Any CPU
		{6AC3514C-82BC-4DEC-AC0E-4623AA6F94CA}.Release|x64.Build.0 = Release|Any CPU
		{6AC3514C-82BC-4DEC-AC0E-4623AA6F94CA}.Release|x86.ActiveCfg = Release|Any CPU
		{6AC3514C-82BC-4DEC-AC0E-4623AA6F94CA}.Release|x86.Build.0 = Release|Any CPU
		{3D4D4D1A-7CAC-4B05-B057-90C0687BAA05}.Debug|Any CPU.ActiveCfg = Debug|Any CPU
		{3D4D4D1A-7CAC-4B05-B057-90C0687BAA05}.Debug|Any CPU.Build.0 = Debug|Any CPU
		{3D4D4D1A-7CAC-4B05-B057-90C0687BAA05}.Debug|x64.ActiveCfg = Debug|Any CPU
		{3D4D4D1A-7CAC-4B05-B057-90C0687BAA05}.Debug|x64.Build.0 = Debug|Any CPU
		{3D4D4D1A-7CAC-4B05-B057-90C0687BAA05}.Debug|x86.ActiveCfg = Debug|Any CPU
		{3D4D4D1A-7CAC-4B05-B057-90C0687BAA05}.Debug|x86.Build.0 = Debug|Any CPU
		{3D4D4D1A-7CAC-4B05-B057-90C0687BAA05}.Release|Any CPU.ActiveCfg = Release|Any CPU
		{3D4D4D1A-7CAC-4B05-B057-90C0687BAA05}.Release|Any CPU.Build.0 = Release|Any CPU
		{3D4D4D1A-7CAC-4B05-B057-90C0687BAA05}.Release|x64.ActiveCfg = Release|Any CPU
		{3D4D4D1A-7CAC-4B05-B057-90C0687BAA05}.Release|x64.Build.0 = Release|Any CPU
		{3D4D4D1A-7CAC-4B05-B057-90C0687BAA05}.Release|x86.ActiveCfg = Release|Any CPU
		{3D4D4D1A-7CAC-4B05-B057-90C0687BAA05}.Release|x86.Build.0 = Release|Any CPU
		{0F640849-3BFA-4711-96CE-CE1CDCC104E7}.Debug|Any CPU.ActiveCfg = Debug|Any CPU
		{0F640849-3BFA-4711-96CE-CE1CDCC104E7}.Debug|Any CPU.Build.0 = Debug|Any CPU
		{0F640849-3BFA-4711-96CE-CE1CDCC104E7}.Debug|x64.ActiveCfg = Debug|Any CPU
		{0F640849-3BFA-4711-96CE-CE1CDCC104E7}.Debug|x64.Build.0 = Debug|Any CPU
		{0F640849-3BFA-4711-96CE-CE1CDCC104E7}.Debug|x86.ActiveCfg = Debug|Any CPU
		{0F640849-3BFA-4711-96CE-CE1CDCC104E7}.Debug|x86.Build.0 = Debug|Any CPU
		{0F640849-3BFA-4711-96CE-CE1CDCC104E7}.Release|Any CPU.ActiveCfg = Release|Any CPU
		{0F640849-3BFA-4711-96CE-CE1CDCC104E7}.Release|Any CPU.Build.0 = Release|Any CPU
		{0F640849-3BFA-4711-96CE-CE1CDCC104E7}.Release|x64.ActiveCfg = Release|Any CPU
		{0F640849-3BFA-4711-96CE-CE1CDCC104E7}.Release|x64.Build.0 = Release|Any CPU
		{0F640849-3BFA-4711-96CE-CE1CDCC104E7}.Release|x86.ActiveCfg = Release|Any CPU
		{0F640849-3BFA-4711-96CE-CE1CDCC104E7}.Release|x86.Build.0 = Release|Any CPU
		{6CB44D24-0723-4F67-8489-96FC440DD94A}.Debug|Any CPU.ActiveCfg = Debug|Any CPU
		{6CB44D24-0723-4F67-8489-96FC440DD94A}.Debug|Any CPU.Build.0 = Debug|Any CPU
		{6CB44D24-0723-4F67-8489-96FC440DD94A}.Debug|x64.ActiveCfg = Debug|Any CPU
		{6CB44D24-0723-4F67-8489-96FC440DD94A}.Debug|x64.Build.0 = Debug|Any CPU
		{6CB44D24-0723-4F67-8489-96FC440DD94A}.Debug|x86.ActiveCfg = Debug|Any CPU
		{6CB44D24-0723-4F67-8489-96FC440DD94A}.Debug|x86.Build.0 = Debug|Any CPU
		{6CB44D24-0723-4F67-8489-96FC440DD94A}.Release|Any CPU.ActiveCfg = Release|Any CPU
		{6CB44D24-0723-4F67-8489-96FC440DD94A}.Release|Any CPU.Build.0 = Release|Any CPU
		{6CB44D24-0723-4F67-8489-96FC440DD94A}.Release|x64.ActiveCfg = Release|Any CPU
		{6CB44D24-0723-4F67-8489-96FC440DD94A}.Release|x64.Build.0 = Release|Any CPU
		{6CB44D24-0723-4F67-8489-96FC440DD94A}.Release|x86.ActiveCfg = Release|Any CPU
		{6CB44D24-0723-4F67-8489-96FC440DD94A}.Release|x86.Build.0 = Release|Any CPU
		{B7E06F11-A9B6-4D6E-AE0C-37D8DA38E7E5}.Debug|Any CPU.ActiveCfg = Debug|Any CPU
		{B7E06F11-A9B6-4D6E-AE0C-37D8DA38E7E5}.Debug|Any CPU.Build.0 = Debug|Any CPU
		{B7E06F11-A9B6-4D6E-AE0C-37D8DA38E7E5}.Debug|x64.ActiveCfg = Debug|Any CPU
		{B7E06F11-A9B6-4D6E-AE0C-37D8DA38E7E5}.Debug|x64.Build.0 = Debug|Any CPU
		{B7E06F11-A9B6-4D6E-AE0C-37D8DA38E7E5}.Debug|x86.ActiveCfg = Debug|Any CPU
		{B7E06F11-A9B6-4D6E-AE0C-37D8DA38E7E5}.Debug|x86.Build.0 = Debug|Any CPU
		{B7E06F11-A9B6-4D6E-AE0C-37D8DA38E7E5}.Release|Any CPU.ActiveCfg = Release|Any CPU
		{B7E06F11-A9B6-4D6E-AE0C-37D8DA38E7E5}.Release|Any CPU.Build.0 = Release|Any CPU
		{B7E06F11-A9B6-4D6E-AE0C-37D8DA38E7E5}.Release|x64.ActiveCfg = Release|Any CPU
		{B7E06F11-A9B6-4D6E-AE0C-37D8DA38E7E5}.Release|x64.Build.0 = Release|Any CPU
		{B7E06F11-A9B6-4D6E-AE0C-37D8DA38E7E5}.Release|x86.ActiveCfg = Release|Any CPU
		{B7E06F11-A9B6-4D6E-AE0C-37D8DA38E7E5}.Release|x86.Build.0 = Release|Any CPU
		{15B58097-ABD3-4CAC-AB49-329CEF166FFA}.Debug|Any CPU.ActiveCfg = Debug|Any CPU
		{15B58097-ABD3-4CAC-AB49-329CEF166FFA}.Debug|Any CPU.Build.0 = Debug|Any CPU
		{15B58097-ABD3-4CAC-AB49-329CEF166FFA}.Debug|x64.ActiveCfg = Debug|Any CPU
		{15B58097-ABD3-4CAC-AB49-329CEF166FFA}.Debug|x64.Build.0 = Debug|Any CPU
		{15B58097-ABD3-4CAC-AB49-329CEF166FFA}.Debug|x86.ActiveCfg = Debug|Any CPU
		{15B58097-ABD3-4CAC-AB49-329CEF166FFA}.Debug|x86.Build.0 = Debug|Any CPU
		{15B58097-ABD3-4CAC-AB49-329CEF166FFA}.Release|Any CPU.ActiveCfg = Release|Any CPU
		{15B58097-ABD3-4CAC-AB49-329CEF166FFA}.Release|Any CPU.Build.0 = Release|Any CPU
		{15B58097-ABD3-4CAC-AB49-329CEF166FFA}.Release|x64.ActiveCfg = Release|Any CPU
		{15B58097-ABD3-4CAC-AB49-329CEF166FFA}.Release|x64.Build.0 = Release|Any CPU
		{15B58097-ABD3-4CAC-AB49-329CEF166FFA}.Release|x86.ActiveCfg = Release|Any CPU
		{15B58097-ABD3-4CAC-AB49-329CEF166FFA}.Release|x86.Build.0 = Release|Any CPU
		{C0A13EBF-3B02-4F3C-B5FE-5996EB52228C}.Debug|Any CPU.ActiveCfg = Debug|Any CPU
		{C0A13EBF-3B02-4F3C-B5FE-5996EB52228C}.Debug|Any CPU.Build.0 = Debug|Any CPU
		{C0A13EBF-3B02-4F3C-B5FE-5996EB52228C}.Debug|x64.ActiveCfg = Debug|Any CPU
		{C0A13EBF-3B02-4F3C-B5FE-5996EB52228C}.Debug|x64.Build.0 = Debug|Any CPU
		{C0A13EBF-3B02-4F3C-B5FE-5996EB52228C}.Debug|x86.ActiveCfg = Debug|Any CPU
		{C0A13EBF-3B02-4F3C-B5FE-5996EB52228C}.Debug|x86.Build.0 = Debug|Any CPU
		{C0A13EBF-3B02-4F3C-B5FE-5996EB52228C}.Release|Any CPU.ActiveCfg = Release|Any CPU
		{C0A13EBF-3B02-4F3C-B5FE-5996EB52228C}.Release|Any CPU.Build.0 = Release|Any CPU
		{C0A13EBF-3B02-4F3C-B5FE-5996EB52228C}.Release|x64.ActiveCfg = Release|Any CPU
		{C0A13EBF-3B02-4F3C-B5FE-5996EB52228C}.Release|x64.Build.0 = Release|Any CPU
		{C0A13EBF-3B02-4F3C-B5FE-5996EB52228C}.Release|x86.ActiveCfg = Release|Any CPU
		{C0A13EBF-3B02-4F3C-B5FE-5996EB52228C}.Release|x86.Build.0 = Release|Any CPU
		{E9FFC3BE-9BC7-46F6-A55A-E13FB1988519}.Debug|Any CPU.ActiveCfg = Debug|Any CPU
		{E9FFC3BE-9BC7-46F6-A55A-E13FB1988519}.Debug|Any CPU.Build.0 = Debug|Any CPU
		{E9FFC3BE-9BC7-46F6-A55A-E13FB1988519}.Debug|x64.ActiveCfg = Debug|Any CPU
		{E9FFC3BE-9BC7-46F6-A55A-E13FB1988519}.Debug|x64.Build.0 = Debug|Any CPU
		{E9FFC3BE-9BC7-46F6-A55A-E13FB1988519}.Debug|x86.ActiveCfg = Debug|Any CPU
		{E9FFC3BE-9BC7-46F6-A55A-E13FB1988519}.Debug|x86.Build.0 = Debug|Any CPU
		{E9FFC3BE-9BC7-46F6-A55A-E13FB1988519}.Release|Any CPU.ActiveCfg = Release|Any CPU
		{E9FFC3BE-9BC7-46F6-A55A-E13FB1988519}.Release|Any CPU.Build.0 = Release|Any CPU
		{E9FFC3BE-9BC7-46F6-A55A-E13FB1988519}.Release|x64.ActiveCfg = Release|Any CPU
		{E9FFC3BE-9BC7-46F6-A55A-E13FB1988519}.Release|x64.Build.0 = Release|Any CPU
		{E9FFC3BE-9BC7-46F6-A55A-E13FB1988519}.Release|x86.ActiveCfg = Release|Any CPU
		{E9FFC3BE-9BC7-46F6-A55A-E13FB1988519}.Release|x86.Build.0 = Release|Any CPU
		{6B1F4689-0AB9-4285-A9D3-E09924815A32}.Debug|Any CPU.ActiveCfg = Debug|Any CPU
		{6B1F4689-0AB9-4285-A9D3-E09924815A32}.Debug|Any CPU.Build.0 = Debug|Any CPU
		{6B1F4689-0AB9-4285-A9D3-E09924815A32}.Debug|x64.ActiveCfg = Debug|Any CPU
		{6B1F4689-0AB9-4285-A9D3-E09924815A32}.Debug|x64.Build.0 = Debug|Any CPU
		{6B1F4689-0AB9-4285-A9D3-E09924815A32}.Debug|x86.ActiveCfg = Debug|Any CPU
		{6B1F4689-0AB9-4285-A9D3-E09924815A32}.Debug|x86.Build.0 = Debug|Any CPU
		{6B1F4689-0AB9-4285-A9D3-E09924815A32}.Release|Any CPU.ActiveCfg = Release|Any CPU
		{6B1F4689-0AB9-4285-A9D3-E09924815A32}.Release|Any CPU.Build.0 = Release|Any CPU
		{6B1F4689-0AB9-4285-A9D3-E09924815A32}.Release|x64.ActiveCfg = Release|Any CPU
		{6B1F4689-0AB9-4285-A9D3-E09924815A32}.Release|x64.Build.0 = Release|Any CPU
		{6B1F4689-0AB9-4285-A9D3-E09924815A32}.Release|x86.ActiveCfg = Release|Any CPU
		{6B1F4689-0AB9-4285-A9D3-E09924815A32}.Release|x86.Build.0 = Release|Any CPU
		{C86F8115-06A6-46A6-B01A-B4E551887A53}.Debug|Any CPU.ActiveCfg = Debug|Any CPU
		{C86F8115-06A6-46A6-B01A-B4E551887A53}.Debug|Any CPU.Build.0 = Debug|Any CPU
		{C86F8115-06A6-46A6-B01A-B4E551887A53}.Debug|x64.ActiveCfg = Debug|Any CPU
		{C86F8115-06A6-46A6-B01A-B4E551887A53}.Debug|x64.Build.0 = Debug|Any CPU
		{C86F8115-06A6-46A6-B01A-B4E551887A53}.Debug|x86.ActiveCfg = Debug|Any CPU
		{C86F8115-06A6-46A6-B01A-B4E551887A53}.Debug|x86.Build.0 = Debug|Any CPU
		{C86F8115-06A6-46A6-B01A-B4E551887A53}.Release|Any CPU.ActiveCfg = Release|Any CPU
		{C86F8115-06A6-46A6-B01A-B4E551887A53}.Release|Any CPU.Build.0 = Release|Any CPU
		{C86F8115-06A6-46A6-B01A-B4E551887A53}.Release|x64.ActiveCfg = Release|Any CPU
		{C86F8115-06A6-46A6-B01A-B4E551887A53}.Release|x64.Build.0 = Release|Any CPU
		{C86F8115-06A6-46A6-B01A-B4E551887A53}.Release|x86.ActiveCfg = Release|Any CPU
		{C86F8115-06A6-46A6-B01A-B4E551887A53}.Release|x86.Build.0 = Release|Any CPU
		{6390F1F1-45EC-46AB-83B7-B77168BB5397}.Debug|Any CPU.ActiveCfg = Debug|Any CPU
		{6390F1F1-45EC-46AB-83B7-B77168BB5397}.Debug|Any CPU.Build.0 = Debug|Any CPU
		{6390F1F1-45EC-46AB-83B7-B77168BB5397}.Debug|x64.ActiveCfg = Debug|Any CPU
		{6390F1F1-45EC-46AB-83B7-B77168BB5397}.Debug|x64.Build.0 = Debug|Any CPU
		{6390F1F1-45EC-46AB-83B7-B77168BB5397}.Debug|x86.ActiveCfg = Debug|Any CPU
		{6390F1F1-45EC-46AB-83B7-B77168BB5397}.Debug|x86.Build.0 = Debug|Any CPU
		{6390F1F1-45EC-46AB-83B7-B77168BB5397}.Release|Any CPU.ActiveCfg = Release|Any CPU
		{6390F1F1-45EC-46AB-83B7-B77168BB5397}.Release|Any CPU.Build.0 = Release|Any CPU
		{6390F1F1-45EC-46AB-83B7-B77168BB5397}.Release|x64.ActiveCfg = Release|Any CPU
		{6390F1F1-45EC-46AB-83B7-B77168BB5397}.Release|x64.Build.0 = Release|Any CPU
		{6390F1F1-45EC-46AB-83B7-B77168BB5397}.Release|x86.ActiveCfg = Release|Any CPU
		{6390F1F1-45EC-46AB-83B7-B77168BB5397}.Release|x86.Build.0 = Release|Any CPU
		{E435FEEC-F135-4269-BE5B-9D09D627FCBD}.Debug|Any CPU.ActiveCfg = Debug|Any CPU
		{E435FEEC-F135-4269-BE5B-9D09D627FCBD}.Debug|Any CPU.Build.0 = Debug|Any CPU
		{E435FEEC-F135-4269-BE5B-9D09D627FCBD}.Debug|x64.ActiveCfg = Debug|Any CPU
		{E435FEEC-F135-4269-BE5B-9D09D627FCBD}.Debug|x64.Build.0 = Debug|Any CPU
		{E435FEEC-F135-4269-BE5B-9D09D627FCBD}.Debug|x86.ActiveCfg = Debug|Any CPU
		{E435FEEC-F135-4269-BE5B-9D09D627FCBD}.Debug|x86.Build.0 = Debug|Any CPU
		{E435FEEC-F135-4269-BE5B-9D09D627FCBD}.Release|Any CPU.ActiveCfg = Release|Any CPU
		{E435FEEC-F135-4269-BE5B-9D09D627FCBD}.Release|Any CPU.Build.0 = Release|Any CPU
		{E435FEEC-F135-4269-BE5B-9D09D627FCBD}.Release|x64.ActiveCfg = Release|Any CPU
		{E435FEEC-F135-4269-BE5B-9D09D627FCBD}.Release|x64.Build.0 = Release|Any CPU
		{E435FEEC-F135-4269-BE5B-9D09D627FCBD}.Release|x86.ActiveCfg = Release|Any CPU
		{E435FEEC-F135-4269-BE5B-9D09D627FCBD}.Release|x86.Build.0 = Release|Any CPU
		{0B9AA4E4-6293-4B4C-98BF-08BB2FA58959}.Debug|Any CPU.ActiveCfg = Debug|Any CPU
		{0B9AA4E4-6293-4B4C-98BF-08BB2FA58959}.Debug|Any CPU.Build.0 = Debug|Any CPU
		{0B9AA4E4-6293-4B4C-98BF-08BB2FA58959}.Debug|x64.ActiveCfg = Debug|Any CPU
		{0B9AA4E4-6293-4B4C-98BF-08BB2FA58959}.Debug|x64.Build.0 = Debug|Any CPU
		{0B9AA4E4-6293-4B4C-98BF-08BB2FA58959}.Debug|x86.ActiveCfg = Debug|Any CPU
		{0B9AA4E4-6293-4B4C-98BF-08BB2FA58959}.Debug|x86.Build.0 = Debug|Any CPU
		{0B9AA4E4-6293-4B4C-98BF-08BB2FA58959}.Release|Any CPU.ActiveCfg = Release|Any CPU
		{0B9AA4E4-6293-4B4C-98BF-08BB2FA58959}.Release|Any CPU.Build.0 = Release|Any CPU
		{0B9AA4E4-6293-4B4C-98BF-08BB2FA58959}.Release|x64.ActiveCfg = Release|Any CPU
		{0B9AA4E4-6293-4B4C-98BF-08BB2FA58959}.Release|x64.Build.0 = Release|Any CPU
		{0B9AA4E4-6293-4B4C-98BF-08BB2FA58959}.Release|x86.ActiveCfg = Release|Any CPU
		{0B9AA4E4-6293-4B4C-98BF-08BB2FA58959}.Release|x86.Build.0 = Release|Any CPU
		{17B5E837-5991-4516-B0CE-D400717D3C93}.Debug|Any CPU.ActiveCfg = Debug|Any CPU
		{17B5E837-5991-4516-B0CE-D400717D3C93}.Debug|Any CPU.Build.0 = Debug|Any CPU
		{17B5E837-5991-4516-B0CE-D400717D3C93}.Debug|x64.ActiveCfg = Debug|Any CPU
		{17B5E837-5991-4516-B0CE-D400717D3C93}.Debug|x64.Build.0 = Debug|Any CPU
		{17B5E837-5991-4516-B0CE-D400717D3C93}.Debug|x86.ActiveCfg = Debug|Any CPU
		{17B5E837-5991-4516-B0CE-D400717D3C93}.Debug|x86.Build.0 = Debug|Any CPU
		{17B5E837-5991-4516-B0CE-D400717D3C93}.Release|Any CPU.ActiveCfg = Release|Any CPU
		{17B5E837-5991-4516-B0CE-D400717D3C93}.Release|Any CPU.Build.0 = Release|Any CPU
		{17B5E837-5991-4516-B0CE-D400717D3C93}.Release|x64.ActiveCfg = Release|Any CPU
		{17B5E837-5991-4516-B0CE-D400717D3C93}.Release|x64.Build.0 = Release|Any CPU
		{17B5E837-5991-4516-B0CE-D400717D3C93}.Release|x86.ActiveCfg = Release|Any CPU
		{17B5E837-5991-4516-B0CE-D400717D3C93}.Release|x86.Build.0 = Release|Any CPU
		{DB87AADD-09DC-43ED-BDCC-8BDFDCDD1CC8}.Debug|Any CPU.ActiveCfg = Debug|Any CPU
		{DB87AADD-09DC-43ED-BDCC-8BDFDCDD1CC8}.Debug|Any CPU.Build.0 = Debug|Any CPU
		{DB87AADD-09DC-43ED-BDCC-8BDFDCDD1CC8}.Debug|x64.ActiveCfg = Debug|Any CPU
		{DB87AADD-09DC-43ED-BDCC-8BDFDCDD1CC8}.Debug|x64.Build.0 = Debug|Any CPU
		{DB87AADD-09DC-43ED-BDCC-8BDFDCDD1CC8}.Debug|x86.ActiveCfg = Debug|Any CPU
		{DB87AADD-09DC-43ED-BDCC-8BDFDCDD1CC8}.Debug|x86.Build.0 = Debug|Any CPU
		{DB87AADD-09DC-43ED-BDCC-8BDFDCDD1CC8}.Release|Any CPU.ActiveCfg = Release|Any CPU
		{DB87AADD-09DC-43ED-BDCC-8BDFDCDD1CC8}.Release|Any CPU.Build.0 = Release|Any CPU
		{DB87AADD-09DC-43ED-BDCC-8BDFDCDD1CC8}.Release|x64.ActiveCfg = Release|Any CPU
		{DB87AADD-09DC-43ED-BDCC-8BDFDCDD1CC8}.Release|x64.Build.0 = Release|Any CPU
		{DB87AADD-09DC-43ED-BDCC-8BDFDCDD1CC8}.Release|x86.ActiveCfg = Release|Any CPU
		{DB87AADD-09DC-43ED-BDCC-8BDFDCDD1CC8}.Release|x86.Build.0 = Release|Any CPU
		{6A4A6CB5-129C-43DA-940F-8ACA10BADFB1}.Debug|Any CPU.ActiveCfg = Debug|Any CPU
		{6A4A6CB5-129C-43DA-940F-8ACA10BADFB1}.Debug|Any CPU.Build.0 = Debug|Any CPU
		{6A4A6CB5-129C-43DA-940F-8ACA10BADFB1}.Debug|x64.ActiveCfg = Debug|Any CPU
		{6A4A6CB5-129C-43DA-940F-8ACA10BADFB1}.Debug|x64.Build.0 = Debug|Any CPU
		{6A4A6CB5-129C-43DA-940F-8ACA10BADFB1}.Debug|x86.ActiveCfg = Debug|Any CPU
		{6A4A6CB5-129C-43DA-940F-8ACA10BADFB1}.Debug|x86.Build.0 = Debug|Any CPU
		{6A4A6CB5-129C-43DA-940F-8ACA10BADFB1}.Release|Any CPU.ActiveCfg = Release|Any CPU
		{6A4A6CB5-129C-43DA-940F-8ACA10BADFB1}.Release|Any CPU.Build.0 = Release|Any CPU
		{6A4A6CB5-129C-43DA-940F-8ACA10BADFB1}.Release|x64.ActiveCfg = Release|Any CPU
		{6A4A6CB5-129C-43DA-940F-8ACA10BADFB1}.Release|x64.Build.0 = Release|Any CPU
		{6A4A6CB5-129C-43DA-940F-8ACA10BADFB1}.Release|x86.ActiveCfg = Release|Any CPU
		{6A4A6CB5-129C-43DA-940F-8ACA10BADFB1}.Release|x86.Build.0 = Release|Any CPU
		{2E24E5B5-50D1-4BBD-A032-12E08A1C9B96}.Debug|Any CPU.ActiveCfg = Debug|Any CPU
		{2E24E5B5-50D1-4BBD-A032-12E08A1C9B96}.Debug|Any CPU.Build.0 = Debug|Any CPU
		{2E24E5B5-50D1-4BBD-A032-12E08A1C9B96}.Debug|x64.ActiveCfg = Debug|Any CPU
		{2E24E5B5-50D1-4BBD-A032-12E08A1C9B96}.Debug|x64.Build.0 = Debug|Any CPU
		{2E24E5B5-50D1-4BBD-A032-12E08A1C9B96}.Debug|x86.ActiveCfg = Debug|Any CPU
		{2E24E5B5-50D1-4BBD-A032-12E08A1C9B96}.Debug|x86.Build.0 = Debug|Any CPU
		{2E24E5B5-50D1-4BBD-A032-12E08A1C9B96}.Release|Any CPU.ActiveCfg = Release|Any CPU
		{2E24E5B5-50D1-4BBD-A032-12E08A1C9B96}.Release|Any CPU.Build.0 = Release|Any CPU
		{2E24E5B5-50D1-4BBD-A032-12E08A1C9B96}.Release|x64.ActiveCfg = Release|Any CPU
		{2E24E5B5-50D1-4BBD-A032-12E08A1C9B96}.Release|x64.Build.0 = Release|Any CPU
		{2E24E5B5-50D1-4BBD-A032-12E08A1C9B96}.Release|x86.ActiveCfg = Release|Any CPU
		{2E24E5B5-50D1-4BBD-A032-12E08A1C9B96}.Release|x86.Build.0 = Release|Any CPU
		{03148D7F-3692-4AA9-B6A5-E0DC1691B7DB}.Debug|Any CPU.ActiveCfg = Debug|Any CPU
		{03148D7F-3692-4AA9-B6A5-E0DC1691B7DB}.Debug|Any CPU.Build.0 = Debug|Any CPU
		{03148D7F-3692-4AA9-B6A5-E0DC1691B7DB}.Debug|x64.ActiveCfg = Debug|Any CPU
		{03148D7F-3692-4AA9-B6A5-E0DC1691B7DB}.Debug|x64.Build.0 = Debug|Any CPU
		{03148D7F-3692-4AA9-B6A5-E0DC1691B7DB}.Debug|x86.ActiveCfg = Debug|Any CPU
		{03148D7F-3692-4AA9-B6A5-E0DC1691B7DB}.Debug|x86.Build.0 = Debug|Any CPU
		{03148D7F-3692-4AA9-B6A5-E0DC1691B7DB}.Release|Any CPU.ActiveCfg = Release|Any CPU
		{03148D7F-3692-4AA9-B6A5-E0DC1691B7DB}.Release|Any CPU.Build.0 = Release|Any CPU
		{03148D7F-3692-4AA9-B6A5-E0DC1691B7DB}.Release|x64.ActiveCfg = Release|Any CPU
		{03148D7F-3692-4AA9-B6A5-E0DC1691B7DB}.Release|x64.Build.0 = Release|Any CPU
		{03148D7F-3692-4AA9-B6A5-E0DC1691B7DB}.Release|x86.ActiveCfg = Release|Any CPU
		{03148D7F-3692-4AA9-B6A5-E0DC1691B7DB}.Release|x86.Build.0 = Release|Any CPU
		{46569521-CA32-4705-9893-A47E39FD098E}.Debug|Any CPU.ActiveCfg = Debug|Any CPU
		{46569521-CA32-4705-9893-A47E39FD098E}.Debug|Any CPU.Build.0 = Debug|Any CPU
		{46569521-CA32-4705-9893-A47E39FD098E}.Debug|x64.ActiveCfg = Debug|Any CPU
		{46569521-CA32-4705-9893-A47E39FD098E}.Debug|x64.Build.0 = Debug|Any CPU
		{46569521-CA32-4705-9893-A47E39FD098E}.Debug|x86.ActiveCfg = Debug|Any CPU
		{46569521-CA32-4705-9893-A47E39FD098E}.Debug|x86.Build.0 = Debug|Any CPU
		{46569521-CA32-4705-9893-A47E39FD098E}.Release|Any CPU.ActiveCfg = Release|Any CPU
		{46569521-CA32-4705-9893-A47E39FD098E}.Release|Any CPU.Build.0 = Release|Any CPU
		{46569521-CA32-4705-9893-A47E39FD098E}.Release|x64.ActiveCfg = Release|Any CPU
		{46569521-CA32-4705-9893-A47E39FD098E}.Release|x64.Build.0 = Release|Any CPU
		{46569521-CA32-4705-9893-A47E39FD098E}.Release|x86.ActiveCfg = Release|Any CPU
		{46569521-CA32-4705-9893-A47E39FD098E}.Release|x86.Build.0 = Release|Any CPU
		{F4430CFA-51B3-46D8-8864-2DBCE65FECEB}.Debug|Any CPU.ActiveCfg = Debug|Any CPU
		{F4430CFA-51B3-46D8-8864-2DBCE65FECEB}.Debug|Any CPU.Build.0 = Debug|Any CPU
		{F4430CFA-51B3-46D8-8864-2DBCE65FECEB}.Debug|x64.ActiveCfg = Debug|Any CPU
		{F4430CFA-51B3-46D8-8864-2DBCE65FECEB}.Debug|x64.Build.0 = Debug|Any CPU
		{F4430CFA-51B3-46D8-8864-2DBCE65FECEB}.Debug|x86.ActiveCfg = Debug|Any CPU
		{F4430CFA-51B3-46D8-8864-2DBCE65FECEB}.Debug|x86.Build.0 = Debug|Any CPU
		{F4430CFA-51B3-46D8-8864-2DBCE65FECEB}.Release|Any CPU.ActiveCfg = Release|Any CPU
		{F4430CFA-51B3-46D8-8864-2DBCE65FECEB}.Release|Any CPU.Build.0 = Release|Any CPU
		{F4430CFA-51B3-46D8-8864-2DBCE65FECEB}.Release|x64.ActiveCfg = Release|Any CPU
		{F4430CFA-51B3-46D8-8864-2DBCE65FECEB}.Release|x64.Build.0 = Release|Any CPU
		{F4430CFA-51B3-46D8-8864-2DBCE65FECEB}.Release|x86.ActiveCfg = Release|Any CPU
		{F4430CFA-51B3-46D8-8864-2DBCE65FECEB}.Release|x86.Build.0 = Release|Any CPU
		{1C4AA87B-50D7-4FE1-8BE6-E775F9BA78DB}.Debug|Any CPU.ActiveCfg = Debug|Any CPU
		{1C4AA87B-50D7-4FE1-8BE6-E775F9BA78DB}.Debug|Any CPU.Build.0 = Debug|Any CPU
		{1C4AA87B-50D7-4FE1-8BE6-E775F9BA78DB}.Debug|x64.ActiveCfg = Debug|Any CPU
		{1C4AA87B-50D7-4FE1-8BE6-E775F9BA78DB}.Debug|x64.Build.0 = Debug|Any CPU
		{1C4AA87B-50D7-4FE1-8BE6-E775F9BA78DB}.Debug|x86.ActiveCfg = Debug|Any CPU
		{1C4AA87B-50D7-4FE1-8BE6-E775F9BA78DB}.Debug|x86.Build.0 = Debug|Any CPU
		{1C4AA87B-50D7-4FE1-8BE6-E775F9BA78DB}.Release|Any CPU.ActiveCfg = Release|Any CPU
		{1C4AA87B-50D7-4FE1-8BE6-E775F9BA78DB}.Release|Any CPU.Build.0 = Release|Any CPU
		{1C4AA87B-50D7-4FE1-8BE6-E775F9BA78DB}.Release|x64.ActiveCfg = Release|Any CPU
		{1C4AA87B-50D7-4FE1-8BE6-E775F9BA78DB}.Release|x64.Build.0 = Release|Any CPU
		{1C4AA87B-50D7-4FE1-8BE6-E775F9BA78DB}.Release|x86.ActiveCfg = Release|Any CPU
		{1C4AA87B-50D7-4FE1-8BE6-E775F9BA78DB}.Release|x86.Build.0 = Release|Any CPU
		{A038B1F6-284E-47BE-8987-82FF566B5CD4}.Debug|Any CPU.ActiveCfg = Debug|Any CPU
		{A038B1F6-284E-47BE-8987-82FF566B5CD4}.Debug|Any CPU.Build.0 = Debug|Any CPU
		{A038B1F6-284E-47BE-8987-82FF566B5CD4}.Debug|x64.ActiveCfg = Debug|Any CPU
		{A038B1F6-284E-47BE-8987-82FF566B5CD4}.Debug|x64.Build.0 = Debug|Any CPU
		{A038B1F6-284E-47BE-8987-82FF566B5CD4}.Debug|x86.ActiveCfg = Debug|Any CPU
		{A038B1F6-284E-47BE-8987-82FF566B5CD4}.Debug|x86.Build.0 = Debug|Any CPU
		{A038B1F6-284E-47BE-8987-82FF566B5CD4}.Release|Any CPU.ActiveCfg = Release|Any CPU
		{A038B1F6-284E-47BE-8987-82FF566B5CD4}.Release|Any CPU.Build.0 = Release|Any CPU
		{A038B1F6-284E-47BE-8987-82FF566B5CD4}.Release|x64.ActiveCfg = Release|Any CPU
		{A038B1F6-284E-47BE-8987-82FF566B5CD4}.Release|x64.Build.0 = Release|Any CPU
		{A038B1F6-284E-47BE-8987-82FF566B5CD4}.Release|x86.ActiveCfg = Release|Any CPU
		{A038B1F6-284E-47BE-8987-82FF566B5CD4}.Release|x86.Build.0 = Release|Any CPU
		{9A418CA0-EE49-4E11-9114-9D82AB963534}.Debug|Any CPU.ActiveCfg = Debug|Any CPU
		{9A418CA0-EE49-4E11-9114-9D82AB963534}.Debug|Any CPU.Build.0 = Debug|Any CPU
		{9A418CA0-EE49-4E11-9114-9D82AB963534}.Debug|x64.ActiveCfg = Debug|Any CPU
		{9A418CA0-EE49-4E11-9114-9D82AB963534}.Debug|x64.Build.0 = Debug|Any CPU
		{9A418CA0-EE49-4E11-9114-9D82AB963534}.Debug|x86.ActiveCfg = Debug|Any CPU
		{9A418CA0-EE49-4E11-9114-9D82AB963534}.Debug|x86.Build.0 = Debug|Any CPU
		{9A418CA0-EE49-4E11-9114-9D82AB963534}.Release|Any CPU.ActiveCfg = Release|Any CPU
		{9A418CA0-EE49-4E11-9114-9D82AB963534}.Release|Any CPU.Build.0 = Release|Any CPU
		{9A418CA0-EE49-4E11-9114-9D82AB963534}.Release|x64.ActiveCfg = Release|Any CPU
		{9A418CA0-EE49-4E11-9114-9D82AB963534}.Release|x64.Build.0 = Release|Any CPU
		{9A418CA0-EE49-4E11-9114-9D82AB963534}.Release|x86.ActiveCfg = Release|Any CPU
		{9A418CA0-EE49-4E11-9114-9D82AB963534}.Release|x86.Build.0 = Release|Any CPU
		{EE375407-F625-4EEB-93E6-C8B9DC0B4E17}.Debug|Any CPU.ActiveCfg = Debug|Any CPU
		{EE375407-F625-4EEB-93E6-C8B9DC0B4E17}.Debug|Any CPU.Build.0 = Debug|Any CPU
		{EE375407-F625-4EEB-93E6-C8B9DC0B4E17}.Debug|x64.ActiveCfg = Debug|Any CPU
		{EE375407-F625-4EEB-93E6-C8B9DC0B4E17}.Debug|x64.Build.0 = Debug|Any CPU
		{EE375407-F625-4EEB-93E6-C8B9DC0B4E17}.Debug|x86.ActiveCfg = Debug|Any CPU
		{EE375407-F625-4EEB-93E6-C8B9DC0B4E17}.Debug|x86.Build.0 = Debug|Any CPU
		{EE375407-F625-4EEB-93E6-C8B9DC0B4E17}.Release|Any CPU.ActiveCfg = Release|Any CPU
		{EE375407-F625-4EEB-93E6-C8B9DC0B4E17}.Release|Any CPU.Build.0 = Release|Any CPU
		{EE375407-F625-4EEB-93E6-C8B9DC0B4E17}.Release|x64.ActiveCfg = Release|Any CPU
		{EE375407-F625-4EEB-93E6-C8B9DC0B4E17}.Release|x64.Build.0 = Release|Any CPU
		{EE375407-F625-4EEB-93E6-C8B9DC0B4E17}.Release|x86.ActiveCfg = Release|Any CPU
		{EE375407-F625-4EEB-93E6-C8B9DC0B4E17}.Release|x86.Build.0 = Release|Any CPU
		{DBD5C8AB-D270-408D-BABC-D36683CDE7E6}.Debug|Any CPU.ActiveCfg = Debug|Any CPU
		{DBD5C8AB-D270-408D-BABC-D36683CDE7E6}.Debug|Any CPU.Build.0 = Debug|Any CPU
		{DBD5C8AB-D270-408D-BABC-D36683CDE7E6}.Debug|x64.ActiveCfg = Debug|Any CPU
		{DBD5C8AB-D270-408D-BABC-D36683CDE7E6}.Debug|x64.Build.0 = Debug|Any CPU
		{DBD5C8AB-D270-408D-BABC-D36683CDE7E6}.Debug|x86.ActiveCfg = Debug|Any CPU
		{DBD5C8AB-D270-408D-BABC-D36683CDE7E6}.Debug|x86.Build.0 = Debug|Any CPU
		{DBD5C8AB-D270-408D-BABC-D36683CDE7E6}.Release|Any CPU.ActiveCfg = Release|Any CPU
		{DBD5C8AB-D270-408D-BABC-D36683CDE7E6}.Release|Any CPU.Build.0 = Release|Any CPU
		{DBD5C8AB-D270-408D-BABC-D36683CDE7E6}.Release|x64.ActiveCfg = Release|Any CPU
		{DBD5C8AB-D270-408D-BABC-D36683CDE7E6}.Release|x64.Build.0 = Release|Any CPU
		{DBD5C8AB-D270-408D-BABC-D36683CDE7E6}.Release|x86.ActiveCfg = Release|Any CPU
		{DBD5C8AB-D270-408D-BABC-D36683CDE7E6}.Release|x86.Build.0 = Release|Any CPU
		{5760C7E4-4CAC-4DCE-82B6-EC3A8CF77EBA}.Debug|Any CPU.ActiveCfg = Debug|Any CPU
		{5760C7E4-4CAC-4DCE-82B6-EC3A8CF77EBA}.Debug|Any CPU.Build.0 = Debug|Any CPU
		{5760C7E4-4CAC-4DCE-82B6-EC3A8CF77EBA}.Debug|x64.ActiveCfg = Debug|Any CPU
		{5760C7E4-4CAC-4DCE-82B6-EC3A8CF77EBA}.Debug|x64.Build.0 = Debug|Any CPU
		{5760C7E4-4CAC-4DCE-82B6-EC3A8CF77EBA}.Debug|x86.ActiveCfg = Debug|Any CPU
		{5760C7E4-4CAC-4DCE-82B6-EC3A8CF77EBA}.Debug|x86.Build.0 = Debug|Any CPU
		{5760C7E4-4CAC-4DCE-82B6-EC3A8CF77EBA}.Release|Any CPU.ActiveCfg = Release|Any CPU
		{5760C7E4-4CAC-4DCE-82B6-EC3A8CF77EBA}.Release|Any CPU.Build.0 = Release|Any CPU
		{5760C7E4-4CAC-4DCE-82B6-EC3A8CF77EBA}.Release|x64.ActiveCfg = Release|Any CPU
		{5760C7E4-4CAC-4DCE-82B6-EC3A8CF77EBA}.Release|x64.Build.0 = Release|Any CPU
		{5760C7E4-4CAC-4DCE-82B6-EC3A8CF77EBA}.Release|x86.ActiveCfg = Release|Any CPU
		{5760C7E4-4CAC-4DCE-82B6-EC3A8CF77EBA}.Release|x86.Build.0 = Release|Any CPU
		{C613A1EC-F573-4E8C-8C48-1263DE5B7D8F}.Debug|Any CPU.ActiveCfg = Debug|Any CPU
		{C613A1EC-F573-4E8C-8C48-1263DE5B7D8F}.Debug|Any CPU.Build.0 = Debug|Any CPU
		{C613A1EC-F573-4E8C-8C48-1263DE5B7D8F}.Debug|x64.ActiveCfg = Debug|Any CPU
		{C613A1EC-F573-4E8C-8C48-1263DE5B7D8F}.Debug|x64.Build.0 = Debug|Any CPU
		{C613A1EC-F573-4E8C-8C48-1263DE5B7D8F}.Debug|x86.ActiveCfg = Debug|Any CPU
		{C613A1EC-F573-4E8C-8C48-1263DE5B7D8F}.Debug|x86.Build.0 = Debug|Any CPU
		{C613A1EC-F573-4E8C-8C48-1263DE5B7D8F}.Release|Any CPU.ActiveCfg = Release|Any CPU
		{C613A1EC-F573-4E8C-8C48-1263DE5B7D8F}.Release|Any CPU.Build.0 = Release|Any CPU
		{C613A1EC-F573-4E8C-8C48-1263DE5B7D8F}.Release|x64.ActiveCfg = Release|Any CPU
		{C613A1EC-F573-4E8C-8C48-1263DE5B7D8F}.Release|x64.Build.0 = Release|Any CPU
		{C613A1EC-F573-4E8C-8C48-1263DE5B7D8F}.Release|x86.ActiveCfg = Release|Any CPU
		{C613A1EC-F573-4E8C-8C48-1263DE5B7D8F}.Release|x86.Build.0 = Release|Any CPU
		{8AAEEFCA-59C3-4CCC-B0B8-5DF61AB4F3D4}.Debug|Any CPU.ActiveCfg = Debug|Any CPU
		{8AAEEFCA-59C3-4CCC-B0B8-5DF61AB4F3D4}.Debug|Any CPU.Build.0 = Debug|Any CPU
		{8AAEEFCA-59C3-4CCC-B0B8-5DF61AB4F3D4}.Debug|x64.ActiveCfg = Debug|Any CPU
		{8AAEEFCA-59C3-4CCC-B0B8-5DF61AB4F3D4}.Debug|x64.Build.0 = Debug|Any CPU
		{8AAEEFCA-59C3-4CCC-B0B8-5DF61AB4F3D4}.Debug|x86.ActiveCfg = Debug|Any CPU
		{8AAEEFCA-59C3-4CCC-B0B8-5DF61AB4F3D4}.Debug|x86.Build.0 = Debug|Any CPU
		{8AAEEFCA-59C3-4CCC-B0B8-5DF61AB4F3D4}.Release|Any CPU.ActiveCfg = Release|Any CPU
		{8AAEEFCA-59C3-4CCC-B0B8-5DF61AB4F3D4}.Release|Any CPU.Build.0 = Release|Any CPU
		{8AAEEFCA-59C3-4CCC-B0B8-5DF61AB4F3D4}.Release|x64.ActiveCfg = Release|Any CPU
		{8AAEEFCA-59C3-4CCC-B0B8-5DF61AB4F3D4}.Release|x64.Build.0 = Release|Any CPU
		{8AAEEFCA-59C3-4CCC-B0B8-5DF61AB4F3D4}.Release|x86.ActiveCfg = Release|Any CPU
		{8AAEEFCA-59C3-4CCC-B0B8-5DF61AB4F3D4}.Release|x86.Build.0 = Release|Any CPU
		{4FB13F15-C2A8-4FFC-ACDF-C2CCED4BBFBD}.Debug|Any CPU.ActiveCfg = Debug|Any CPU
		{4FB13F15-C2A8-4FFC-ACDF-C2CCED4BBFBD}.Debug|Any CPU.Build.0 = Debug|Any CPU
		{4FB13F15-C2A8-4FFC-ACDF-C2CCED4BBFBD}.Debug|x64.ActiveCfg = Debug|Any CPU
		{4FB13F15-C2A8-4FFC-ACDF-C2CCED4BBFBD}.Debug|x64.Build.0 = Debug|Any CPU
		{4FB13F15-C2A8-4FFC-ACDF-C2CCED4BBFBD}.Debug|x86.ActiveCfg = Debug|Any CPU
		{4FB13F15-C2A8-4FFC-ACDF-C2CCED4BBFBD}.Debug|x86.Build.0 = Debug|Any CPU
		{4FB13F15-C2A8-4FFC-ACDF-C2CCED4BBFBD}.Release|Any CPU.ActiveCfg = Release|Any CPU
		{4FB13F15-C2A8-4FFC-ACDF-C2CCED4BBFBD}.Release|Any CPU.Build.0 = Release|Any CPU
		{4FB13F15-C2A8-4FFC-ACDF-C2CCED4BBFBD}.Release|x64.ActiveCfg = Release|Any CPU
		{4FB13F15-C2A8-4FFC-ACDF-C2CCED4BBFBD}.Release|x64.Build.0 = Release|Any CPU
		{4FB13F15-C2A8-4FFC-ACDF-C2CCED4BBFBD}.Release|x86.ActiveCfg = Release|Any CPU
		{4FB13F15-C2A8-4FFC-ACDF-C2CCED4BBFBD}.Release|x86.Build.0 = Release|Any CPU
		{3B032CF8-3509-4191-A4E7-09265D22B819}.Debug|Any CPU.ActiveCfg = Debug|Any CPU
		{3B032CF8-3509-4191-A4E7-09265D22B819}.Debug|Any CPU.Build.0 = Debug|Any CPU
		{3B032CF8-3509-4191-A4E7-09265D22B819}.Debug|x64.ActiveCfg = Debug|Any CPU
		{3B032CF8-3509-4191-A4E7-09265D22B819}.Debug|x64.Build.0 = Debug|Any CPU
		{3B032CF8-3509-4191-A4E7-09265D22B819}.Debug|x86.ActiveCfg = Debug|Any CPU
		{3B032CF8-3509-4191-A4E7-09265D22B819}.Debug|x86.Build.0 = Debug|Any CPU
		{3B032CF8-3509-4191-A4E7-09265D22B819}.Release|Any CPU.ActiveCfg = Release|Any CPU
		{3B032CF8-3509-4191-A4E7-09265D22B819}.Release|Any CPU.Build.0 = Release|Any CPU
		{3B032CF8-3509-4191-A4E7-09265D22B819}.Release|x64.ActiveCfg = Release|Any CPU
		{3B032CF8-3509-4191-A4E7-09265D22B819}.Release|x64.Build.0 = Release|Any CPU
		{3B032CF8-3509-4191-A4E7-09265D22B819}.Release|x86.ActiveCfg = Release|Any CPU
		{3B032CF8-3509-4191-A4E7-09265D22B819}.Release|x86.Build.0 = Release|Any CPU
		{1B28AF80-D290-49EA-B2B2-5287A13B763B}.Debug|Any CPU.ActiveCfg = Debug|Any CPU
		{1B28AF80-D290-49EA-B2B2-5287A13B763B}.Debug|Any CPU.Build.0 = Debug|Any CPU
		{1B28AF80-D290-49EA-B2B2-5287A13B763B}.Debug|x64.ActiveCfg = Debug|Any CPU
		{1B28AF80-D290-49EA-B2B2-5287A13B763B}.Debug|x64.Build.0 = Debug|Any CPU
		{1B28AF80-D290-49EA-B2B2-5287A13B763B}.Debug|x86.ActiveCfg = Debug|Any CPU
		{1B28AF80-D290-49EA-B2B2-5287A13B763B}.Debug|x86.Build.0 = Debug|Any CPU
		{1B28AF80-D290-49EA-B2B2-5287A13B763B}.Release|Any CPU.ActiveCfg = Release|Any CPU
		{1B28AF80-D290-49EA-B2B2-5287A13B763B}.Release|Any CPU.Build.0 = Release|Any CPU
		{1B28AF80-D290-49EA-B2B2-5287A13B763B}.Release|x64.ActiveCfg = Release|Any CPU
		{1B28AF80-D290-49EA-B2B2-5287A13B763B}.Release|x64.Build.0 = Release|Any CPU
		{1B28AF80-D290-49EA-B2B2-5287A13B763B}.Release|x86.ActiveCfg = Release|Any CPU
		{1B28AF80-D290-49EA-B2B2-5287A13B763B}.Release|x86.Build.0 = Release|Any CPU
		{4F4937C0-F0FF-4C07-B15A-0A4F3926762B}.Debug|Any CPU.ActiveCfg = Debug|Any CPU
		{4F4937C0-F0FF-4C07-B15A-0A4F3926762B}.Debug|Any CPU.Build.0 = Debug|Any CPU
		{4F4937C0-F0FF-4C07-B15A-0A4F3926762B}.Debug|x64.ActiveCfg = Debug|Any CPU
		{4F4937C0-F0FF-4C07-B15A-0A4F3926762B}.Debug|x64.Build.0 = Debug|Any CPU
		{4F4937C0-F0FF-4C07-B15A-0A4F3926762B}.Debug|x86.ActiveCfg = Debug|Any CPU
		{4F4937C0-F0FF-4C07-B15A-0A4F3926762B}.Debug|x86.Build.0 = Debug|Any CPU
		{4F4937C0-F0FF-4C07-B15A-0A4F3926762B}.Release|Any CPU.ActiveCfg = Release|Any CPU
		{4F4937C0-F0FF-4C07-B15A-0A4F3926762B}.Release|Any CPU.Build.0 = Release|Any CPU
		{4F4937C0-F0FF-4C07-B15A-0A4F3926762B}.Release|x64.ActiveCfg = Release|Any CPU
		{4F4937C0-F0FF-4C07-B15A-0A4F3926762B}.Release|x64.Build.0 = Release|Any CPU
		{4F4937C0-F0FF-4C07-B15A-0A4F3926762B}.Release|x86.ActiveCfg = Release|Any CPU
		{4F4937C0-F0FF-4C07-B15A-0A4F3926762B}.Release|x86.Build.0 = Release|Any CPU
		{8AC5D179-EA11-4C03-9204-20CA2F20396D}.Debug|Any CPU.ActiveCfg = Debug|Any CPU
		{8AC5D179-EA11-4C03-9204-20CA2F20396D}.Debug|Any CPU.Build.0 = Debug|Any CPU
		{8AC5D179-EA11-4C03-9204-20CA2F20396D}.Debug|x64.ActiveCfg = Debug|Any CPU
		{8AC5D179-EA11-4C03-9204-20CA2F20396D}.Debug|x64.Build.0 = Debug|Any CPU
		{8AC5D179-EA11-4C03-9204-20CA2F20396D}.Debug|x86.ActiveCfg = Debug|Any CPU
		{8AC5D179-EA11-4C03-9204-20CA2F20396D}.Debug|x86.Build.0 = Debug|Any CPU
		{8AC5D179-EA11-4C03-9204-20CA2F20396D}.Release|Any CPU.ActiveCfg = Release|Any CPU
		{8AC5D179-EA11-4C03-9204-20CA2F20396D}.Release|Any CPU.Build.0 = Release|Any CPU
		{8AC5D179-EA11-4C03-9204-20CA2F20396D}.Release|x64.ActiveCfg = Release|Any CPU
		{8AC5D179-EA11-4C03-9204-20CA2F20396D}.Release|x64.Build.0 = Release|Any CPU
		{8AC5D179-EA11-4C03-9204-20CA2F20396D}.Release|x86.ActiveCfg = Release|Any CPU
		{8AC5D179-EA11-4C03-9204-20CA2F20396D}.Release|x86.Build.0 = Release|Any CPU
		{A9617BFF-D839-4C8C-B997-2711131B1696}.Debug|Any CPU.ActiveCfg = Debug|Any CPU
		{A9617BFF-D839-4C8C-B997-2711131B1696}.Debug|Any CPU.Build.0 = Debug|Any CPU
		{A9617BFF-D839-4C8C-B997-2711131B1696}.Debug|x64.ActiveCfg = Debug|Any CPU
		{A9617BFF-D839-4C8C-B997-2711131B1696}.Debug|x64.Build.0 = Debug|Any CPU
		{A9617BFF-D839-4C8C-B997-2711131B1696}.Debug|x86.ActiveCfg = Debug|Any CPU
		{A9617BFF-D839-4C8C-B997-2711131B1696}.Debug|x86.Build.0 = Debug|Any CPU
		{A9617BFF-D839-4C8C-B997-2711131B1696}.Release|Any CPU.ActiveCfg = Release|Any CPU
		{A9617BFF-D839-4C8C-B997-2711131B1696}.Release|Any CPU.Build.0 = Release|Any CPU
		{A9617BFF-D839-4C8C-B997-2711131B1696}.Release|x64.ActiveCfg = Release|Any CPU
		{A9617BFF-D839-4C8C-B997-2711131B1696}.Release|x64.Build.0 = Release|Any CPU
		{A9617BFF-D839-4C8C-B997-2711131B1696}.Release|x86.ActiveCfg = Release|Any CPU
		{A9617BFF-D839-4C8C-B997-2711131B1696}.Release|x86.Build.0 = Release|Any CPU
		{F06ADCB6-6FE6-42E8-BFAF-CA387709375E}.Debug|Any CPU.ActiveCfg = Debug|Any CPU
		{F06ADCB6-6FE6-42E8-BFAF-CA387709375E}.Debug|Any CPU.Build.0 = Debug|Any CPU
		{F06ADCB6-6FE6-42E8-BFAF-CA387709375E}.Debug|x64.ActiveCfg = Debug|Any CPU
		{F06ADCB6-6FE6-42E8-BFAF-CA387709375E}.Debug|x64.Build.0 = Debug|Any CPU
		{F06ADCB6-6FE6-42E8-BFAF-CA387709375E}.Debug|x86.ActiveCfg = Debug|Any CPU
		{F06ADCB6-6FE6-42E8-BFAF-CA387709375E}.Debug|x86.Build.0 = Debug|Any CPU
		{F06ADCB6-6FE6-42E8-BFAF-CA387709375E}.Release|Any CPU.ActiveCfg = Release|Any CPU
		{F06ADCB6-6FE6-42E8-BFAF-CA387709375E}.Release|Any CPU.Build.0 = Release|Any CPU
		{F06ADCB6-6FE6-42E8-BFAF-CA387709375E}.Release|x64.ActiveCfg = Release|Any CPU
		{F06ADCB6-6FE6-42E8-BFAF-CA387709375E}.Release|x64.Build.0 = Release|Any CPU
		{F06ADCB6-6FE6-42E8-BFAF-CA387709375E}.Release|x86.ActiveCfg = Release|Any CPU
		{F06ADCB6-6FE6-42E8-BFAF-CA387709375E}.Release|x86.Build.0 = Release|Any CPU
		{8350F4A4-13E9-4A66-B2CE-7CF72280E5F5}.Debug|Any CPU.ActiveCfg = Debug|Any CPU
		{8350F4A4-13E9-4A66-B2CE-7CF72280E5F5}.Debug|Any CPU.Build.0 = Debug|Any CPU
		{8350F4A4-13E9-4A66-B2CE-7CF72280E5F5}.Debug|x64.ActiveCfg = Debug|Any CPU
		{8350F4A4-13E9-4A66-B2CE-7CF72280E5F5}.Debug|x64.Build.0 = Debug|Any CPU
		{8350F4A4-13E9-4A66-B2CE-7CF72280E5F5}.Debug|x86.ActiveCfg = Debug|Any CPU
		{8350F4A4-13E9-4A66-B2CE-7CF72280E5F5}.Debug|x86.Build.0 = Debug|Any CPU
		{8350F4A4-13E9-4A66-B2CE-7CF72280E5F5}.Release|Any CPU.ActiveCfg = Release|Any CPU
		{8350F4A4-13E9-4A66-B2CE-7CF72280E5F5}.Release|Any CPU.Build.0 = Release|Any CPU
		{8350F4A4-13E9-4A66-B2CE-7CF72280E5F5}.Release|x64.ActiveCfg = Release|Any CPU
		{8350F4A4-13E9-4A66-B2CE-7CF72280E5F5}.Release|x64.Build.0 = Release|Any CPU
		{8350F4A4-13E9-4A66-B2CE-7CF72280E5F5}.Release|x86.ActiveCfg = Release|Any CPU
		{8350F4A4-13E9-4A66-B2CE-7CF72280E5F5}.Release|x86.Build.0 = Release|Any CPU
		{FC49EEE1-E84D-44B0-9E1B-10ACE8D3E46A}.Debug|Any CPU.ActiveCfg = Debug|Any CPU
		{FC49EEE1-E84D-44B0-9E1B-10ACE8D3E46A}.Debug|Any CPU.Build.0 = Debug|Any CPU
		{FC49EEE1-E84D-44B0-9E1B-10ACE8D3E46A}.Debug|x64.ActiveCfg = Debug|Any CPU
		{FC49EEE1-E84D-44B0-9E1B-10ACE8D3E46A}.Debug|x64.Build.0 = Debug|Any CPU
		{FC49EEE1-E84D-44B0-9E1B-10ACE8D3E46A}.Debug|x86.ActiveCfg = Debug|Any CPU
		{FC49EEE1-E84D-44B0-9E1B-10ACE8D3E46A}.Debug|x86.Build.0 = Debug|Any CPU
		{FC49EEE1-E84D-44B0-9E1B-10ACE8D3E46A}.Release|Any CPU.ActiveCfg = Release|Any CPU
		{FC49EEE1-E84D-44B0-9E1B-10ACE8D3E46A}.Release|Any CPU.Build.0 = Release|Any CPU
		{FC49EEE1-E84D-44B0-9E1B-10ACE8D3E46A}.Release|x64.ActiveCfg = Release|Any CPU
		{FC49EEE1-E84D-44B0-9E1B-10ACE8D3E46A}.Release|x64.Build.0 = Release|Any CPU
		{FC49EEE1-E84D-44B0-9E1B-10ACE8D3E46A}.Release|x86.ActiveCfg = Release|Any CPU
		{FC49EEE1-E84D-44B0-9E1B-10ACE8D3E46A}.Release|x86.Build.0 = Release|Any CPU
		{977596ED-C5ED-4178-87AB-F508CFF36989}.Debug|Any CPU.ActiveCfg = Debug|Any CPU
		{977596ED-C5ED-4178-87AB-F508CFF36989}.Debug|Any CPU.Build.0 = Debug|Any CPU
		{977596ED-C5ED-4178-87AB-F508CFF36989}.Debug|x64.ActiveCfg = Debug|Any CPU
		{977596ED-C5ED-4178-87AB-F508CFF36989}.Debug|x64.Build.0 = Debug|Any CPU
		{977596ED-C5ED-4178-87AB-F508CFF36989}.Debug|x86.ActiveCfg = Debug|Any CPU
		{977596ED-C5ED-4178-87AB-F508CFF36989}.Debug|x86.Build.0 = Debug|Any CPU
		{977596ED-C5ED-4178-87AB-F508CFF36989}.Release|Any CPU.ActiveCfg = Release|Any CPU
		{977596ED-C5ED-4178-87AB-F508CFF36989}.Release|Any CPU.Build.0 = Release|Any CPU
		{977596ED-C5ED-4178-87AB-F508CFF36989}.Release|x64.ActiveCfg = Release|Any CPU
		{977596ED-C5ED-4178-87AB-F508CFF36989}.Release|x64.Build.0 = Release|Any CPU
		{977596ED-C5ED-4178-87AB-F508CFF36989}.Release|x86.ActiveCfg = Release|Any CPU
		{977596ED-C5ED-4178-87AB-F508CFF36989}.Release|x86.Build.0 = Release|Any CPU
	EndGlobalSection
EndGlobal
