
Microsoft Visual Studio Solution File, Format Version 12.00
# Visual Studio 15
VisualStudioVersion = 15.0.26124.0
MinimumVisualStudioVersion = 15.0.26124.0
Project("{FAE04EC0-301F-11D3-BF4B-00C04F79EFBC}") = "Penguin.Cms.Modules.Configuration.Local", "Penguin.Cms.Modules.Configuration.Local.csproj", "{B22AED3D-5EB9-4835-921D-AB9DEB32B9C5}"
EndProject
Project("{FAE04EC0-301F-11D3-BF4B-00C04F79EFBC}") = "Penguin.Cms.Configuration.Local", "..\Penguin.Cms.Configuration\Penguin.Cms.Configuration.Local.csproj", "{5F695E1E-A6DC-46E7-95AD-FDEA48A9D732}"
EndProject
Project("{FAE04EC0-301F-11D3-BF4B-00C04F79EFBC}") = "Penguin.DependencyInjection.Abstractions.Local", "..\Penguin.DependencyInjection.Abstractions\Penguin.DependencyInjection.Abstractions.Local.csproj", "{EC913043-D80F-44E9-B231-07F4A72E9FF7}"
EndProject
Project("{FAE04EC0-301F-11D3-BF4B-00C04F79EFBC}") = "Penguin.Messaging.Persistence.Local", "..\Penguin.Messaging.Persistence\Penguin.Messaging.Persistence.Local.csproj", "{01B9A346-28D9-4929-95E1-4C9CB9B4E22A}"
EndProject
Project("{FAE04EC0-301F-11D3-BF4B-00C04F79EFBC}") = "Penguin.Messaging.Abstractions.Local", "..\Penguin.Messaging.Abstractions\Penguin.Messaging.Abstractions.Local.csproj", "{A031ED21-BC13-4AEC-B5B3-AE179312653C}"
EndProject
Project("{FAE04EC0-301F-11D3-BF4B-00C04F79EFBC}") = "Penguin.Configuration.Local", "..\Penguin.Configuration\Penguin.Configuration.Local.csproj", "{A6DBEE4A-A2D8-4FE4-9F56-21EC06210BC0}"
EndProject
Project("{FAE04EC0-301F-11D3-BF4B-00C04F79EFBC}") = "Penguin.Configuration.Abstractions.Local", "..\Penguin.Configuration.Abstractions\Penguin.Configuration.Abstractions.Local.csproj", "{D9D69195-58A4-448D-BA12-B87B85927A33}"
EndProject
Project("{FAE04EC0-301F-11D3-BF4B-00C04F79EFBC}") = "Penguin.Extensions.String.Local", "..\Penguin.Extensions.String\Penguin.Extensions.String.Local.csproj", "{FAD9F2EF-F050-43A7-BDBE-949A24184A68}"
EndProject
Project("{FAE04EC0-301F-11D3-BF4B-00C04F79EFBC}") = "Penguin.Cms.Entities.Local", "..\Penguin.Cms.Entities\Penguin.Cms.Entities.Local.csproj", "{E8F0D36E-DC64-4A71-AB16-B64DDFE8707F}"
EndProject
Project("{FAE04EC0-301F-11D3-BF4B-00C04F79EFBC}") = "Penguin.Persistence.Abstractions.Local", "..\Penguin.Persistence.Abstractions\Penguin.Persistence.Abstractions.Local.csproj", "{897EBCF8-C28A-4176-B855-7DB165D52181}"
EndProject
Project("{FAE04EC0-301F-11D3-BF4B-00C04F79EFBC}") = "Penguin.Entities.Abstractions.Local", "..\Penguin.Entities.Abstractions\Penguin.Entities.Abstractions.Local.csproj", "{583CFEEC-EAE3-4AFE-8DF6-C2BECB1C5D32}"
EndProject
Project("{FAE04EC0-301F-11D3-BF4B-00C04F79EFBC}") = "Penguin.Reflection.Extensions.Local", "..\Penguin.Reflection.Extensions\Penguin.Reflection.Extensions.Local.csproj", "{B8A0CB2B-3D58-4FE1-BDC3-9D0451C6877A}"
EndProject
Project("{FAE04EC0-301F-11D3-BF4B-00C04F79EFBC}") = "Penguin.Reflection.Abstractions.Local", "..\Penguin.Reflection.Abstractions\Penguin.Reflection.Abstractions.Local.csproj", "{8D34D078-10B8-4649-9777-E3C73D281255}"
EndProject
Project("{FAE04EC0-301F-11D3-BF4B-00C04F79EFBC}") = "Penguin.Cms.Modules.Dynamic.Local", "..\Penguin.Cms.Modules.Dynamic\Penguin.Cms.Modules.Dynamic.Local.csproj", "{81C2F0F6-0FFD-4244-81B0-0B1089A896F9}"
EndProject
Project("{FAE04EC0-301F-11D3-BF4B-00C04F79EFBC}") = "Penguin.Json.Local", "..\Penguin.Json\Penguin.Json.Local.csproj", "{FF34BFD6-638B-4AC1-A76C-3D95CAC87C44}"
EndProject
Project("{FAE04EC0-301F-11D3-BF4B-00C04F79EFBC}") = "Penguin.Json.Abstractions.Local", "..\Penguin.Json.Abstractions\Penguin.Json.Abstractions.Local.csproj", "{ED76B99D-90FC-42DA-B5E1-524BF22A5B95}"
EndProject
Project("{FAE04EC0-301F-11D3-BF4B-00C04F79EFBC}") = "Penguin.Reflection.Local", "..\Penguin.Reflection\Penguin.Reflection.Local.csproj", "{BE616E8C-B7ED-468F-A40A-B90AECB67ACB}"
EndProject
Project("{FAE04EC0-301F-11D3-BF4B-00C04F79EFBC}") = "Penguin.Debugging.Local", "..\Penguin.Debugging\Penguin.Debugging.Local.csproj", "{DEE226D5-B5D4-4805-AD5B-ABEDEDA39DD0}"
EndProject
Project("{FAE04EC0-301F-11D3-BF4B-00C04F79EFBC}") = "Penguin.Extensions.Exceptions.Local", "..\Penguin.Extensions.Exceptions\Penguin.Extensions.Exceptions.Local.csproj", "{8B264D09-A7E5-4DC0-BBD0-54CC6C7FE3AD}"
EndProject
Project("{FAE04EC0-301F-11D3-BF4B-00C04F79EFBC}") = "Penguin.SystemExtensions.Abstractions.Local", "..\Penguin.SystemExtensions.Abstractions\Penguin.SystemExtensions.Abstractions.Local.csproj", "{5ADF795F-6E83-4B1F-98C7-3EE8BEA80B08}"
EndProject
Project("{FAE04EC0-301F-11D3-BF4B-00C04F79EFBC}") = "Penguin.Shared.Objects.Local", "..\Penguin.Shared.Objects\Penguin.Shared.Objects.Local.csproj", "{2F82610B-8435-41B3-B1E5-A11495B5DACF}"
EndProject
Project("{FAE04EC0-301F-11D3-BF4B-00C04F79EFBC}") = "Penguin.Cms.Errors.Local", "..\Penguin.Cms.Errors\Penguin.Cms.Errors.Local.csproj", "{A7052876-F682-4041-8B7D-A60EFE96890C}"
EndProject
Project("{FAE04EC0-301F-11D3-BF4B-00C04F79EFBC}") = "Penguin.Auditing.Abstractions.Local", "..\Penguin.Auditing.Abstractions\Penguin.Auditing.Abstractions.Local.csproj", "{58CB7B30-4C01-485A-8890-8E77CFD365A8}"
EndProject
Project("{FAE04EC0-301F-11D3-BF4B-00C04F79EFBC}") = "Penguin.Cms.Repositories.Local", "..\Penguin.Cms.Repositories\Penguin.Cms.Repositories.Local.csproj", "{5483FB69-238A-4AFC-82BB-EFDCA81EB482}"
EndProject
Project("{FAE04EC0-301F-11D3-BF4B-00C04F79EFBC}") = "Penguin.Persistence.Repositories.Local", "..\Penguin.Persistence.Repositories\Penguin.Persistence.Repositories.Local.csproj", "{82B96837-3403-4880-85FE-34372B6D4EAE}"
EndProject
Project("{FAE04EC0-301F-11D3-BF4B-00C04F79EFBC}") = "Penguin.Messaging.Core.Local", "..\Penguin.Messaging.Core\Penguin.Messaging.Core.Local.csproj", "{2E84173F-5B6D-48DB-9520-AD83A91AB4D6}"
EndProject
Project("{FAE04EC0-301F-11D3-BF4B-00C04F79EFBC}") = "Penguin.Web.Dynamic.Local", "..\Penguin.Web.Dynamic\Penguin.Web.Dynamic.Local.csproj", "{86DC24A7-AB9E-4C2E-80DA-B125BF0BADFA}"
EndProject
Project("{FAE04EC0-301F-11D3-BF4B-00C04F79EFBC}") = "Penguin.Extensions.Collections.Local", "..\Penguin.Extensions.Collections\Penguin.Extensions.Collections.Local.csproj", "{430975FA-96D7-40BF-BF9D-458C3EB6367C}"
EndProject
Project("{FAE04EC0-301F-11D3-BF4B-00C04F79EFBC}") = "Penguin.Reflection.Serialization.Local", "..\Penguin.Reflection.Serialization\Penguin.Reflection.Serialization.Local.csproj", "{398F5DF9-78BD-41FA-BD52-BD85B15AD79B}"
EndProject
Project("{FAE04EC0-301F-11D3-BF4B-00C04F79EFBC}") = "Penguin.Reflection.Serialization.Abstractions.Local", "..\Penguin.Reflection.Serialization.Abstractions\Penguin.Reflection.Serialization.Abstractions.Local.csproj", "{C3F520E2-40CD-4AB4-9F45-F0527965E37F}"
EndProject
Project("{FAE04EC0-301F-11D3-BF4B-00C04F79EFBC}") = "Penguin.Cms.Modules.Admin.Local", "..\Penguin.Cms.Modules.Admin\Penguin.Cms.Modules.Admin.Local.csproj", "{3CB8C7FE-C474-480F-9DFF-45E2A19227B4}"
EndProject
Project("{FAE04EC0-301F-11D3-BF4B-00C04F79EFBC}") = "Penguin.Web.Security.Local", "..\Penguin.Web.Security\Penguin.Web.Security.Local.csproj", "{EB99F3D9-6E81-4936-8153-B43AFCB9ABBF}"
EndProject
Project("{FAE04EC0-301F-11D3-BF4B-00C04F79EFBC}") = "Penguin.Security.Abstractions.Local", "..\Penguin.Security.Abstractions\Penguin.Security.Abstractions.Local.csproj", "{ABF7FB26-942A-481D-9F7E-B91E18B00937}"
EndProject
Project("{FAE04EC0-301F-11D3-BF4B-00C04F79EFBC}") = "Penguin.Cms.Modules.Core.Local", "..\Penguin.Cms.Modules.Core\Penguin.Cms.Modules.Core.Local.csproj", "{C55F27BD-10E9-4405-84C0-A03CC833D638}"
EndProject
Project("{FAE04EC0-301F-11D3-BF4B-00C04F79EFBC}") = "Penguin.Navigation.Abstractions.Local", "..\Penguin.Navigation.Abstractions\Penguin.Navigation.Abstractions.Local.csproj", "{F3BFB5A8-BAC3-487E-A9AF-C12A4AAB3E71}"
EndProject
Project("{FAE04EC0-301F-11D3-BF4B-00C04F79EFBC}") = "Penguin.Cms.Core.Local", "..\Penguin.Cms.Core\Penguin.Cms.Core.Local.csproj", "{986EB952-063C-4E4F-8FC6-8201D95E1F47}"
EndProject
Project("{FAE04EC0-301F-11D3-BF4B-00C04F79EFBC}") = "Penguin.Cms.Abstractions.Local", "..\Penguin.Cms.Abstractions\Penguin.Cms.Abstractions.Local.csproj", "{475AC545-789E-4DBD-BED4-6360E567AA7D}"
EndProject
Project("{FAE04EC0-301F-11D3-BF4B-00C04F79EFBC}") = "Penguin.Cms.Web.Local", "..\Penguin.Cms.Web\Penguin.Cms.Web.Local.csproj", "{FE6050A9-39F3-48D8-9807-58F3B93CF886}"
EndProject
Project("{FAE04EC0-301F-11D3-BF4B-00C04F79EFBC}") = "Penguin.Messaging.Application.Local", "..\Penguin.Messaging.Application\Penguin.Messaging.Application.Local.csproj", "{465DEA51-DAE0-4D37-AE8A-D968AE873004}"
EndProject
Project("{FAE04EC0-301F-11D3-BF4B-00C04F79EFBC}") = "Penguin.Web.Mvc.Local", "..\Penguin.Web.Mvc\Penguin.Web.Mvc.Local.csproj", "{144CED44-E4B7-476E-9119-3CCBAE28E2CB}"
EndProject
Project("{FAE04EC0-301F-11D3-BF4B-00C04F79EFBC}") = "Penguin.Web.Mvc.Abstractions.Local", "..\Penguin.Web.Mvc.Abstractions\Penguin.Web.Mvc.Abstractions.Local.csproj", "{9454A1FD-9E0F-4758-B88A-A5C30802442A}"
EndProject
Project("{FAE04EC0-301F-11D3-BF4B-00C04F79EFBC}") = "Penguin.Templating.Abstractions.Local", "..\Penguin.Templating.Abstractions\Penguin.Templating.Abstractions.Local.csproj", "{0BD19C50-D54F-43E2-9D28-8441C4F2132D}"
EndProject
Project("{FAE04EC0-301F-11D3-BF4B-00C04F79EFBC}") = "Penguin.Testing.Local", "..\Penguin.Testing\Penguin.Testing.Local.csproj", "{2E96BA72-0162-4C99-9DE1-6ECB85A498E6}"
EndProject
Project("{FAE04EC0-301F-11D3-BF4B-00C04F79EFBC}") = "Penguin.Web.Errors.Local", "..\Penguin.Web.Errors\Penguin.Web.Errors.Local.csproj", "{DCC70A3A-D05C-4E75-914D-A25A82AAADB1}"
EndProject
Project("{FAE04EC0-301F-11D3-BF4B-00C04F79EFBC}") = "Penguin.Web.Abstractions.Local", "..\Penguin.Web.Abstractions\Penguin.Web.Abstractions.Local.csproj", "{11A63ABA-75EB-4DB7-BDF2-BAB947A09BA2}"
EndProject
Project("{FAE04EC0-301F-11D3-BF4B-00C04F79EFBC}") = "Penguin.Web.DependencyInjection.Local", "..\Penguin.Web.DependencyInjection\Penguin.Web.DependencyInjection.Local.csproj", "{90988473-0E58-44E9-A7F0-3C5848C77623}"
EndProject
Project("{FAE04EC0-301F-11D3-BF4B-00C04F79EFBC}") = "Penguin.Web.Testing.Local", "..\Penguin.Web.Testing\Penguin.Web.Testing.Local.csproj", "{B7FB0023-6363-49EB-BDE5-86310A7522BF}"
EndProject
Project("{FAE04EC0-301F-11D3-BF4B-00C04F79EFBC}") = "Penguin.DependencyInjection.Local", "..\Penguin.DependencyInjection\Penguin.DependencyInjection.Local.csproj", "{558CE5A1-8E1C-49DD-A34D-8921A27D3761}"
EndProject
Project("{FAE04EC0-301F-11D3-BF4B-00C04F79EFBC}") = "Penguin.Persistence.Database.Local", "..\Penguin.Persistence.Database\Penguin.Persistence.Database.Local.csproj", "{FE3B6458-299C-49DE-88EB-4A63F23F4028}"
EndProject
Project("{FAE04EC0-301F-11D3-BF4B-00C04F79EFBC}") = "Penguin.Threading.BackgroundWorker.Local", "..\Penguin.Threading.BackgroundWorker\Penguin.Threading.BackgroundWorker.Local.csproj", "{71C4DA53-4545-47CF-8B8D-C6A2E4122136}"
EndProject
Project("{FAE04EC0-301F-11D3-BF4B-00C04F79EFBC}") = "Penguin.Files.Local", "..\Penguin.Files\Penguin.Files.Local.csproj", "{AF30DB2B-9470-4725-8323-D1F20D565A61}"
EndProject
Project("{FAE04EC0-301F-11D3-BF4B-00C04F79EFBC}") = "Penguin.Files.Abstractions.Local", "..\Penguin.Files.Abstractions\Penguin.Files.Abstractions.Local.csproj", "{A4937BE9-8985-495B-9CC6-86E2F99D51CD}"
EndProject
Project("{FAE04EC0-301F-11D3-BF4B-00C04F79EFBC}") = "Penguin.Reflection.Serialization.Extensions.Local", "..\Penguin.Reflection.Serialization.Extensions\Penguin.Reflection.Serialization.Extensions.Local.csproj", "{3E5F0253-C60F-4168-AFEE-F46747A3678D}"
EndProject
Global
	GlobalSection(SolutionConfigurationPlatforms) = preSolution
		Debug|Any CPU = Debug|Any CPU
		Debug|x64 = Debug|x64
		Debug|x86 = Debug|x86
		Release|Any CPU = Release|Any CPU
		Release|x64 = Release|x64
		Release|x86 = Release|x86
	EndGlobalSection
	GlobalSection(SolutionProperties) = preSolution
		HideSolutionNode = FALSE
	EndGlobalSection
	GlobalSection(ProjectConfigurationPlatforms) = postSolution
		{B22AED3D-5EB9-4835-921D-AB9DEB32B9C5}.Debug|Any CPU.ActiveCfg = Debug|Any CPU
		{B22AED3D-5EB9-4835-921D-AB9DEB32B9C5}.Debug|Any CPU.Build.0 = Debug|Any CPU
		{B22AED3D-5EB9-4835-921D-AB9DEB32B9C5}.Debug|x64.ActiveCfg = Debug|Any CPU
		{B22AED3D-5EB9-4835-921D-AB9DEB32B9C5}.Debug|x64.Build.0 = Debug|Any CPU
		{B22AED3D-5EB9-4835-921D-AB9DEB32B9C5}.Debug|x86.ActiveCfg = Debug|Any CPU
		{B22AED3D-5EB9-4835-921D-AB9DEB32B9C5}.Debug|x86.Build.0 = Debug|Any CPU
		{B22AED3D-5EB9-4835-921D-AB9DEB32B9C5}.Release|Any CPU.ActiveCfg = Release|Any CPU
		{B22AED3D-5EB9-4835-921D-AB9DEB32B9C5}.Release|Any CPU.Build.0 = Release|Any CPU
		{B22AED3D-5EB9-4835-921D-AB9DEB32B9C5}.Release|x64.ActiveCfg = Release|Any CPU
		{B22AED3D-5EB9-4835-921D-AB9DEB32B9C5}.Release|x64.Build.0 = Release|Any CPU
		{B22AED3D-5EB9-4835-921D-AB9DEB32B9C5}.Release|x86.ActiveCfg = Release|Any CPU
		{B22AED3D-5EB9-4835-921D-AB9DEB32B9C5}.Release|x86.Build.0 = Release|Any CPU
		{5F695E1E-A6DC-46E7-95AD-FDEA48A9D732}.Debug|Any CPU.ActiveCfg = Debug|Any CPU
		{5F695E1E-A6DC-46E7-95AD-FDEA48A9D732}.Debug|Any CPU.Build.0 = Debug|Any CPU
		{5F695E1E-A6DC-46E7-95AD-FDEA48A9D732}.Debug|x64.ActiveCfg = Debug|Any CPU
		{5F695E1E-A6DC-46E7-95AD-FDEA48A9D732}.Debug|x64.Build.0 = Debug|Any CPU
		{5F695E1E-A6DC-46E7-95AD-FDEA48A9D732}.Debug|x86.ActiveCfg = Debug|Any CPU
		{5F695E1E-A6DC-46E7-95AD-FDEA48A9D732}.Debug|x86.Build.0 = Debug|Any CPU
		{5F695E1E-A6DC-46E7-95AD-FDEA48A9D732}.Release|Any CPU.ActiveCfg = Release|Any CPU
		{5F695E1E-A6DC-46E7-95AD-FDEA48A9D732}.Release|Any CPU.Build.0 = Release|Any CPU
		{5F695E1E-A6DC-46E7-95AD-FDEA48A9D732}.Release|x64.ActiveCfg = Release|Any CPU
		{5F695E1E-A6DC-46E7-95AD-FDEA48A9D732}.Release|x64.Build.0 = Release|Any CPU
		{5F695E1E-A6DC-46E7-95AD-FDEA48A9D732}.Release|x86.ActiveCfg = Release|Any CPU
		{5F695E1E-A6DC-46E7-95AD-FDEA48A9D732}.Release|x86.Build.0 = Release|Any CPU
		{EC913043-D80F-44E9-B231-07F4A72E9FF7}.Debug|Any CPU.ActiveCfg = Debug|Any CPU
		{EC913043-D80F-44E9-B231-07F4A72E9FF7}.Debug|Any CPU.Build.0 = Debug|Any CPU
		{EC913043-D80F-44E9-B231-07F4A72E9FF7}.Debug|x64.ActiveCfg = Debug|Any CPU
		{EC913043-D80F-44E9-B231-07F4A72E9FF7}.Debug|x64.Build.0 = Debug|Any CPU
		{EC913043-D80F-44E9-B231-07F4A72E9FF7}.Debug|x86.ActiveCfg = Debug|Any CPU
		{EC913043-D80F-44E9-B231-07F4A72E9FF7}.Debug|x86.Build.0 = Debug|Any CPU
		{EC913043-D80F-44E9-B231-07F4A72E9FF7}.Release|Any CPU.ActiveCfg = Release|Any CPU
		{EC913043-D80F-44E9-B231-07F4A72E9FF7}.Release|Any CPU.Build.0 = Release|Any CPU
		{EC913043-D80F-44E9-B231-07F4A72E9FF7}.Release|x64.ActiveCfg = Release|Any CPU
		{EC913043-D80F-44E9-B231-07F4A72E9FF7}.Release|x64.Build.0 = Release|Any CPU
		{EC913043-D80F-44E9-B231-07F4A72E9FF7}.Release|x86.ActiveCfg = Release|Any CPU
		{EC913043-D80F-44E9-B231-07F4A72E9FF7}.Release|x86.Build.0 = Release|Any CPU
		{01B9A346-28D9-4929-95E1-4C9CB9B4E22A}.Debug|Any CPU.ActiveCfg = Debug|Any CPU
		{01B9A346-28D9-4929-95E1-4C9CB9B4E22A}.Debug|Any CPU.Build.0 = Debug|Any CPU
		{01B9A346-28D9-4929-95E1-4C9CB9B4E22A}.Debug|x64.ActiveCfg = Debug|Any CPU
		{01B9A346-28D9-4929-95E1-4C9CB9B4E22A}.Debug|x64.Build.0 = Debug|Any CPU
		{01B9A346-28D9-4929-95E1-4C9CB9B4E22A}.Debug|x86.ActiveCfg = Debug|Any CPU
		{01B9A346-28D9-4929-95E1-4C9CB9B4E22A}.Debug|x86.Build.0 = Debug|Any CPU
		{01B9A346-28D9-4929-95E1-4C9CB9B4E22A}.Release|Any CPU.ActiveCfg = Release|Any CPU
		{01B9A346-28D9-4929-95E1-4C9CB9B4E22A}.Release|Any CPU.Build.0 = Release|Any CPU
		{01B9A346-28D9-4929-95E1-4C9CB9B4E22A}.Release|x64.ActiveCfg = Release|Any CPU
		{01B9A346-28D9-4929-95E1-4C9CB9B4E22A}.Release|x64.Build.0 = Release|Any CPU
		{01B9A346-28D9-4929-95E1-4C9CB9B4E22A}.Release|x86.ActiveCfg = Release|Any CPU
		{01B9A346-28D9-4929-95E1-4C9CB9B4E22A}.Release|x86.Build.0 = Release|Any CPU
		{A031ED21-BC13-4AEC-B5B3-AE179312653C}.Debug|Any CPU.ActiveCfg = Debug|Any CPU
		{A031ED21-BC13-4AEC-B5B3-AE179312653C}.Debug|Any CPU.Build.0 = Debug|Any CPU
		{A031ED21-BC13-4AEC-B5B3-AE179312653C}.Debug|x64.ActiveCfg = Debug|Any CPU
		{A031ED21-BC13-4AEC-B5B3-AE179312653C}.Debug|x64.Build.0 = Debug|Any CPU
		{A031ED21-BC13-4AEC-B5B3-AE179312653C}.Debug|x86.ActiveCfg = Debug|Any CPU
		{A031ED21-BC13-4AEC-B5B3-AE179312653C}.Debug|x86.Build.0 = Debug|Any CPU
		{A031ED21-BC13-4AEC-B5B3-AE179312653C}.Release|Any CPU.ActiveCfg = Release|Any CPU
		{A031ED21-BC13-4AEC-B5B3-AE179312653C}.Release|Any CPU.Build.0 = Release|Any CPU
		{A031ED21-BC13-4AEC-B5B3-AE179312653C}.Release|x64.ActiveCfg = Release|Any CPU
		{A031ED21-BC13-4AEC-B5B3-AE179312653C}.Release|x64.Build.0 = Release|Any CPU
		{A031ED21-BC13-4AEC-B5B3-AE179312653C}.Release|x86.ActiveCfg = Release|Any CPU
		{A031ED21-BC13-4AEC-B5B3-AE179312653C}.Release|x86.Build.0 = Release|Any CPU
		{A6DBEE4A-A2D8-4FE4-9F56-21EC06210BC0}.Debug|Any CPU.ActiveCfg = Debug|Any CPU
		{A6DBEE4A-A2D8-4FE4-9F56-21EC06210BC0}.Debug|Any CPU.Build.0 = Debug|Any CPU
		{A6DBEE4A-A2D8-4FE4-9F56-21EC06210BC0}.Debug|x64.ActiveCfg = Debug|Any CPU
		{A6DBEE4A-A2D8-4FE4-9F56-21EC06210BC0}.Debug|x64.Build.0 = Debug|Any CPU
		{A6DBEE4A-A2D8-4FE4-9F56-21EC06210BC0}.Debug|x86.ActiveCfg = Debug|Any CPU
		{A6DBEE4A-A2D8-4FE4-9F56-21EC06210BC0}.Debug|x86.Build.0 = Debug|Any CPU
		{A6DBEE4A-A2D8-4FE4-9F56-21EC06210BC0}.Release|Any CPU.ActiveCfg = Release|Any CPU
		{A6DBEE4A-A2D8-4FE4-9F56-21EC06210BC0}.Release|Any CPU.Build.0 = Release|Any CPU
		{A6DBEE4A-A2D8-4FE4-9F56-21EC06210BC0}.Release|x64.ActiveCfg = Release|Any CPU
		{A6DBEE4A-A2D8-4FE4-9F56-21EC06210BC0}.Release|x64.Build.0 = Release|Any CPU
		{A6DBEE4A-A2D8-4FE4-9F56-21EC06210BC0}.Release|x86.ActiveCfg = Release|Any CPU
		{A6DBEE4A-A2D8-4FE4-9F56-21EC06210BC0}.Release|x86.Build.0 = Release|Any CPU
		{D9D69195-58A4-448D-BA12-B87B85927A33}.Debug|Any CPU.ActiveCfg = Debug|Any CPU
		{D9D69195-58A4-448D-BA12-B87B85927A33}.Debug|Any CPU.Build.0 = Debug|Any CPU
		{D9D69195-58A4-448D-BA12-B87B85927A33}.Debug|x64.ActiveCfg = Debug|Any CPU
		{D9D69195-58A4-448D-BA12-B87B85927A33}.Debug|x64.Build.0 = Debug|Any CPU
		{D9D69195-58A4-448D-BA12-B87B85927A33}.Debug|x86.ActiveCfg = Debug|Any CPU
		{D9D69195-58A4-448D-BA12-B87B85927A33}.Debug|x86.Build.0 = Debug|Any CPU
		{D9D69195-58A4-448D-BA12-B87B85927A33}.Release|Any CPU.ActiveCfg = Release|Any CPU
		{D9D69195-58A4-448D-BA12-B87B85927A33}.Release|Any CPU.Build.0 = Release|Any CPU
		{D9D69195-58A4-448D-BA12-B87B85927A33}.Release|x64.ActiveCfg = Release|Any CPU
		{D9D69195-58A4-448D-BA12-B87B85927A33}.Release|x64.Build.0 = Release|Any CPU
		{D9D69195-58A4-448D-BA12-B87B85927A33}.Release|x86.ActiveCfg = Release|Any CPU
		{D9D69195-58A4-448D-BA12-B87B85927A33}.Release|x86.Build.0 = Release|Any CPU
		{FAD9F2EF-F050-43A7-BDBE-949A24184A68}.Debug|Any CPU.ActiveCfg = Debug|Any CPU
		{FAD9F2EF-F050-43A7-BDBE-949A24184A68}.Debug|Any CPU.Build.0 = Debug|Any CPU
		{FAD9F2EF-F050-43A7-BDBE-949A24184A68}.Debug|x64.ActiveCfg = Debug|Any CPU
		{FAD9F2EF-F050-43A7-BDBE-949A24184A68}.Debug|x64.Build.0 = Debug|Any CPU
		{FAD9F2EF-F050-43A7-BDBE-949A24184A68}.Debug|x86.ActiveCfg = Debug|Any CPU
		{FAD9F2EF-F050-43A7-BDBE-949A24184A68}.Debug|x86.Build.0 = Debug|Any CPU
		{FAD9F2EF-F050-43A7-BDBE-949A24184A68}.Release|Any CPU.ActiveCfg = Release|Any CPU
		{FAD9F2EF-F050-43A7-BDBE-949A24184A68}.Release|Any CPU.Build.0 = Release|Any CPU
		{FAD9F2EF-F050-43A7-BDBE-949A24184A68}.Release|x64.ActiveCfg = Release|Any CPU
		{FAD9F2EF-F050-43A7-BDBE-949A24184A68}.Release|x64.Build.0 = Release|Any CPU
		{FAD9F2EF-F050-43A7-BDBE-949A24184A68}.Release|x86.ActiveCfg = Release|Any CPU
		{FAD9F2EF-F050-43A7-BDBE-949A24184A68}.Release|x86.Build.0 = Release|Any CPU
		{E8F0D36E-DC64-4A71-AB16-B64DDFE8707F}.Debug|Any CPU.ActiveCfg = Debug|Any CPU
		{E8F0D36E-DC64-4A71-AB16-B64DDFE8707F}.Debug|Any CPU.Build.0 = Debug|Any CPU
		{E8F0D36E-DC64-4A71-AB16-B64DDFE8707F}.Debug|x64.ActiveCfg = Debug|Any CPU
		{E8F0D36E-DC64-4A71-AB16-B64DDFE8707F}.Debug|x64.Build.0 = Debug|Any CPU
		{E8F0D36E-DC64-4A71-AB16-B64DDFE8707F}.Debug|x86.ActiveCfg = Debug|Any CPU
		{E8F0D36E-DC64-4A71-AB16-B64DDFE8707F}.Debug|x86.Build.0 = Debug|Any CPU
		{E8F0D36E-DC64-4A71-AB16-B64DDFE8707F}.Release|Any CPU.ActiveCfg = Release|Any CPU
		{E8F0D36E-DC64-4A71-AB16-B64DDFE8707F}.Release|Any CPU.Build.0 = Release|Any CPU
		{E8F0D36E-DC64-4A71-AB16-B64DDFE8707F}.Release|x64.ActiveCfg = Release|Any CPU
		{E8F0D36E-DC64-4A71-AB16-B64DDFE8707F}.Release|x64.Build.0 = Release|Any CPU
		{E8F0D36E-DC64-4A71-AB16-B64DDFE8707F}.Release|x86.ActiveCfg = Release|Any CPU
		{E8F0D36E-DC64-4A71-AB16-B64DDFE8707F}.Release|x86.Build.0 = Release|Any CPU
		{897EBCF8-C28A-4176-B855-7DB165D52181}.Debug|Any CPU.ActiveCfg = Debug|Any CPU
		{897EBCF8-C28A-4176-B855-7DB165D52181}.Debug|Any CPU.Build.0 = Debug|Any CPU
		{897EBCF8-C28A-4176-B855-7DB165D52181}.Debug|x64.ActiveCfg = Debug|Any CPU
		{897EBCF8-C28A-4176-B855-7DB165D52181}.Debug|x64.Build.0 = Debug|Any CPU
		{897EBCF8-C28A-4176-B855-7DB165D52181}.Debug|x86.ActiveCfg = Debug|Any CPU
		{897EBCF8-C28A-4176-B855-7DB165D52181}.Debug|x86.Build.0 = Debug|Any CPU
		{897EBCF8-C28A-4176-B855-7DB165D52181}.Release|Any CPU.ActiveCfg = Release|Any CPU
		{897EBCF8-C28A-4176-B855-7DB165D52181}.Release|Any CPU.Build.0 = Release|Any CPU
		{897EBCF8-C28A-4176-B855-7DB165D52181}.Release|x64.ActiveCfg = Release|Any CPU
		{897EBCF8-C28A-4176-B855-7DB165D52181}.Release|x64.Build.0 = Release|Any CPU
		{897EBCF8-C28A-4176-B855-7DB165D52181}.Release|x86.ActiveCfg = Release|Any CPU
		{897EBCF8-C28A-4176-B855-7DB165D52181}.Release|x86.Build.0 = Release|Any CPU
		{583CFEEC-EAE3-4AFE-8DF6-C2BECB1C5D32}.Debug|Any CPU.ActiveCfg = Debug|Any CPU
		{583CFEEC-EAE3-4AFE-8DF6-C2BECB1C5D32}.Debug|Any CPU.Build.0 = Debug|Any CPU
		{583CFEEC-EAE3-4AFE-8DF6-C2BECB1C5D32}.Debug|x64.ActiveCfg = Debug|Any CPU
		{583CFEEC-EAE3-4AFE-8DF6-C2BECB1C5D32}.Debug|x64.Build.0 = Debug|Any CPU
		{583CFEEC-EAE3-4AFE-8DF6-C2BECB1C5D32}.Debug|x86.ActiveCfg = Debug|Any CPU
		{583CFEEC-EAE3-4AFE-8DF6-C2BECB1C5D32}.Debug|x86.Build.0 = Debug|Any CPU
		{583CFEEC-EAE3-4AFE-8DF6-C2BECB1C5D32}.Release|Any CPU.ActiveCfg = Release|Any CPU
		{583CFEEC-EAE3-4AFE-8DF6-C2BECB1C5D32}.Release|Any CPU.Build.0 = Release|Any CPU
		{583CFEEC-EAE3-4AFE-8DF6-C2BECB1C5D32}.Release|x64.ActiveCfg = Release|Any CPU
		{583CFEEC-EAE3-4AFE-8DF6-C2BECB1C5D32}.Release|x64.Build.0 = Release|Any CPU
		{583CFEEC-EAE3-4AFE-8DF6-C2BECB1C5D32}.Release|x86.ActiveCfg = Release|Any CPU
		{583CFEEC-EAE3-4AFE-8DF6-C2BECB1C5D32}.Release|x86.Build.0 = Release|Any CPU
		{B8A0CB2B-3D58-4FE1-BDC3-9D0451C6877A}.Debug|Any CPU.ActiveCfg = Debug|Any CPU
		{B8A0CB2B-3D58-4FE1-BDC3-9D0451C6877A}.Debug|Any CPU.Build.0 = Debug|Any CPU
		{B8A0CB2B-3D58-4FE1-BDC3-9D0451C6877A}.Debug|x64.ActiveCfg = Debug|Any CPU
		{B8A0CB2B-3D58-4FE1-BDC3-9D0451C6877A}.Debug|x64.Build.0 = Debug|Any CPU
		{B8A0CB2B-3D58-4FE1-BDC3-9D0451C6877A}.Debug|x86.ActiveCfg = Debug|Any CPU
		{B8A0CB2B-3D58-4FE1-BDC3-9D0451C6877A}.Debug|x86.Build.0 = Debug|Any CPU
		{B8A0CB2B-3D58-4FE1-BDC3-9D0451C6877A}.Release|Any CPU.ActiveCfg = Release|Any CPU
		{B8A0CB2B-3D58-4FE1-BDC3-9D0451C6877A}.Release|Any CPU.Build.0 = Release|Any CPU
		{B8A0CB2B-3D58-4FE1-BDC3-9D0451C6877A}.Release|x64.ActiveCfg = Release|Any CPU
		{B8A0CB2B-3D58-4FE1-BDC3-9D0451C6877A}.Release|x64.Build.0 = Release|Any CPU
		{B8A0CB2B-3D58-4FE1-BDC3-9D0451C6877A}.Release|x86.ActiveCfg = Release|Any CPU
		{B8A0CB2B-3D58-4FE1-BDC3-9D0451C6877A}.Release|x86.Build.0 = Release|Any CPU
		{8D34D078-10B8-4649-9777-E3C73D281255}.Debug|Any CPU.ActiveCfg = Debug|Any CPU
		{8D34D078-10B8-4649-9777-E3C73D281255}.Debug|Any CPU.Build.0 = Debug|Any CPU
		{8D34D078-10B8-4649-9777-E3C73D281255}.Debug|x64.ActiveCfg = Debug|Any CPU
		{8D34D078-10B8-4649-9777-E3C73D281255}.Debug|x64.Build.0 = Debug|Any CPU
		{8D34D078-10B8-4649-9777-E3C73D281255}.Debug|x86.ActiveCfg = Debug|Any CPU
		{8D34D078-10B8-4649-9777-E3C73D281255}.Debug|x86.Build.0 = Debug|Any CPU
		{8D34D078-10B8-4649-9777-E3C73D281255}.Release|Any CPU.ActiveCfg = Release|Any CPU
		{8D34D078-10B8-4649-9777-E3C73D281255}.Release|Any CPU.Build.0 = Release|Any CPU
		{8D34D078-10B8-4649-9777-E3C73D281255}.Release|x64.ActiveCfg = Release|Any CPU
		{8D34D078-10B8-4649-9777-E3C73D281255}.Release|x64.Build.0 = Release|Any CPU
		{8D34D078-10B8-4649-9777-E3C73D281255}.Release|x86.ActiveCfg = Release|Any CPU
		{8D34D078-10B8-4649-9777-E3C73D281255}.Release|x86.Build.0 = Release|Any CPU
		{81C2F0F6-0FFD-4244-81B0-0B1089A896F9}.Debug|Any CPU.ActiveCfg = Debug|Any CPU
		{81C2F0F6-0FFD-4244-81B0-0B1089A896F9}.Debug|Any CPU.Build.0 = Debug|Any CPU
		{81C2F0F6-0FFD-4244-81B0-0B1089A896F9}.Debug|x64.ActiveCfg = Debug|Any CPU
		{81C2F0F6-0FFD-4244-81B0-0B1089A896F9}.Debug|x64.Build.0 = Debug|Any CPU
		{81C2F0F6-0FFD-4244-81B0-0B1089A896F9}.Debug|x86.ActiveCfg = Debug|Any CPU
		{81C2F0F6-0FFD-4244-81B0-0B1089A896F9}.Debug|x86.Build.0 = Debug|Any CPU
		{81C2F0F6-0FFD-4244-81B0-0B1089A896F9}.Release|Any CPU.ActiveCfg = Release|Any CPU
		{81C2F0F6-0FFD-4244-81B0-0B1089A896F9}.Release|Any CPU.Build.0 = Release|Any CPU
		{81C2F0F6-0FFD-4244-81B0-0B1089A896F9}.Release|x64.ActiveCfg = Release|Any CPU
		{81C2F0F6-0FFD-4244-81B0-0B1089A896F9}.Release|x64.Build.0 = Release|Any CPU
		{81C2F0F6-0FFD-4244-81B0-0B1089A896F9}.Release|x86.ActiveCfg = Release|Any CPU
		{81C2F0F6-0FFD-4244-81B0-0B1089A896F9}.Release|x86.Build.0 = Release|Any CPU
		{FF34BFD6-638B-4AC1-A76C-3D95CAC87C44}.Debug|Any CPU.ActiveCfg = Debug|Any CPU
		{FF34BFD6-638B-4AC1-A76C-3D95CAC87C44}.Debug|Any CPU.Build.0 = Debug|Any CPU
		{FF34BFD6-638B-4AC1-A76C-3D95CAC87C44}.Debug|x64.ActiveCfg = Debug|Any CPU
		{FF34BFD6-638B-4AC1-A76C-3D95CAC87C44}.Debug|x64.Build.0 = Debug|Any CPU
		{FF34BFD6-638B-4AC1-A76C-3D95CAC87C44}.Debug|x86.ActiveCfg = Debug|Any CPU
		{FF34BFD6-638B-4AC1-A76C-3D95CAC87C44}.Debug|x86.Build.0 = Debug|Any CPU
		{FF34BFD6-638B-4AC1-A76C-3D95CAC87C44}.Release|Any CPU.ActiveCfg = Release|Any CPU
		{FF34BFD6-638B-4AC1-A76C-3D95CAC87C44}.Release|Any CPU.Build.0 = Release|Any CPU
		{FF34BFD6-638B-4AC1-A76C-3D95CAC87C44}.Release|x64.ActiveCfg = Release|Any CPU
		{FF34BFD6-638B-4AC1-A76C-3D95CAC87C44}.Release|x64.Build.0 = Release|Any CPU
		{FF34BFD6-638B-4AC1-A76C-3D95CAC87C44}.Release|x86.ActiveCfg = Release|Any CPU
		{FF34BFD6-638B-4AC1-A76C-3D95CAC87C44}.Release|x86.Build.0 = Release|Any CPU
		{ED76B99D-90FC-42DA-B5E1-524BF22A5B95}.Debug|Any CPU.ActiveCfg = Debug|Any CPU
		{ED76B99D-90FC-42DA-B5E1-524BF22A5B95}.Debug|Any CPU.Build.0 = Debug|Any CPU
		{ED76B99D-90FC-42DA-B5E1-524BF22A5B95}.Debug|x64.ActiveCfg = Debug|Any CPU
		{ED76B99D-90FC-42DA-B5E1-524BF22A5B95}.Debug|x64.Build.0 = Debug|Any CPU
		{ED76B99D-90FC-42DA-B5E1-524BF22A5B95}.Debug|x86.ActiveCfg = Debug|Any CPU
		{ED76B99D-90FC-42DA-B5E1-524BF22A5B95}.Debug|x86.Build.0 = Debug|Any CPU
		{ED76B99D-90FC-42DA-B5E1-524BF22A5B95}.Release|Any CPU.ActiveCfg = Release|Any CPU
		{ED76B99D-90FC-42DA-B5E1-524BF22A5B95}.Release|Any CPU.Build.0 = Release|Any CPU
		{ED76B99D-90FC-42DA-B5E1-524BF22A5B95}.Release|x64.ActiveCfg = Release|Any CPU
		{ED76B99D-90FC-42DA-B5E1-524BF22A5B95}.Release|x64.Build.0 = Release|Any CPU
		{ED76B99D-90FC-42DA-B5E1-524BF22A5B95}.Release|x86.ActiveCfg = Release|Any CPU
		{ED76B99D-90FC-42DA-B5E1-524BF22A5B95}.Release|x86.Build.0 = Release|Any CPU
		{BE616E8C-B7ED-468F-A40A-B90AECB67ACB}.Debug|Any CPU.ActiveCfg = Debug|Any CPU
		{BE616E8C-B7ED-468F-A40A-B90AECB67ACB}.Debug|Any CPU.Build.0 = Debug|Any CPU
		{BE616E8C-B7ED-468F-A40A-B90AECB67ACB}.Debug|x64.ActiveCfg = Debug|Any CPU
		{BE616E8C-B7ED-468F-A40A-B90AECB67ACB}.Debug|x64.Build.0 = Debug|Any CPU
		{BE616E8C-B7ED-468F-A40A-B90AECB67ACB}.Debug|x86.ActiveCfg = Debug|Any CPU
		{BE616E8C-B7ED-468F-A40A-B90AECB67ACB}.Debug|x86.Build.0 = Debug|Any CPU
		{BE616E8C-B7ED-468F-A40A-B90AECB67ACB}.Release|Any CPU.ActiveCfg = Release|Any CPU
		{BE616E8C-B7ED-468F-A40A-B90AECB67ACB}.Release|Any CPU.Build.0 = Release|Any CPU
		{BE616E8C-B7ED-468F-A40A-B90AECB67ACB}.Release|x64.ActiveCfg = Release|Any CPU
		{BE616E8C-B7ED-468F-A40A-B90AECB67ACB}.Release|x64.Build.0 = Release|Any CPU
		{BE616E8C-B7ED-468F-A40A-B90AECB67ACB}.Release|x86.ActiveCfg = Release|Any CPU
		{BE616E8C-B7ED-468F-A40A-B90AECB67ACB}.Release|x86.Build.0 = Release|Any CPU
		{DEE226D5-B5D4-4805-AD5B-ABEDEDA39DD0}.Debug|Any CPU.ActiveCfg = Debug|Any CPU
		{DEE226D5-B5D4-4805-AD5B-ABEDEDA39DD0}.Debug|Any CPU.Build.0 = Debug|Any CPU
		{DEE226D5-B5D4-4805-AD5B-ABEDEDA39DD0}.Debug|x64.ActiveCfg = Debug|Any CPU
		{DEE226D5-B5D4-4805-AD5B-ABEDEDA39DD0}.Debug|x64.Build.0 = Debug|Any CPU
		{DEE226D5-B5D4-4805-AD5B-ABEDEDA39DD0}.Debug|x86.ActiveCfg = Debug|Any CPU
		{DEE226D5-B5D4-4805-AD5B-ABEDEDA39DD0}.Debug|x86.Build.0 = Debug|Any CPU
		{DEE226D5-B5D4-4805-AD5B-ABEDEDA39DD0}.Release|Any CPU.ActiveCfg = Release|Any CPU
		{DEE226D5-B5D4-4805-AD5B-ABEDEDA39DD0}.Release|Any CPU.Build.0 = Release|Any CPU
		{DEE226D5-B5D4-4805-AD5B-ABEDEDA39DD0}.Release|x64.ActiveCfg = Release|Any CPU
		{DEE226D5-B5D4-4805-AD5B-ABEDEDA39DD0}.Release|x64.Build.0 = Release|Any CPU
		{DEE226D5-B5D4-4805-AD5B-ABEDEDA39DD0}.Release|x86.ActiveCfg = Release|Any CPU
		{DEE226D5-B5D4-4805-AD5B-ABEDEDA39DD0}.Release|x86.Build.0 = Release|Any CPU
		{8B264D09-A7E5-4DC0-BBD0-54CC6C7FE3AD}.Debug|Any CPU.ActiveCfg = Debug|Any CPU
		{8B264D09-A7E5-4DC0-BBD0-54CC6C7FE3AD}.Debug|Any CPU.Build.0 = Debug|Any CPU
		{8B264D09-A7E5-4DC0-BBD0-54CC6C7FE3AD}.Debug|x64.ActiveCfg = Debug|Any CPU
		{8B264D09-A7E5-4DC0-BBD0-54CC6C7FE3AD}.Debug|x64.Build.0 = Debug|Any CPU
		{8B264D09-A7E5-4DC0-BBD0-54CC6C7FE3AD}.Debug|x86.ActiveCfg = Debug|Any CPU
		{8B264D09-A7E5-4DC0-BBD0-54CC6C7FE3AD}.Debug|x86.Build.0 = Debug|Any CPU
		{8B264D09-A7E5-4DC0-BBD0-54CC6C7FE3AD}.Release|Any CPU.ActiveCfg = Release|Any CPU
		{8B264D09-A7E5-4DC0-BBD0-54CC6C7FE3AD}.Release|Any CPU.Build.0 = Release|Any CPU
		{8B264D09-A7E5-4DC0-BBD0-54CC6C7FE3AD}.Release|x64.ActiveCfg = Release|Any CPU
		{8B264D09-A7E5-4DC0-BBD0-54CC6C7FE3AD}.Release|x64.Build.0 = Release|Any CPU
		{8B264D09-A7E5-4DC0-BBD0-54CC6C7FE3AD}.Release|x86.ActiveCfg = Release|Any CPU
		{8B264D09-A7E5-4DC0-BBD0-54CC6C7FE3AD}.Release|x86.Build.0 = Release|Any CPU
		{5ADF795F-6E83-4B1F-98C7-3EE8BEA80B08}.Debug|Any CPU.ActiveCfg = Debug|Any CPU
		{5ADF795F-6E83-4B1F-98C7-3EE8BEA80B08}.Debug|Any CPU.Build.0 = Debug|Any CPU
		{5ADF795F-6E83-4B1F-98C7-3EE8BEA80B08}.Debug|x64.ActiveCfg = Debug|Any CPU
		{5ADF795F-6E83-4B1F-98C7-3EE8BEA80B08}.Debug|x64.Build.0 = Debug|Any CPU
		{5ADF795F-6E83-4B1F-98C7-3EE8BEA80B08}.Debug|x86.ActiveCfg = Debug|Any CPU
		{5ADF795F-6E83-4B1F-98C7-3EE8BEA80B08}.Debug|x86.Build.0 = Debug|Any CPU
		{5ADF795F-6E83-4B1F-98C7-3EE8BEA80B08}.Release|Any CPU.ActiveCfg = Release|Any CPU
		{5ADF795F-6E83-4B1F-98C7-3EE8BEA80B08}.Release|Any CPU.Build.0 = Release|Any CPU
		{5ADF795F-6E83-4B1F-98C7-3EE8BEA80B08}.Release|x64.ActiveCfg = Release|Any CPU
		{5ADF795F-6E83-4B1F-98C7-3EE8BEA80B08}.Release|x64.Build.0 = Release|Any CPU
		{5ADF795F-6E83-4B1F-98C7-3EE8BEA80B08}.Release|x86.ActiveCfg = Release|Any CPU
		{5ADF795F-6E83-4B1F-98C7-3EE8BEA80B08}.Release|x86.Build.0 = Release|Any CPU
		{2F82610B-8435-41B3-B1E5-A11495B5DACF}.Debug|Any CPU.ActiveCfg = Debug|Any CPU
		{2F82610B-8435-41B3-B1E5-A11495B5DACF}.Debug|Any CPU.Build.0 = Debug|Any CPU
		{2F82610B-8435-41B3-B1E5-A11495B5DACF}.Debug|x64.ActiveCfg = Debug|Any CPU
		{2F82610B-8435-41B3-B1E5-A11495B5DACF}.Debug|x64.Build.0 = Debug|Any CPU
		{2F82610B-8435-41B3-B1E5-A11495B5DACF}.Debug|x86.ActiveCfg = Debug|Any CPU
		{2F82610B-8435-41B3-B1E5-A11495B5DACF}.Debug|x86.Build.0 = Debug|Any CPU
		{2F82610B-8435-41B3-B1E5-A11495B5DACF}.Release|Any CPU.ActiveCfg = Release|Any CPU
		{2F82610B-8435-41B3-B1E5-A11495B5DACF}.Release|Any CPU.Build.0 = Release|Any CPU
		{2F82610B-8435-41B3-B1E5-A11495B5DACF}.Release|x64.ActiveCfg = Release|Any CPU
		{2F82610B-8435-41B3-B1E5-A11495B5DACF}.Release|x64.Build.0 = Release|Any CPU
		{2F82610B-8435-41B3-B1E5-A11495B5DACF}.Release|x86.ActiveCfg = Release|Any CPU
		{2F82610B-8435-41B3-B1E5-A11495B5DACF}.Release|x86.Build.0 = Release|Any CPU
		{A7052876-F682-4041-8B7D-A60EFE96890C}.Debug|Any CPU.ActiveCfg = Debug|Any CPU
		{A7052876-F682-4041-8B7D-A60EFE96890C}.Debug|Any CPU.Build.0 = Debug|Any CPU
		{A7052876-F682-4041-8B7D-A60EFE96890C}.Debug|x64.ActiveCfg = Debug|Any CPU
		{A7052876-F682-4041-8B7D-A60EFE96890C}.Debug|x64.Build.0 = Debug|Any CPU
		{A7052876-F682-4041-8B7D-A60EFE96890C}.Debug|x86.ActiveCfg = Debug|Any CPU
		{A7052876-F682-4041-8B7D-A60EFE96890C}.Debug|x86.Build.0 = Debug|Any CPU
		{A7052876-F682-4041-8B7D-A60EFE96890C}.Release|Any CPU.ActiveCfg = Release|Any CPU
		{A7052876-F682-4041-8B7D-A60EFE96890C}.Release|Any CPU.Build.0 = Release|Any CPU
		{A7052876-F682-4041-8B7D-A60EFE96890C}.Release|x64.ActiveCfg = Release|Any CPU
		{A7052876-F682-4041-8B7D-A60EFE96890C}.Release|x64.Build.0 = Release|Any CPU
		{A7052876-F682-4041-8B7D-A60EFE96890C}.Release|x86.ActiveCfg = Release|Any CPU
		{A7052876-F682-4041-8B7D-A60EFE96890C}.Release|x86.Build.0 = Release|Any CPU
		{58CB7B30-4C01-485A-8890-8E77CFD365A8}.Debug|Any CPU.ActiveCfg = Debug|Any CPU
		{58CB7B30-4C01-485A-8890-8E77CFD365A8}.Debug|Any CPU.Build.0 = Debug|Any CPU
		{58CB7B30-4C01-485A-8890-8E77CFD365A8}.Debug|x64.ActiveCfg = Debug|Any CPU
		{58CB7B30-4C01-485A-8890-8E77CFD365A8}.Debug|x64.Build.0 = Debug|Any CPU
		{58CB7B30-4C01-485A-8890-8E77CFD365A8}.Debug|x86.ActiveCfg = Debug|Any CPU
		{58CB7B30-4C01-485A-8890-8E77CFD365A8}.Debug|x86.Build.0 = Debug|Any CPU
		{58CB7B30-4C01-485A-8890-8E77CFD365A8}.Release|Any CPU.ActiveCfg = Release|Any CPU
		{58CB7B30-4C01-485A-8890-8E77CFD365A8}.Release|Any CPU.Build.0 = Release|Any CPU
		{58CB7B30-4C01-485A-8890-8E77CFD365A8}.Release|x64.ActiveCfg = Release|Any CPU
		{58CB7B30-4C01-485A-8890-8E77CFD365A8}.Release|x64.Build.0 = Release|Any CPU
		{58CB7B30-4C01-485A-8890-8E77CFD365A8}.Release|x86.ActiveCfg = Release|Any CPU
		{58CB7B30-4C01-485A-8890-8E77CFD365A8}.Release|x86.Build.0 = Release|Any CPU
		{5483FB69-238A-4AFC-82BB-EFDCA81EB482}.Debug|Any CPU.ActiveCfg = Debug|Any CPU
		{5483FB69-238A-4AFC-82BB-EFDCA81EB482}.Debug|Any CPU.Build.0 = Debug|Any CPU
		{5483FB69-238A-4AFC-82BB-EFDCA81EB482}.Debug|x64.ActiveCfg = Debug|Any CPU
		{5483FB69-238A-4AFC-82BB-EFDCA81EB482}.Debug|x64.Build.0 = Debug|Any CPU
		{5483FB69-238A-4AFC-82BB-EFDCA81EB482}.Debug|x86.ActiveCfg = Debug|Any CPU
		{5483FB69-238A-4AFC-82BB-EFDCA81EB482}.Debug|x86.Build.0 = Debug|Any CPU
		{5483FB69-238A-4AFC-82BB-EFDCA81EB482}.Release|Any CPU.ActiveCfg = Release|Any CPU
		{5483FB69-238A-4AFC-82BB-EFDCA81EB482}.Release|Any CPU.Build.0 = Release|Any CPU
		{5483FB69-238A-4AFC-82BB-EFDCA81EB482}.Release|x64.ActiveCfg = Release|Any CPU
		{5483FB69-238A-4AFC-82BB-EFDCA81EB482}.Release|x64.Build.0 = Release|Any CPU
		{5483FB69-238A-4AFC-82BB-EFDCA81EB482}.Release|x86.ActiveCfg = Release|Any CPU
		{5483FB69-238A-4AFC-82BB-EFDCA81EB482}.Release|x86.Build.0 = Release|Any CPU
		{82B96837-3403-4880-85FE-34372B6D4EAE}.Debug|Any CPU.ActiveCfg = Debug|Any CPU
		{82B96837-3403-4880-85FE-34372B6D4EAE}.Debug|Any CPU.Build.0 = Debug|Any CPU
		{82B96837-3403-4880-85FE-34372B6D4EAE}.Debug|x64.ActiveCfg = Debug|Any CPU
		{82B96837-3403-4880-85FE-34372B6D4EAE}.Debug|x64.Build.0 = Debug|Any CPU
		{82B96837-3403-4880-85FE-34372B6D4EAE}.Debug|x86.ActiveCfg = Debug|Any CPU
		{82B96837-3403-4880-85FE-34372B6D4EAE}.Debug|x86.Build.0 = Debug|Any CPU
		{82B96837-3403-4880-85FE-34372B6D4EAE}.Release|Any CPU.ActiveCfg = Release|Any CPU
		{82B96837-3403-4880-85FE-34372B6D4EAE}.Release|Any CPU.Build.0 = Release|Any CPU
		{82B96837-3403-4880-85FE-34372B6D4EAE}.Release|x64.ActiveCfg = Release|Any CPU
		{82B96837-3403-4880-85FE-34372B6D4EAE}.Release|x64.Build.0 = Release|Any CPU
		{82B96837-3403-4880-85FE-34372B6D4EAE}.Release|x86.ActiveCfg = Release|Any CPU
		{82B96837-3403-4880-85FE-34372B6D4EAE}.Release|x86.Build.0 = Release|Any CPU
		{2E84173F-5B6D-48DB-9520-AD83A91AB4D6}.Debug|Any CPU.ActiveCfg = Debug|Any CPU
		{2E84173F-5B6D-48DB-9520-AD83A91AB4D6}.Debug|Any CPU.Build.0 = Debug|Any CPU
		{2E84173F-5B6D-48DB-9520-AD83A91AB4D6}.Debug|x64.ActiveCfg = Debug|Any CPU
		{2E84173F-5B6D-48DB-9520-AD83A91AB4D6}.Debug|x64.Build.0 = Debug|Any CPU
		{2E84173F-5B6D-48DB-9520-AD83A91AB4D6}.Debug|x86.ActiveCfg = Debug|Any CPU
		{2E84173F-5B6D-48DB-9520-AD83A91AB4D6}.Debug|x86.Build.0 = Debug|Any CPU
		{2E84173F-5B6D-48DB-9520-AD83A91AB4D6}.Release|Any CPU.ActiveCfg = Release|Any CPU
		{2E84173F-5B6D-48DB-9520-AD83A91AB4D6}.Release|Any CPU.Build.0 = Release|Any CPU
		{2E84173F-5B6D-48DB-9520-AD83A91AB4D6}.Release|x64.ActiveCfg = Release|Any CPU
		{2E84173F-5B6D-48DB-9520-AD83A91AB4D6}.Release|x64.Build.0 = Release|Any CPU
		{2E84173F-5B6D-48DB-9520-AD83A91AB4D6}.Release|x86.ActiveCfg = Release|Any CPU
		{2E84173F-5B6D-48DB-9520-AD83A91AB4D6}.Release|x86.Build.0 = Release|Any CPU
		{86DC24A7-AB9E-4C2E-80DA-B125BF0BADFA}.Debug|Any CPU.ActiveCfg = Debug|Any CPU
		{86DC24A7-AB9E-4C2E-80DA-B125BF0BADFA}.Debug|Any CPU.Build.0 = Debug|Any CPU
		{86DC24A7-AB9E-4C2E-80DA-B125BF0BADFA}.Debug|x64.ActiveCfg = Debug|Any CPU
		{86DC24A7-AB9E-4C2E-80DA-B125BF0BADFA}.Debug|x64.Build.0 = Debug|Any CPU
		{86DC24A7-AB9E-4C2E-80DA-B125BF0BADFA}.Debug|x86.ActiveCfg = Debug|Any CPU
		{86DC24A7-AB9E-4C2E-80DA-B125BF0BADFA}.Debug|x86.Build.0 = Debug|Any CPU
		{86DC24A7-AB9E-4C2E-80DA-B125BF0BADFA}.Release|Any CPU.ActiveCfg = Release|Any CPU
		{86DC24A7-AB9E-4C2E-80DA-B125BF0BADFA}.Release|Any CPU.Build.0 = Release|Any CPU
		{86DC24A7-AB9E-4C2E-80DA-B125BF0BADFA}.Release|x64.ActiveCfg = Release|Any CPU
		{86DC24A7-AB9E-4C2E-80DA-B125BF0BADFA}.Release|x64.Build.0 = Release|Any CPU
		{86DC24A7-AB9E-4C2E-80DA-B125BF0BADFA}.Release|x86.ActiveCfg = Release|Any CPU
		{86DC24A7-AB9E-4C2E-80DA-B125BF0BADFA}.Release|x86.Build.0 = Release|Any CPU
		{430975FA-96D7-40BF-BF9D-458C3EB6367C}.Debug|Any CPU.ActiveCfg = Debug|Any CPU
		{430975FA-96D7-40BF-BF9D-458C3EB6367C}.Debug|Any CPU.Build.0 = Debug|Any CPU
		{430975FA-96D7-40BF-BF9D-458C3EB6367C}.Debug|x64.ActiveCfg = Debug|Any CPU
		{430975FA-96D7-40BF-BF9D-458C3EB6367C}.Debug|x64.Build.0 = Debug|Any CPU
		{430975FA-96D7-40BF-BF9D-458C3EB6367C}.Debug|x86.ActiveCfg = Debug|Any CPU
		{430975FA-96D7-40BF-BF9D-458C3EB6367C}.Debug|x86.Build.0 = Debug|Any CPU
		{430975FA-96D7-40BF-BF9D-458C3EB6367C}.Release|Any CPU.ActiveCfg = Release|Any CPU
		{430975FA-96D7-40BF-BF9D-458C3EB6367C}.Release|Any CPU.Build.0 = Release|Any CPU
		{430975FA-96D7-40BF-BF9D-458C3EB6367C}.Release|x64.ActiveCfg = Release|Any CPU
		{430975FA-96D7-40BF-BF9D-458C3EB6367C}.Release|x64.Build.0 = Release|Any CPU
		{430975FA-96D7-40BF-BF9D-458C3EB6367C}.Release|x86.ActiveCfg = Release|Any CPU
		{430975FA-96D7-40BF-BF9D-458C3EB6367C}.Release|x86.Build.0 = Release|Any CPU
		{398F5DF9-78BD-41FA-BD52-BD85B15AD79B}.Debug|Any CPU.ActiveCfg = Debug|Any CPU
		{398F5DF9-78BD-41FA-BD52-BD85B15AD79B}.Debug|Any CPU.Build.0 = Debug|Any CPU
		{398F5DF9-78BD-41FA-BD52-BD85B15AD79B}.Debug|x64.ActiveCfg = Debug|Any CPU
		{398F5DF9-78BD-41FA-BD52-BD85B15AD79B}.Debug|x64.Build.0 = Debug|Any CPU
		{398F5DF9-78BD-41FA-BD52-BD85B15AD79B}.Debug|x86.ActiveCfg = Debug|Any CPU
		{398F5DF9-78BD-41FA-BD52-BD85B15AD79B}.Debug|x86.Build.0 = Debug|Any CPU
		{398F5DF9-78BD-41FA-BD52-BD85B15AD79B}.Release|Any CPU.ActiveCfg = Release|Any CPU
		{398F5DF9-78BD-41FA-BD52-BD85B15AD79B}.Release|Any CPU.Build.0 = Release|Any CPU
		{398F5DF9-78BD-41FA-BD52-BD85B15AD79B}.Release|x64.ActiveCfg = Release|Any CPU
		{398F5DF9-78BD-41FA-BD52-BD85B15AD79B}.Release|x64.Build.0 = Release|Any CPU
		{398F5DF9-78BD-41FA-BD52-BD85B15AD79B}.Release|x86.ActiveCfg = Release|Any CPU
		{398F5DF9-78BD-41FA-BD52-BD85B15AD79B}.Release|x86.Build.0 = Release|Any CPU
		{C3F520E2-40CD-4AB4-9F45-F0527965E37F}.Debug|Any CPU.ActiveCfg = Debug|Any CPU
		{C3F520E2-40CD-4AB4-9F45-F0527965E37F}.Debug|Any CPU.Build.0 = Debug|Any CPU
		{C3F520E2-40CD-4AB4-9F45-F0527965E37F}.Debug|x64.ActiveCfg = Debug|Any CPU
		{C3F520E2-40CD-4AB4-9F45-F0527965E37F}.Debug|x64.Build.0 = Debug|Any CPU
		{C3F520E2-40CD-4AB4-9F45-F0527965E37F}.Debug|x86.ActiveCfg = Debug|Any CPU
		{C3F520E2-40CD-4AB4-9F45-F0527965E37F}.Debug|x86.Build.0 = Debug|Any CPU
		{C3F520E2-40CD-4AB4-9F45-F0527965E37F}.Release|Any CPU.ActiveCfg = Release|Any CPU
		{C3F520E2-40CD-4AB4-9F45-F0527965E37F}.Release|Any CPU.Build.0 = Release|Any CPU
		{C3F520E2-40CD-4AB4-9F45-F0527965E37F}.Release|x64.ActiveCfg = Release|Any CPU
		{C3F520E2-40CD-4AB4-9F45-F0527965E37F}.Release|x64.Build.0 = Release|Any CPU
		{C3F520E2-40CD-4AB4-9F45-F0527965E37F}.Release|x86.ActiveCfg = Release|Any CPU
		{C3F520E2-40CD-4AB4-9F45-F0527965E37F}.Release|x86.Build.0 = Release|Any CPU
		{3CB8C7FE-C474-480F-9DFF-45E2A19227B4}.Debug|Any CPU.ActiveCfg = Debug|Any CPU
		{3CB8C7FE-C474-480F-9DFF-45E2A19227B4}.Debug|Any CPU.Build.0 = Debug|Any CPU
		{3CB8C7FE-C474-480F-9DFF-45E2A19227B4}.Debug|x64.ActiveCfg = Debug|Any CPU
		{3CB8C7FE-C474-480F-9DFF-45E2A19227B4}.Debug|x64.Build.0 = Debug|Any CPU
		{3CB8C7FE-C474-480F-9DFF-45E2A19227B4}.Debug|x86.ActiveCfg = Debug|Any CPU
		{3CB8C7FE-C474-480F-9DFF-45E2A19227B4}.Debug|x86.Build.0 = Debug|Any CPU
		{3CB8C7FE-C474-480F-9DFF-45E2A19227B4}.Release|Any CPU.ActiveCfg = Release|Any CPU
		{3CB8C7FE-C474-480F-9DFF-45E2A19227B4}.Release|Any CPU.Build.0 = Release|Any CPU
		{3CB8C7FE-C474-480F-9DFF-45E2A19227B4}.Release|x64.ActiveCfg = Release|Any CPU
		{3CB8C7FE-C474-480F-9DFF-45E2A19227B4}.Release|x64.Build.0 = Release|Any CPU
		{3CB8C7FE-C474-480F-9DFF-45E2A19227B4}.Release|x86.ActiveCfg = Release|Any CPU
		{3CB8C7FE-C474-480F-9DFF-45E2A19227B4}.Release|x86.Build.0 = Release|Any CPU
		{EB99F3D9-6E81-4936-8153-B43AFCB9ABBF}.Debug|Any CPU.ActiveCfg = Debug|Any CPU
		{EB99F3D9-6E81-4936-8153-B43AFCB9ABBF}.Debug|Any CPU.Build.0 = Debug|Any CPU
		{EB99F3D9-6E81-4936-8153-B43AFCB9ABBF}.Debug|x64.ActiveCfg = Debug|Any CPU
		{EB99F3D9-6E81-4936-8153-B43AFCB9ABBF}.Debug|x64.Build.0 = Debug|Any CPU
		{EB99F3D9-6E81-4936-8153-B43AFCB9ABBF}.Debug|x86.ActiveCfg = Debug|Any CPU
		{EB99F3D9-6E81-4936-8153-B43AFCB9ABBF}.Debug|x86.Build.0 = Debug|Any CPU
		{EB99F3D9-6E81-4936-8153-B43AFCB9ABBF}.Release|Any CPU.ActiveCfg = Release|Any CPU
		{EB99F3D9-6E81-4936-8153-B43AFCB9ABBF}.Release|Any CPU.Build.0 = Release|Any CPU
		{EB99F3D9-6E81-4936-8153-B43AFCB9ABBF}.Release|x64.ActiveCfg = Release|Any CPU
		{EB99F3D9-6E81-4936-8153-B43AFCB9ABBF}.Release|x64.Build.0 = Release|Any CPU
		{EB99F3D9-6E81-4936-8153-B43AFCB9ABBF}.Release|x86.ActiveCfg = Release|Any CPU
		{EB99F3D9-6E81-4936-8153-B43AFCB9ABBF}.Release|x86.Build.0 = Release|Any CPU
		{ABF7FB26-942A-481D-9F7E-B91E18B00937}.Debug|Any CPU.ActiveCfg = Debug|Any CPU
		{ABF7FB26-942A-481D-9F7E-B91E18B00937}.Debug|Any CPU.Build.0 = Debug|Any CPU
		{ABF7FB26-942A-481D-9F7E-B91E18B00937}.Debug|x64.ActiveCfg = Debug|Any CPU
		{ABF7FB26-942A-481D-9F7E-B91E18B00937}.Debug|x64.Build.0 = Debug|Any CPU
		{ABF7FB26-942A-481D-9F7E-B91E18B00937}.Debug|x86.ActiveCfg = Debug|Any CPU
		{ABF7FB26-942A-481D-9F7E-B91E18B00937}.Debug|x86.Build.0 = Debug|Any CPU
		{ABF7FB26-942A-481D-9F7E-B91E18B00937}.Release|Any CPU.ActiveCfg = Release|Any CPU
		{ABF7FB26-942A-481D-9F7E-B91E18B00937}.Release|Any CPU.Build.0 = Release|Any CPU
		{ABF7FB26-942A-481D-9F7E-B91E18B00937}.Release|x64.ActiveCfg = Release|Any CPU
		{ABF7FB26-942A-481D-9F7E-B91E18B00937}.Release|x64.Build.0 = Release|Any CPU
		{ABF7FB26-942A-481D-9F7E-B91E18B00937}.Release|x86.ActiveCfg = Release|Any CPU
		{ABF7FB26-942A-481D-9F7E-B91E18B00937}.Release|x86.Build.0 = Release|Any CPU
		{C55F27BD-10E9-4405-84C0-A03CC833D638}.Debug|Any CPU.ActiveCfg = Debug|Any CPU
		{C55F27BD-10E9-4405-84C0-A03CC833D638}.Debug|Any CPU.Build.0 = Debug|Any CPU
		{C55F27BD-10E9-4405-84C0-A03CC833D638}.Debug|x64.ActiveCfg = Debug|Any CPU
		{C55F27BD-10E9-4405-84C0-A03CC833D638}.Debug|x64.Build.0 = Debug|Any CPU
		{C55F27BD-10E9-4405-84C0-A03CC833D638}.Debug|x86.ActiveCfg = Debug|Any CPU
		{C55F27BD-10E9-4405-84C0-A03CC833D638}.Debug|x86.Build.0 = Debug|Any CPU
		{C55F27BD-10E9-4405-84C0-A03CC833D638}.Release|Any CPU.ActiveCfg = Release|Any CPU
		{C55F27BD-10E9-4405-84C0-A03CC833D638}.Release|Any CPU.Build.0 = Release|Any CPU
		{C55F27BD-10E9-4405-84C0-A03CC833D638}.Release|x64.ActiveCfg = Release|Any CPU
		{C55F27BD-10E9-4405-84C0-A03CC833D638}.Release|x64.Build.0 = Release|Any CPU
		{C55F27BD-10E9-4405-84C0-A03CC833D638}.Release|x86.ActiveCfg = Release|Any CPU
		{C55F27BD-10E9-4405-84C0-A03CC833D638}.Release|x86.Build.0 = Release|Any CPU
		{F3BFB5A8-BAC3-487E-A9AF-C12A4AAB3E71}.Debug|Any CPU.ActiveCfg = Debug|Any CPU
		{F3BFB5A8-BAC3-487E-A9AF-C12A4AAB3E71}.Debug|Any CPU.Build.0 = Debug|Any CPU
		{F3BFB5A8-BAC3-487E-A9AF-C12A4AAB3E71}.Debug|x64.ActiveCfg = Debug|Any CPU
		{F3BFB5A8-BAC3-487E-A9AF-C12A4AAB3E71}.Debug|x64.Build.0 = Debug|Any CPU
		{F3BFB5A8-BAC3-487E-A9AF-C12A4AAB3E71}.Debug|x86.ActiveCfg = Debug|Any CPU
		{F3BFB5A8-BAC3-487E-A9AF-C12A4AAB3E71}.Debug|x86.Build.0 = Debug|Any CPU
		{F3BFB5A8-BAC3-487E-A9AF-C12A4AAB3E71}.Release|Any CPU.ActiveCfg = Release|Any CPU
		{F3BFB5A8-BAC3-487E-A9AF-C12A4AAB3E71}.Release|Any CPU.Build.0 = Release|Any CPU
		{F3BFB5A8-BAC3-487E-A9AF-C12A4AAB3E71}.Release|x64.ActiveCfg = Release|Any CPU
		{F3BFB5A8-BAC3-487E-A9AF-C12A4AAB3E71}.Release|x64.Build.0 = Release|Any CPU
		{F3BFB5A8-BAC3-487E-A9AF-C12A4AAB3E71}.Release|x86.ActiveCfg = Release|Any CPU
		{F3BFB5A8-BAC3-487E-A9AF-C12A4AAB3E71}.Release|x86.Build.0 = Release|Any CPU
		{986EB952-063C-4E4F-8FC6-8201D95E1F47}.Debug|Any CPU.ActiveCfg = Debug|Any CPU
		{986EB952-063C-4E4F-8FC6-8201D95E1F47}.Debug|Any CPU.Build.0 = Debug|Any CPU
		{986EB952-063C-4E4F-8FC6-8201D95E1F47}.Debug|x64.ActiveCfg = Debug|Any CPU
		{986EB952-063C-4E4F-8FC6-8201D95E1F47}.Debug|x64.Build.0 = Debug|Any CPU
		{986EB952-063C-4E4F-8FC6-8201D95E1F47}.Debug|x86.ActiveCfg = Debug|Any CPU
		{986EB952-063C-4E4F-8FC6-8201D95E1F47}.Debug|x86.Build.0 = Debug|Any CPU
		{986EB952-063C-4E4F-8FC6-8201D95E1F47}.Release|Any CPU.ActiveCfg = Release|Any CPU
		{986EB952-063C-4E4F-8FC6-8201D95E1F47}.Release|Any CPU.Build.0 = Release|Any CPU
		{986EB952-063C-4E4F-8FC6-8201D95E1F47}.Release|x64.ActiveCfg = Release|Any CPU
		{986EB952-063C-4E4F-8FC6-8201D95E1F47}.Release|x64.Build.0 = Release|Any CPU
		{986EB952-063C-4E4F-8FC6-8201D95E1F47}.Release|x86.ActiveCfg = Release|Any CPU
		{986EB952-063C-4E4F-8FC6-8201D95E1F47}.Release|x86.Build.0 = Release|Any CPU
		{475AC545-789E-4DBD-BED4-6360E567AA7D}.Debug|Any CPU.ActiveCfg = Debug|Any CPU
		{475AC545-789E-4DBD-BED4-6360E567AA7D}.Debug|Any CPU.Build.0 = Debug|Any CPU
		{475AC545-789E-4DBD-BED4-6360E567AA7D}.Debug|x64.ActiveCfg = Debug|Any CPU
		{475AC545-789E-4DBD-BED4-6360E567AA7D}.Debug|x64.Build.0 = Debug|Any CPU
		{475AC545-789E-4DBD-BED4-6360E567AA7D}.Debug|x86.ActiveCfg = Debug|Any CPU
		{475AC545-789E-4DBD-BED4-6360E567AA7D}.Debug|x86.Build.0 = Debug|Any CPU
		{475AC545-789E-4DBD-BED4-6360E567AA7D}.Release|Any CPU.ActiveCfg = Release|Any CPU
		{475AC545-789E-4DBD-BED4-6360E567AA7D}.Release|Any CPU.Build.0 = Release|Any CPU
		{475AC545-789E-4DBD-BED4-6360E567AA7D}.Release|x64.ActiveCfg = Release|Any CPU
		{475AC545-789E-4DBD-BED4-6360E567AA7D}.Release|x64.Build.0 = Release|Any CPU
		{475AC545-789E-4DBD-BED4-6360E567AA7D}.Release|x86.ActiveCfg = Release|Any CPU
		{475AC545-789E-4DBD-BED4-6360E567AA7D}.Release|x86.Build.0 = Release|Any CPU
		{FE6050A9-39F3-48D8-9807-58F3B93CF886}.Debug|Any CPU.ActiveCfg = Debug|Any CPU
		{FE6050A9-39F3-48D8-9807-58F3B93CF886}.Debug|Any CPU.Build.0 = Debug|Any CPU
		{FE6050A9-39F3-48D8-9807-58F3B93CF886}.Debug|x64.ActiveCfg = Debug|Any CPU
		{FE6050A9-39F3-48D8-9807-58F3B93CF886}.Debug|x64.Build.0 = Debug|Any CPU
		{FE6050A9-39F3-48D8-9807-58F3B93CF886}.Debug|x86.ActiveCfg = Debug|Any CPU
		{FE6050A9-39F3-48D8-9807-58F3B93CF886}.Debug|x86.Build.0 = Debug|Any CPU
		{FE6050A9-39F3-48D8-9807-58F3B93CF886}.Release|Any CPU.ActiveCfg = Release|Any CPU
		{FE6050A9-39F3-48D8-9807-58F3B93CF886}.Release|Any CPU.Build.0 = Release|Any CPU
		{FE6050A9-39F3-48D8-9807-58F3B93CF886}.Release|x64.ActiveCfg = Release|Any CPU
		{FE6050A9-39F3-48D8-9807-58F3B93CF886}.Release|x64.Build.0 = Release|Any CPU
		{FE6050A9-39F3-48D8-9807-58F3B93CF886}.Release|x86.ActiveCfg = Release|Any CPU
		{FE6050A9-39F3-48D8-9807-58F3B93CF886}.Release|x86.Build.0 = Release|Any CPU
		{465DEA51-DAE0-4D37-AE8A-D968AE873004}.Debug|Any CPU.ActiveCfg = Debug|Any CPU
		{465DEA51-DAE0-4D37-AE8A-D968AE873004}.Debug|Any CPU.Build.0 = Debug|Any CPU
		{465DEA51-DAE0-4D37-AE8A-D968AE873004}.Debug|x64.ActiveCfg = Debug|Any CPU
		{465DEA51-DAE0-4D37-AE8A-D968AE873004}.Debug|x64.Build.0 = Debug|Any CPU
		{465DEA51-DAE0-4D37-AE8A-D968AE873004}.Debug|x86.ActiveCfg = Debug|Any CPU
		{465DEA51-DAE0-4D37-AE8A-D968AE873004}.Debug|x86.Build.0 = Debug|Any CPU
		{465DEA51-DAE0-4D37-AE8A-D968AE873004}.Release|Any CPU.ActiveCfg = Release|Any CPU
		{465DEA51-DAE0-4D37-AE8A-D968AE873004}.Release|Any CPU.Build.0 = Release|Any CPU
		{465DEA51-DAE0-4D37-AE8A-D968AE873004}.Release|x64.ActiveCfg = Release|Any CPU
		{465DEA51-DAE0-4D37-AE8A-D968AE873004}.Release|x64.Build.0 = Release|Any CPU
		{465DEA51-DAE0-4D37-AE8A-D968AE873004}.Release|x86.ActiveCfg = Release|Any CPU
		{465DEA51-DAE0-4D37-AE8A-D968AE873004}.Release|x86.Build.0 = Release|Any CPU
		{144CED44-E4B7-476E-9119-3CCBAE28E2CB}.Debug|Any CPU.ActiveCfg = Debug|Any CPU
		{144CED44-E4B7-476E-9119-3CCBAE28E2CB}.Debug|Any CPU.Build.0 = Debug|Any CPU
		{144CED44-E4B7-476E-9119-3CCBAE28E2CB}.Debug|x64.ActiveCfg = Debug|Any CPU
		{144CED44-E4B7-476E-9119-3CCBAE28E2CB}.Debug|x64.Build.0 = Debug|Any CPU
		{144CED44-E4B7-476E-9119-3CCBAE28E2CB}.Debug|x86.ActiveCfg = Debug|Any CPU
		{144CED44-E4B7-476E-9119-3CCBAE28E2CB}.Debug|x86.Build.0 = Debug|Any CPU
		{144CED44-E4B7-476E-9119-3CCBAE28E2CB}.Release|Any CPU.ActiveCfg = Release|Any CPU
		{144CED44-E4B7-476E-9119-3CCBAE28E2CB}.Release|Any CPU.Build.0 = Release|Any CPU
		{144CED44-E4B7-476E-9119-3CCBAE28E2CB}.Release|x64.ActiveCfg = Release|Any CPU
		{144CED44-E4B7-476E-9119-3CCBAE28E2CB}.Release|x64.Build.0 = Release|Any CPU
		{144CED44-E4B7-476E-9119-3CCBAE28E2CB}.Release|x86.ActiveCfg = Release|Any CPU
		{144CED44-E4B7-476E-9119-3CCBAE28E2CB}.Release|x86.Build.0 = Release|Any CPU
		{9454A1FD-9E0F-4758-B88A-A5C30802442A}.Debug|Any CPU.ActiveCfg = Debug|Any CPU
		{9454A1FD-9E0F-4758-B88A-A5C30802442A}.Debug|Any CPU.Build.0 = Debug|Any CPU
		{9454A1FD-9E0F-4758-B88A-A5C30802442A}.Debug|x64.ActiveCfg = Debug|Any CPU
		{9454A1FD-9E0F-4758-B88A-A5C30802442A}.Debug|x64.Build.0 = Debug|Any CPU
		{9454A1FD-9E0F-4758-B88A-A5C30802442A}.Debug|x86.ActiveCfg = Debug|Any CPU
		{9454A1FD-9E0F-4758-B88A-A5C30802442A}.Debug|x86.Build.0 = Debug|Any CPU
		{9454A1FD-9E0F-4758-B88A-A5C30802442A}.Release|Any CPU.ActiveCfg = Release|Any CPU
		{9454A1FD-9E0F-4758-B88A-A5C30802442A}.Release|Any CPU.Build.0 = Release|Any CPU
		{9454A1FD-9E0F-4758-B88A-A5C30802442A}.Release|x64.ActiveCfg = Release|Any CPU
		{9454A1FD-9E0F-4758-B88A-A5C30802442A}.Release|x64.Build.0 = Release|Any CPU
		{9454A1FD-9E0F-4758-B88A-A5C30802442A}.Release|x86.ActiveCfg = Release|Any CPU
		{9454A1FD-9E0F-4758-B88A-A5C30802442A}.Release|x86.Build.0 = Release|Any CPU
		{0BD19C50-D54F-43E2-9D28-8441C4F2132D}.Debug|Any CPU.ActiveCfg = Debug|Any CPU
		{0BD19C50-D54F-43E2-9D28-8441C4F2132D}.Debug|Any CPU.Build.0 = Debug|Any CPU
		{0BD19C50-D54F-43E2-9D28-8441C4F2132D}.Debug|x64.ActiveCfg = Debug|Any CPU
		{0BD19C50-D54F-43E2-9D28-8441C4F2132D}.Debug|x64.Build.0 = Debug|Any CPU
		{0BD19C50-D54F-43E2-9D28-8441C4F2132D}.Debug|x86.ActiveCfg = Debug|Any CPU
		{0BD19C50-D54F-43E2-9D28-8441C4F2132D}.Debug|x86.Build.0 = Debug|Any CPU
		{0BD19C50-D54F-43E2-9D28-8441C4F2132D}.Release|Any CPU.ActiveCfg = Release|Any CPU
		{0BD19C50-D54F-43E2-9D28-8441C4F2132D}.Release|Any CPU.Build.0 = Release|Any CPU
		{0BD19C50-D54F-43E2-9D28-8441C4F2132D}.Release|x64.ActiveCfg = Release|Any CPU
		{0BD19C50-D54F-43E2-9D28-8441C4F2132D}.Release|x64.Build.0 = Release|Any CPU
		{0BD19C50-D54F-43E2-9D28-8441C4F2132D}.Release|x86.ActiveCfg = Release|Any CPU
		{0BD19C50-D54F-43E2-9D28-8441C4F2132D}.Release|x86.Build.0 = Release|Any CPU
		{2E96BA72-0162-4C99-9DE1-6ECB85A498E6}.Debug|Any CPU.ActiveCfg = Debug|Any CPU
		{2E96BA72-0162-4C99-9DE1-6ECB85A498E6}.Debug|Any CPU.Build.0 = Debug|Any CPU
		{2E96BA72-0162-4C99-9DE1-6ECB85A498E6}.Debug|x64.ActiveCfg = Debug|Any CPU
		{2E96BA72-0162-4C99-9DE1-6ECB85A498E6}.Debug|x64.Build.0 = Debug|Any CPU
		{2E96BA72-0162-4C99-9DE1-6ECB85A498E6}.Debug|x86.ActiveCfg = Debug|Any CPU
		{2E96BA72-0162-4C99-9DE1-6ECB85A498E6}.Debug|x86.Build.0 = Debug|Any CPU
		{2E96BA72-0162-4C99-9DE1-6ECB85A498E6}.Release|Any CPU.ActiveCfg = Release|Any CPU
		{2E96BA72-0162-4C99-9DE1-6ECB85A498E6}.Release|Any CPU.Build.0 = Release|Any CPU
		{2E96BA72-0162-4C99-9DE1-6ECB85A498E6}.Release|x64.ActiveCfg = Release|Any CPU
		{2E96BA72-0162-4C99-9DE1-6ECB85A498E6}.Release|x64.Build.0 = Release|Any CPU
		{2E96BA72-0162-4C99-9DE1-6ECB85A498E6}.Release|x86.ActiveCfg = Release|Any CPU
		{2E96BA72-0162-4C99-9DE1-6ECB85A498E6}.Release|x86.Build.0 = Release|Any CPU
		{DCC70A3A-D05C-4E75-914D-A25A82AAADB1}.Debug|Any CPU.ActiveCfg = Debug|Any CPU
		{DCC70A3A-D05C-4E75-914D-A25A82AAADB1}.Debug|Any CPU.Build.0 = Debug|Any CPU
		{DCC70A3A-D05C-4E75-914D-A25A82AAADB1}.Debug|x64.ActiveCfg = Debug|Any CPU
		{DCC70A3A-D05C-4E75-914D-A25A82AAADB1}.Debug|x64.Build.0 = Debug|Any CPU
		{DCC70A3A-D05C-4E75-914D-A25A82AAADB1}.Debug|x86.ActiveCfg = Debug|Any CPU
		{DCC70A3A-D05C-4E75-914D-A25A82AAADB1}.Debug|x86.Build.0 = Debug|Any CPU
		{DCC70A3A-D05C-4E75-914D-A25A82AAADB1}.Release|Any CPU.ActiveCfg = Release|Any CPU
		{DCC70A3A-D05C-4E75-914D-A25A82AAADB1}.Release|Any CPU.Build.0 = Release|Any CPU
		{DCC70A3A-D05C-4E75-914D-A25A82AAADB1}.Release|x64.ActiveCfg = Release|Any CPU
		{DCC70A3A-D05C-4E75-914D-A25A82AAADB1}.Release|x64.Build.0 = Release|Any CPU
		{DCC70A3A-D05C-4E75-914D-A25A82AAADB1}.Release|x86.ActiveCfg = Release|Any CPU
		{DCC70A3A-D05C-4E75-914D-A25A82AAADB1}.Release|x86.Build.0 = Release|Any CPU
		{11A63ABA-75EB-4DB7-BDF2-BAB947A09BA2}.Debug|Any CPU.ActiveCfg = Debug|Any CPU
		{11A63ABA-75EB-4DB7-BDF2-BAB947A09BA2}.Debug|Any CPU.Build.0 = Debug|Any CPU
		{11A63ABA-75EB-4DB7-BDF2-BAB947A09BA2}.Debug|x64.ActiveCfg = Debug|Any CPU
		{11A63ABA-75EB-4DB7-BDF2-BAB947A09BA2}.Debug|x64.Build.0 = Debug|Any CPU
		{11A63ABA-75EB-4DB7-BDF2-BAB947A09BA2}.Debug|x86.ActiveCfg = Debug|Any CPU
		{11A63ABA-75EB-4DB7-BDF2-BAB947A09BA2}.Debug|x86.Build.0 = Debug|Any CPU
		{11A63ABA-75EB-4DB7-BDF2-BAB947A09BA2}.Release|Any CPU.ActiveCfg = Release|Any CPU
		{11A63ABA-75EB-4DB7-BDF2-BAB947A09BA2}.Release|Any CPU.Build.0 = Release|Any CPU
		{11A63ABA-75EB-4DB7-BDF2-BAB947A09BA2}.Release|x64.ActiveCfg = Release|Any CPU
		{11A63ABA-75EB-4DB7-BDF2-BAB947A09BA2}.Release|x64.Build.0 = Release|Any CPU
		{11A63ABA-75EB-4DB7-BDF2-BAB947A09BA2}.Release|x86.ActiveCfg = Release|Any CPU
		{11A63ABA-75EB-4DB7-BDF2-BAB947A09BA2}.Release|x86.Build.0 = Release|Any CPU
		{90988473-0E58-44E9-A7F0-3C5848C77623}.Debug|Any CPU.ActiveCfg = Debug|Any CPU
		{90988473-0E58-44E9-A7F0-3C5848C77623}.Debug|Any CPU.Build.0 = Debug|Any CPU
		{90988473-0E58-44E9-A7F0-3C5848C77623}.Debug|x64.ActiveCfg = Debug|Any CPU
		{90988473-0E58-44E9-A7F0-3C5848C77623}.Debug|x64.Build.0 = Debug|Any CPU
		{90988473-0E58-44E9-A7F0-3C5848C77623}.Debug|x86.ActiveCfg = Debug|Any CPU
		{90988473-0E58-44E9-A7F0-3C5848C77623}.Debug|x86.Build.0 = Debug|Any CPU
		{90988473-0E58-44E9-A7F0-3C5848C77623}.Release|Any CPU.ActiveCfg = Release|Any CPU
		{90988473-0E58-44E9-A7F0-3C5848C77623}.Release|Any CPU.Build.0 = Release|Any CPU
		{90988473-0E58-44E9-A7F0-3C5848C77623}.Release|x64.ActiveCfg = Release|Any CPU
		{90988473-0E58-44E9-A7F0-3C5848C77623}.Release|x64.Build.0 = Release|Any CPU
		{90988473-0E58-44E9-A7F0-3C5848C77623}.Release|x86.ActiveCfg = Release|Any CPU
		{90988473-0E58-44E9-A7F0-3C5848C77623}.Release|x86.Build.0 = Release|Any CPU
		{B7FB0023-6363-49EB-BDE5-86310A7522BF}.Debug|Any CPU.ActiveCfg = Debug|Any CPU
		{B7FB0023-6363-49EB-BDE5-86310A7522BF}.Debug|Any CPU.Build.0 = Debug|Any CPU
		{B7FB0023-6363-49EB-BDE5-86310A7522BF}.Debug|x64.ActiveCfg = Debug|Any CPU
		{B7FB0023-6363-49EB-BDE5-86310A7522BF}.Debug|x64.Build.0 = Debug|Any CPU
		{B7FB0023-6363-49EB-BDE5-86310A7522BF}.Debug|x86.ActiveCfg = Debug|Any CPU
		{B7FB0023-6363-49EB-BDE5-86310A7522BF}.Debug|x86.Build.0 = Debug|Any CPU
		{B7FB0023-6363-49EB-BDE5-86310A7522BF}.Release|Any CPU.ActiveCfg = Release|Any CPU
		{B7FB0023-6363-49EB-BDE5-86310A7522BF}.Release|Any CPU.Build.0 = Release|Any CPU
		{B7FB0023-6363-49EB-BDE5-86310A7522BF}.Release|x64.ActiveCfg = Release|Any CPU
		{B7FB0023-6363-49EB-BDE5-86310A7522BF}.Release|x64.Build.0 = Release|Any CPU
		{B7FB0023-6363-49EB-BDE5-86310A7522BF}.Release|x86.ActiveCfg = Release|Any CPU
		{B7FB0023-6363-49EB-BDE5-86310A7522BF}.Release|x86.Build.0 = Release|Any CPU
		{558CE5A1-8E1C-49DD-A34D-8921A27D3761}.Debug|Any CPU.ActiveCfg = Debug|Any CPU
		{558CE5A1-8E1C-49DD-A34D-8921A27D3761}.Debug|Any CPU.Build.0 = Debug|Any CPU
		{558CE5A1-8E1C-49DD-A34D-8921A27D3761}.Debug|x64.ActiveCfg = Debug|Any CPU
		{558CE5A1-8E1C-49DD-A34D-8921A27D3761}.Debug|x64.Build.0 = Debug|Any CPU
		{558CE5A1-8E1C-49DD-A34D-8921A27D3761}.Debug|x86.ActiveCfg = Debug|Any CPU
		{558CE5A1-8E1C-49DD-A34D-8921A27D3761}.Debug|x86.Build.0 = Debug|Any CPU
		{558CE5A1-8E1C-49DD-A34D-8921A27D3761}.Release|Any CPU.ActiveCfg = Release|Any CPU
		{558CE5A1-8E1C-49DD-A34D-8921A27D3761}.Release|Any CPU.Build.0 = Release|Any CPU
		{558CE5A1-8E1C-49DD-A34D-8921A27D3761}.Release|x64.ActiveCfg = Release|Any CPU
		{558CE5A1-8E1C-49DD-A34D-8921A27D3761}.Release|x64.Build.0 = Release|Any CPU
		{558CE5A1-8E1C-49DD-A34D-8921A27D3761}.Release|x86.ActiveCfg = Release|Any CPU
		{558CE5A1-8E1C-49DD-A34D-8921A27D3761}.Release|x86.Build.0 = Release|Any CPU
		{FE3B6458-299C-49DE-88EB-4A63F23F4028}.Debug|Any CPU.ActiveCfg = Debug|Any CPU
		{FE3B6458-299C-49DE-88EB-4A63F23F4028}.Debug|Any CPU.Build.0 = Debug|Any CPU
		{FE3B6458-299C-49DE-88EB-4A63F23F4028}.Debug|x64.ActiveCfg = Debug|Any CPU
		{FE3B6458-299C-49DE-88EB-4A63F23F4028}.Debug|x64.Build.0 = Debug|Any CPU
		{FE3B6458-299C-49DE-88EB-4A63F23F4028}.Debug|x86.ActiveCfg = Debug|Any CPU
		{FE3B6458-299C-49DE-88EB-4A63F23F4028}.Debug|x86.Build.0 = Debug|Any CPU
		{FE3B6458-299C-49DE-88EB-4A63F23F4028}.Release|Any CPU.ActiveCfg = Release|Any CPU
		{FE3B6458-299C-49DE-88EB-4A63F23F4028}.Release|Any CPU.Build.0 = Release|Any CPU
		{FE3B6458-299C-49DE-88EB-4A63F23F4028}.Release|x64.ActiveCfg = Release|Any CPU
		{FE3B6458-299C-49DE-88EB-4A63F23F4028}.Release|x64.Build.0 = Release|Any CPU
		{FE3B6458-299C-49DE-88EB-4A63F23F4028}.Release|x86.ActiveCfg = Release|Any CPU
		{FE3B6458-299C-49DE-88EB-4A63F23F4028}.Release|x86.Build.0 = Release|Any CPU
		{71C4DA53-4545-47CF-8B8D-C6A2E4122136}.Debug|Any CPU.ActiveCfg = Debug|Any CPU
		{71C4DA53-4545-47CF-8B8D-C6A2E4122136}.Debug|Any CPU.Build.0 = Debug|Any CPU
		{71C4DA53-4545-47CF-8B8D-C6A2E4122136}.Debug|x64.ActiveCfg = Debug|Any CPU
		{71C4DA53-4545-47CF-8B8D-C6A2E4122136}.Debug|x64.Build.0 = Debug|Any CPU
		{71C4DA53-4545-47CF-8B8D-C6A2E4122136}.Debug|x86.ActiveCfg = Debug|Any CPU
		{71C4DA53-4545-47CF-8B8D-C6A2E4122136}.Debug|x86.Build.0 = Debug|Any CPU
		{71C4DA53-4545-47CF-8B8D-C6A2E4122136}.Release|Any CPU.ActiveCfg = Release|Any CPU
		{71C4DA53-4545-47CF-8B8D-C6A2E4122136}.Release|Any CPU.Build.0 = Release|Any CPU
		{71C4DA53-4545-47CF-8B8D-C6A2E4122136}.Release|x64.ActiveCfg = Release|Any CPU
		{71C4DA53-4545-47CF-8B8D-C6A2E4122136}.Release|x64.Build.0 = Release|Any CPU
		{71C4DA53-4545-47CF-8B8D-C6A2E4122136}.Release|x86.ActiveCfg = Release|Any CPU
		{71C4DA53-4545-47CF-8B8D-C6A2E4122136}.Release|x86.Build.0 = Release|Any CPU
		{AF30DB2B-9470-4725-8323-D1F20D565A61}.Debug|Any CPU.ActiveCfg = Debug|Any CPU
		{AF30DB2B-9470-4725-8323-D1F20D565A61}.Debug|Any CPU.Build.0 = Debug|Any CPU
		{AF30DB2B-9470-4725-8323-D1F20D565A61}.Debug|x64.ActiveCfg = Debug|Any CPU
		{AF30DB2B-9470-4725-8323-D1F20D565A61}.Debug|x64.Build.0 = Debug|Any CPU
		{AF30DB2B-9470-4725-8323-D1F20D565A61}.Debug|x86.ActiveCfg = Debug|Any CPU
		{AF30DB2B-9470-4725-8323-D1F20D565A61}.Debug|x86.Build.0 = Debug|Any CPU
		{AF30DB2B-9470-4725-8323-D1F20D565A61}.Release|Any CPU.ActiveCfg = Release|Any CPU
		{AF30DB2B-9470-4725-8323-D1F20D565A61}.Release|Any CPU.Build.0 = Release|Any CPU
		{AF30DB2B-9470-4725-8323-D1F20D565A61}.Release|x64.ActiveCfg = Release|Any CPU
		{AF30DB2B-9470-4725-8323-D1F20D565A61}.Release|x64.Build.0 = Release|Any CPU
		{AF30DB2B-9470-4725-8323-D1F20D565A61}.Release|x86.ActiveCfg = Release|Any CPU
		{AF30DB2B-9470-4725-8323-D1F20D565A61}.Release|x86.Build.0 = Release|Any CPU
		{A4937BE9-8985-495B-9CC6-86E2F99D51CD}.Debug|Any CPU.ActiveCfg = Debug|Any CPU
		{A4937BE9-8985-495B-9CC6-86E2F99D51CD}.Debug|Any CPU.Build.0 = Debug|Any CPU
		{A4937BE9-8985-495B-9CC6-86E2F99D51CD}.Debug|x64.ActiveCfg = Debug|Any CPU
		{A4937BE9-8985-495B-9CC6-86E2F99D51CD}.Debug|x64.Build.0 = Debug|Any CPU
		{A4937BE9-8985-495B-9CC6-86E2F99D51CD}.Debug|x86.ActiveCfg = Debug|Any CPU
		{A4937BE9-8985-495B-9CC6-86E2F99D51CD}.Debug|x86.Build.0 = Debug|Any CPU
		{A4937BE9-8985-495B-9CC6-86E2F99D51CD}.Release|Any CPU.ActiveCfg = Release|Any CPU
		{A4937BE9-8985-495B-9CC6-86E2F99D51CD}.Release|Any CPU.Build.0 = Release|Any CPU
		{A4937BE9-8985-495B-9CC6-86E2F99D51CD}.Release|x64.ActiveCfg = Release|Any CPU
		{A4937BE9-8985-495B-9CC6-86E2F99D51CD}.Release|x64.Build.0 = Release|Any CPU
		{A4937BE9-8985-495B-9CC6-86E2F99D51CD}.Release|x86.ActiveCfg = Release|Any CPU
		{A4937BE9-8985-495B-9CC6-86E2F99D51CD}.Release|x86.Build.0 = Release|Any CPU
		{3E5F0253-C60F-4168-AFEE-F46747A3678D}.Debug|Any CPU.ActiveCfg = Debug|Any CPU
		{3E5F0253-C60F-4168-AFEE-F46747A3678D}.Debug|Any CPU.Build.0 = Debug|Any CPU
		{3E5F0253-C60F-4168-AFEE-F46747A3678D}.Debug|x64.ActiveCfg = Debug|Any CPU
		{3E5F0253-C60F-4168-AFEE-F46747A3678D}.Debug|x64.Build.0 = Debug|Any CPU
		{3E5F0253-C60F-4168-AFEE-F46747A3678D}.Debug|x86.ActiveCfg = Debug|Any CPU
		{3E5F0253-C60F-4168-AFEE-F46747A3678D}.Debug|x86.Build.0 = Debug|Any CPU
		{3E5F0253-C60F-4168-AFEE-F46747A3678D}.Release|Any CPU.ActiveCfg = Release|Any CPU
		{3E5F0253-C60F-4168-AFEE-F46747A3678D}.Release|Any CPU.Build.0 = Release|Any CPU
		{3E5F0253-C60F-4168-AFEE-F46747A3678D}.Release|x64.ActiveCfg = Release|Any CPU
		{3E5F0253-C60F-4168-AFEE-F46747A3678D}.Release|x64.Build.0 = Release|Any CPU
		{3E5F0253-C60F-4168-AFEE-F46747A3678D}.Release|x86.ActiveCfg = Release|Any CPU
		{3E5F0253-C60F-4168-AFEE-F46747A3678D}.Release|x86.Build.0 = Release|Any CPU
	EndGlobalSection
EndGlobal
